// !$*UTF8*$!
{
	archiveVersion = 1;
	classes = {
	};
	objectVersion = 46;
	objects = {

/* Begin PBXBuildFile section */
		26E682841BA8B42100EFF4EA /* Valet.h in Headers */ = {isa = PBXBuildFile; fileRef = EA1E1F861A8C46080067C991 /* Valet.h */; settings = {ATTRIBUTES = (Public, ); }; };
		26F06A531BA8B53100E039CD /* VALSynchronizableValet.h in Headers */ = {isa = PBXBuildFile; fileRef = EAEEAC1B1AB7B84000EDB6E3 /* VALSynchronizableValet.h */; settings = {ATTRIBUTES = (Public, ); }; };
		26F06A541BA8B53C00E039CD /* VALSecureEnclaveValet.h in Headers */ = {isa = PBXBuildFile; fileRef = EAEEAC1E1AB7B84E00EDB6E3 /* VALSecureEnclaveValet.h */; settings = {ATTRIBUTES = (Public, ); }; };
		26F06A551BA8B53F00E039CD /* VALValet.h in Headers */ = {isa = PBXBuildFile; fileRef = EAEEAC181AB7B83300EDB6E3 /* VALValet.h */; settings = {ATTRIBUTES = (Public, ); }; };
		26F06A561BA8B54400E039CD /* VALValet_Protected.h in Headers */ = {isa = PBXBuildFile; fileRef = EAEEAC231AB7BA0C00EDB6E3 /* VALValet_Protected.h */; };
		26F06A571BA8B54E00E039CD /* Valet.h in Headers */ = {isa = PBXBuildFile; fileRef = EA1E1F861A8C46080067C991 /* Valet.h */; settings = {ATTRIBUTES = (Public, ); }; };
		26F06A581BA8B55000E039CD /* VALValet.h in Headers */ = {isa = PBXBuildFile; fileRef = EAEEAC181AB7B83300EDB6E3 /* VALValet.h */; settings = {ATTRIBUTES = (Public, ); }; };
		26F06A591BA8B55100E039CD /* VALValet_Protected.h in Headers */ = {isa = PBXBuildFile; fileRef = EAEEAC231AB7BA0C00EDB6E3 /* VALValet_Protected.h */; };
		26F06A5A1BA8B55300E039CD /* VALSecureEnclaveValet.h in Headers */ = {isa = PBXBuildFile; fileRef = EAEEAC1E1AB7B84E00EDB6E3 /* VALSecureEnclaveValet.h */; settings = {ATTRIBUTES = (Public, ); }; };
		26F06A5B1BA8B55500E039CD /* VALSynchronizableValet.h in Headers */ = {isa = PBXBuildFile; fileRef = EAEEAC1B1AB7B84000EDB6E3 /* VALSynchronizableValet.h */; settings = {ATTRIBUTES = (Public, ); }; };
		26F06A5C1BA8B55D00E039CD /* ValetDefines.h in Headers */ = {isa = PBXBuildFile; fileRef = EAEEAC251AB7BA9800EDB6E3 /* ValetDefines.h */; };
		26F06A5D1BA8B56000E039CD /* ValetDefines.h in Headers */ = {isa = PBXBuildFile; fileRef = EAEEAC251AB7BA9800EDB6E3 /* ValetDefines.h */; };
		26F06A8D1BA8BC8F00E039CD /* VALValet.m in Sources */ = {isa = PBXBuildFile; fileRef = EAEEAC191AB7B83300EDB6E3 /* VALValet.m */; };
		26F06A8E1BA8BC9000E039CD /* VALSecureEnclaveValet.m in Sources */ = {isa = PBXBuildFile; fileRef = EAEEAC1F1AB7B84E00EDB6E3 /* VALSecureEnclaveValet.m */; };
		26F06A8F1BA8BC9200E039CD /* VALSynchronizableValet.m in Sources */ = {isa = PBXBuildFile; fileRef = EAEEAC1C1AB7B84000EDB6E3 /* VALSynchronizableValet.m */; };
		26F06A901BA8BC9400E039CD /* VALSynchronizableValet.m in Sources */ = {isa = PBXBuildFile; fileRef = EAEEAC1C1AB7B84000EDB6E3 /* VALSynchronizableValet.m */; };
		26F06A911BA8BC9500E039CD /* VALSecureEnclaveValet.m in Sources */ = {isa = PBXBuildFile; fileRef = EAEEAC1F1AB7B84E00EDB6E3 /* VALSecureEnclaveValet.m */; };
		26F06A921BA8BC9700E039CD /* VALValet.m in Sources */ = {isa = PBXBuildFile; fileRef = EAEEAC191AB7B83300EDB6E3 /* VALValet.m */; };
		AC3CECB21CCEE8E1007BC47C /* ValetTests.swift in Sources */ = {isa = PBXBuildFile; fileRef = AC3CECB11CCEE8E1007BC47C /* ValetTests.swift */; };
		AC3CECB31CCEE8E1007BC47C /* ValetTests.swift in Sources */ = {isa = PBXBuildFile; fileRef = AC3CECB11CCEE8E1007BC47C /* ValetTests.swift */; };
		AC89A3EC1CC82426009A7121 /* ValetTouchIDTestAppDelegate.swift in Sources */ = {isa = PBXBuildFile; fileRef = AC89A3EB1CC82426009A7121 /* ValetTouchIDTestAppDelegate.swift */; };
		AC89A3EE1CC82738009A7121 /* ValetTouchIDTestViewController.swift in Sources */ = {isa = PBXBuildFile; fileRef = AC89A3ED1CC82738009A7121 /* ValetTouchIDTestViewController.swift */; };
		EA1E1F8F1A8C46090067C991 /* libValet.a in Frameworks */ = {isa = PBXBuildFile; fileRef = EA1E1F831A8C46080067C991 /* libValet.a */; };
		EA1E1FA01A8C48560067C991 /* ValetTests.m in Sources */ = {isa = PBXBuildFile; fileRef = EA1E1F9F1A8C48560067C991 /* ValetTests.m */; };
		EA7756041C487783009C5C92 /* VALSecureEnclaveValet.h in Headers */ = {isa = PBXBuildFile; fileRef = EAEEAC1E1AB7B84E00EDB6E3 /* VALSecureEnclaveValet.h */; settings = {ATTRIBUTES = (Public, ); }; };
		EA7756051C4877A3009C5C92 /* VALSecureEnclaveValet.m in Sources */ = {isa = PBXBuildFile; fileRef = EAEEAC1F1AB7B84E00EDB6E3 /* VALSecureEnclaveValet.m */; };
		EAEAA88D1B167A8700F7AA98 /* libValet.dylib in Frameworks */ = {isa = PBXBuildFile; fileRef = EAEAA8821B167A8600F7AA98 /* libValet.dylib */; };
		EAEAA8991B16813100F7AA98 /* ValetTests.m in Sources */ = {isa = PBXBuildFile; fileRef = EA1E1F9F1A8C48560067C991 /* ValetTests.m */; };
		EAEAA89E1B16818400F7AA98 /* Valet.h in Headers */ = {isa = PBXBuildFile; fileRef = EA1E1F861A8C46080067C991 /* Valet.h */; settings = {ATTRIBUTES = (Public, ); }; };
		EAEAA89F1B16818400F7AA98 /* VALValet.h in Headers */ = {isa = PBXBuildFile; fileRef = EAEEAC181AB7B83300EDB6E3 /* VALValet.h */; settings = {ATTRIBUTES = (Public, ); }; };
		EAEAA8A11B16818400F7AA98 /* VALSynchronizableValet.h in Headers */ = {isa = PBXBuildFile; fileRef = EAEEAC1B1AB7B84000EDB6E3 /* VALSynchronizableValet.h */; settings = {ATTRIBUTES = (Public, ); }; };
		EAEAA8A21B16818E00F7AA98 /* VALValet_Protected.h in Headers */ = {isa = PBXBuildFile; fileRef = EAEEAC231AB7BA0C00EDB6E3 /* VALValet_Protected.h */; };
		EAEAA8A31B1681F400F7AA98 /* ValetDefines.h in Headers */ = {isa = PBXBuildFile; fileRef = EAEEAC251AB7BA9800EDB6E3 /* ValetDefines.h */; };
		EAEAA8A41B16821D00F7AA98 /* VALValet.m in Sources */ = {isa = PBXBuildFile; fileRef = EAEEAC191AB7B83300EDB6E3 /* VALValet.m */; };
		EAEAA8A61B16821D00F7AA98 /* VALSynchronizableValet.m in Sources */ = {isa = PBXBuildFile; fileRef = EAEEAC1C1AB7B84000EDB6E3 /* VALSynchronizableValet.m */; };
		EAEAA8AC1B16864D00F7AA98 /* Valet.h in Headers */ = {isa = PBXBuildFile; fileRef = EA1E1F861A8C46080067C991 /* Valet.h */; settings = {ATTRIBUTES = (Public, ); }; };
		EAEEAC1A1AB7B83300EDB6E3 /* VALValet.m in Sources */ = {isa = PBXBuildFile; fileRef = EAEEAC191AB7B83300EDB6E3 /* VALValet.m */; };
		EAEEAC1D1AB7B84000EDB6E3 /* VALSynchronizableValet.m in Sources */ = {isa = PBXBuildFile; fileRef = EAEEAC1C1AB7B84000EDB6E3 /* VALSynchronizableValet.m */; };
		EAEEAC201AB7B84E00EDB6E3 /* VALSecureEnclaveValet.m in Sources */ = {isa = PBXBuildFile; fileRef = EAEEAC1F1AB7B84E00EDB6E3 /* VALSecureEnclaveValet.m */; };
		EAEEAC271AB7BC5700EDB6E3 /* VALValet_Protected.h in Headers */ = {isa = PBXBuildFile; fileRef = EAEEAC231AB7BA0C00EDB6E3 /* VALValet_Protected.h */; };
		EAEEAC281AB7BC5700EDB6E3 /* ValetDefines.h in Headers */ = {isa = PBXBuildFile; fileRef = EAEEAC251AB7BA9800EDB6E3 /* ValetDefines.h */; };
		EAEEAC2A1AB7BD4800EDB6E3 /* VALValet.h in Headers */ = {isa = PBXBuildFile; fileRef = EAEEAC181AB7B83300EDB6E3 /* VALValet.h */; settings = {ATTRIBUTES = (Public, ); }; };
		EAEEAC2B1AB7BD7400EDB6E3 /* VALSecureEnclaveValet.h in Headers */ = {isa = PBXBuildFile; fileRef = EAEEAC1E1AB7B84E00EDB6E3 /* VALSecureEnclaveValet.h */; settings = {ATTRIBUTES = (Public, ); }; };
		EAEEAC2C1AB7BD7900EDB6E3 /* VALSynchronizableValet.h in Headers */ = {isa = PBXBuildFile; fileRef = EAEEAC1B1AB7B84000EDB6E3 /* VALSynchronizableValet.h */; settings = {ATTRIBUTES = (Public, ); }; };
		EAF894841B053E0500EDAD6C /* Images.xcassets in Resources */ = {isa = PBXBuildFile; fileRef = EAF894831B053E0500EDAD6C /* Images.xcassets */; };
		EAF8949E1B05420200EDAD6C /* ValetSecureElementTestMain.storyboard in Resources */ = {isa = PBXBuildFile; fileRef = EAF8949C1B05420200EDAD6C /* ValetSecureElementTestMain.storyboard */; };
		EAF894A11B05420800EDAD6C /* ValetSecureElementTestLaunchScreen.xib in Resources */ = {isa = PBXBuildFile; fileRef = EAF8949F1B05420700EDAD6C /* ValetSecureElementTestLaunchScreen.xib */; };
		EAF894A31B05439A00EDAD6C /* libValet.a in Frameworks */ = {isa = PBXBuildFile; fileRef = EA1E1F831A8C46080067C991 /* libValet.a */; };
/* End PBXBuildFile section */

/* Begin PBXContainerItemProxy section */
		EA1E1F901A8C46090067C991 /* PBXContainerItemProxy */ = {
			isa = PBXContainerItemProxy;
			containerPortal = EA1E1F7B1A8C46080067C991 /* Project object */;
			proxyType = 1;
			remoteGlobalIDString = EA1E1F821A8C46080067C991;
			remoteInfo = Valet;
		};
		EAEAA88E1B167A8700F7AA98 /* PBXContainerItemProxy */ = {
			isa = PBXContainerItemProxy;
			containerPortal = EA1E1F7B1A8C46080067C991 /* Project object */;
			proxyType = 1;
			remoteGlobalIDString = EAEAA8811B167A8600F7AA98;
			remoteInfo = "Valet Mac";
		};
		EAF8949A1B053FB300EDAD6C /* PBXContainerItemProxy */ = {
			isa = PBXContainerItemProxy;
			containerPortal = EA1E1F7B1A8C46080067C991 /* Project object */;
			proxyType = 1;
			remoteGlobalIDString = EA1E1F821A8C46080067C991;
			remoteInfo = Valet;
		};
/* End PBXContainerItemProxy section */

/* Begin PBXFileReference section */
		26E6827C1BA8B3F900EFF4EA /* Valet.framework */ = {isa = PBXFileReference; explicitFileType = wrapper.framework; includeInIndex = 0; path = Valet.framework; sourceTree = BUILT_PRODUCTS_DIR; };
		26E6828A1BA8B4B200EFF4EA /* Valet.framework */ = {isa = PBXFileReference; explicitFileType = wrapper.framework; includeInIndex = 0; path = Valet.framework; sourceTree = BUILT_PRODUCTS_DIR; };
		26E682921BA8B4D200EFF4EA /* Info.plist */ = {isa = PBXFileReference; fileEncoding = 4; lastKnownFileType = text.plist.xml; path = Info.plist; sourceTree = "<group>"; };
		AC3CECAF1CCEE8E1007BC47C /* Valet-Tests-Bridging-Header.h */ = {isa = PBXFileReference; lastKnownFileType = sourcecode.c.h; path = "Valet-Tests-Bridging-Header.h"; sourceTree = "<group>"; };
		AC3CECB11CCEE8E1007BC47C /* ValetTests.swift */ = {isa = PBXFileReference; fileEncoding = 4; lastKnownFileType = sourcecode.swift; path = ValetTests.swift; sourceTree = "<group>"; };
		AC89A3EA1CC82426009A7121 /* ValetTouchIDTest-Bridging-Header.h */ = {isa = PBXFileReference; lastKnownFileType = sourcecode.c.h; path = "ValetTouchIDTest-Bridging-Header.h"; sourceTree = "<group>"; };
		AC89A3EB1CC82426009A7121 /* ValetTouchIDTestAppDelegate.swift */ = {isa = PBXFileReference; fileEncoding = 4; lastKnownFileType = sourcecode.swift; path = ValetTouchIDTestAppDelegate.swift; sourceTree = "<group>"; };
		AC89A3ED1CC82738009A7121 /* ValetTouchIDTestViewController.swift */ = {isa = PBXFileReference; fileEncoding = 4; lastKnownFileType = sourcecode.swift; path = ValetTouchIDTestViewController.swift; sourceTree = "<group>"; };
		EA1E1F831A8C46080067C991 /* libValet.a */ = {isa = PBXFileReference; explicitFileType = archive.ar; includeInIndex = 0; path = libValet.a; sourceTree = BUILT_PRODUCTS_DIR; };
		EA1E1F861A8C46080067C991 /* Valet.h */ = {isa = PBXFileReference; lastKnownFileType = sourcecode.c.h; path = Valet.h; sourceTree = "<group>"; };
		EA1E1F8E1A8C46090067C991 /* Valet iOS Tests.xctest */ = {isa = PBXFileReference; explicitFileType = wrapper.cfbundle; includeInIndex = 0; path = "Valet iOS Tests.xctest"; sourceTree = BUILT_PRODUCTS_DIR; };
		EA1E1F941A8C46090067C991 /* Info.plist */ = {isa = PBXFileReference; lastKnownFileType = text.plist.xml; path = Info.plist; sourceTree = "<group>"; };
		EA1E1F9F1A8C48560067C991 /* ValetTests.m */ = {isa = PBXFileReference; fileEncoding = 4; lastKnownFileType = sourcecode.c.objc; path = ValetTests.m; sourceTree = "<group>"; };
		EAEAA8821B167A8600F7AA98 /* libValet.dylib */ = {isa = PBXFileReference; explicitFileType = "compiled.mach-o.dylib"; includeInIndex = 0; path = libValet.dylib; sourceTree = BUILT_PRODUCTS_DIR; };
		EAEAA88C1B167A8700F7AA98 /* Valet Mac Tests.xctest */ = {isa = PBXFileReference; explicitFileType = wrapper.cfbundle; includeInIndex = 0; path = "Valet Mac Tests.xctest"; sourceTree = BUILT_PRODUCTS_DIR; };
		EAEEAC181AB7B83300EDB6E3 /* VALValet.h */ = {isa = PBXFileReference; fileEncoding = 4; lastKnownFileType = sourcecode.c.h; path = VALValet.h; sourceTree = "<group>"; };
		EAEEAC191AB7B83300EDB6E3 /* VALValet.m */ = {isa = PBXFileReference; fileEncoding = 4; lastKnownFileType = sourcecode.c.objc; path = VALValet.m; sourceTree = "<group>"; };
		EAEEAC1B1AB7B84000EDB6E3 /* VALSynchronizableValet.h */ = {isa = PBXFileReference; fileEncoding = 4; lastKnownFileType = sourcecode.c.h; path = VALSynchronizableValet.h; sourceTree = "<group>"; };
		EAEEAC1C1AB7B84000EDB6E3 /* VALSynchronizableValet.m */ = {isa = PBXFileReference; fileEncoding = 4; lastKnownFileType = sourcecode.c.objc; path = VALSynchronizableValet.m; sourceTree = "<group>"; };
		EAEEAC1E1AB7B84E00EDB6E3 /* VALSecureEnclaveValet.h */ = {isa = PBXFileReference; fileEncoding = 4; lastKnownFileType = sourcecode.c.h; path = VALSecureEnclaveValet.h; sourceTree = "<group>"; };
		EAEEAC1F1AB7B84E00EDB6E3 /* VALSecureEnclaveValet.m */ = {isa = PBXFileReference; fileEncoding = 4; lastKnownFileType = sourcecode.c.objc; path = VALSecureEnclaveValet.m; sourceTree = "<group>"; };
		EAEEAC231AB7BA0C00EDB6E3 /* VALValet_Protected.h */ = {isa = PBXFileReference; fileEncoding = 4; lastKnownFileType = sourcecode.c.h; path = VALValet_Protected.h; sourceTree = "<group>"; };
		EAEEAC251AB7BA9800EDB6E3 /* ValetDefines.h */ = {isa = PBXFileReference; lastKnownFileType = sourcecode.c.h; name = ValetDefines.h; path = Other/ValetDefines.h; sourceTree = "<group>"; };
		EAF894741B053E0500EDAD6C /* ValetTouchIDTest.app */ = {isa = PBXFileReference; explicitFileType = wrapper.application; includeInIndex = 0; path = ValetTouchIDTest.app; sourceTree = BUILT_PRODUCTS_DIR; };
		EAF894771B053E0500EDAD6C /* Info.plist */ = {isa = PBXFileReference; lastKnownFileType = text.plist.xml; path = Info.plist; sourceTree = "<group>"; };
		EAF894831B053E0500EDAD6C /* Images.xcassets */ = {isa = PBXFileReference; lastKnownFileType = folder.assetcatalog; path = Images.xcassets; sourceTree = "<group>"; };
		EAF8949D1B05420200EDAD6C /* Base */ = {isa = PBXFileReference; lastKnownFileType = file.storyboard; name = Base; path = Base.lproj/ValetSecureElementTestMain.storyboard; sourceTree = "<group>"; };
		EAF894A01B05420700EDAD6C /* Base */ = {isa = PBXFileReference; lastKnownFileType = file.xib; name = Base; path = Base.lproj/ValetSecureElementTestLaunchScreen.xib; sourceTree = "<group>"; };
/* End PBXFileReference section */

/* Begin PBXFrameworksBuildPhase section */
		26E682781BA8B3F900EFF4EA /* Frameworks */ = {
			isa = PBXFrameworksBuildPhase;
			buildActionMask = 2147483647;
			files = (
			);
			runOnlyForDeploymentPostprocessing = 0;
		};
		26E682861BA8B4B200EFF4EA /* Frameworks */ = {
			isa = PBXFrameworksBuildPhase;
			buildActionMask = 2147483647;
			files = (
			);
			runOnlyForDeploymentPostprocessing = 0;
		};
		EA1E1F801A8C46080067C991 /* Frameworks */ = {
			isa = PBXFrameworksBuildPhase;
			buildActionMask = 2147483647;
			files = (
			);
			runOnlyForDeploymentPostprocessing = 0;
		};
		EA1E1F8B1A8C46090067C991 /* Frameworks */ = {
			isa = PBXFrameworksBuildPhase;
			buildActionMask = 2147483647;
			files = (
				EA1E1F8F1A8C46090067C991 /* libValet.a in Frameworks */,
			);
			runOnlyForDeploymentPostprocessing = 0;
		};
		EAEAA87F1B167A8600F7AA98 /* Frameworks */ = {
			isa = PBXFrameworksBuildPhase;
			buildActionMask = 2147483647;
			files = (
			);
			runOnlyForDeploymentPostprocessing = 0;
		};
		EAEAA8891B167A8700F7AA98 /* Frameworks */ = {
			isa = PBXFrameworksBuildPhase;
			buildActionMask = 2147483647;
			files = (
				EAEAA88D1B167A8700F7AA98 /* libValet.dylib in Frameworks */,
			);
			runOnlyForDeploymentPostprocessing = 0;
		};
		EAF894711B053E0400EDAD6C /* Frameworks */ = {
			isa = PBXFrameworksBuildPhase;
			buildActionMask = 2147483647;
			files = (
				EAF894A31B05439A00EDAD6C /* libValet.a in Frameworks */,
			);
			runOnlyForDeploymentPostprocessing = 0;
		};
/* End PBXFrameworksBuildPhase section */

/* Begin PBXGroup section */
		EA1E1F7A1A8C46080067C991 = {
			isa = PBXGroup;
			children = (
				EA1E1F851A8C46080067C991 /* Valet */,
				EA1E1F921A8C46090067C991 /* ValetTests */,
				EAEEAC221AB7B85D00EDB6E3 /* Other */,
				EAF894751B053E0500EDAD6C /* ValetTouchIDTest */,
				EA1E1F841A8C46080067C991 /* Products */,
			);
			sourceTree = "<group>";
		};
		EA1E1F841A8C46080067C991 /* Products */ = {
			isa = PBXGroup;
			children = (
				EA1E1F831A8C46080067C991 /* libValet.a */,
				EA1E1F8E1A8C46090067C991 /* Valet iOS Tests.xctest */,
				EAF894741B053E0500EDAD6C /* ValetTouchIDTest.app */,
				EAEAA8821B167A8600F7AA98 /* libValet.dylib */,
				EAEAA88C1B167A8700F7AA98 /* Valet Mac Tests.xctest */,
				26E6827C1BA8B3F900EFF4EA /* Valet.framework */,
				26E6828A1BA8B4B200EFF4EA /* Valet.framework */,
			);
			name = Products;
			sourceTree = "<group>";
		};
		EA1E1F851A8C46080067C991 /* Valet */ = {
			isa = PBXGroup;
			children = (
				26E682921BA8B4D200EFF4EA /* Info.plist */,
				EA1E1F861A8C46080067C991 /* Valet.h */,
				EAEEAC181AB7B83300EDB6E3 /* VALValet.h */,
				EAEEAC231AB7BA0C00EDB6E3 /* VALValet_Protected.h */,
				EAEEAC191AB7B83300EDB6E3 /* VALValet.m */,
				EAEEAC1E1AB7B84E00EDB6E3 /* VALSecureEnclaveValet.h */,
				EAEEAC1F1AB7B84E00EDB6E3 /* VALSecureEnclaveValet.m */,
				EAEEAC1B1AB7B84000EDB6E3 /* VALSynchronizableValet.h */,
				EAEEAC1C1AB7B84000EDB6E3 /* VALSynchronizableValet.m */,
			);
			path = Valet;
			sourceTree = "<group>";
		};
		EA1E1F921A8C46090067C991 /* ValetTests */ = {
			isa = PBXGroup;
			children = (
				EA1E1F9F1A8C48560067C991 /* ValetTests.m */,
				AC3CECB11CCEE8E1007BC47C /* ValetTests.swift */,
				EA1E1F931A8C46090067C991 /* Supporting Files */,
			);
			path = ValetTests;
			sourceTree = "<group>";
		};
		EA1E1F931A8C46090067C991 /* Supporting Files */ = {
			isa = PBXGroup;
			children = (
				EA1E1F941A8C46090067C991 /* Info.plist */,
				AC3CECAF1CCEE8E1007BC47C /* Valet-Tests-Bridging-Header.h */,
			);
			name = "Supporting Files";
			sourceTree = "<group>";
		};
		EAEEAC221AB7B85D00EDB6E3 /* Other */ = {
			isa = PBXGroup;
			children = (
				EAEEAC251AB7BA9800EDB6E3 /* ValetDefines.h */,
			);
			name = Other;
			sourceTree = "<group>";
		};
		EAF894751B053E0500EDAD6C /* ValetTouchIDTest */ = {
			isa = PBXGroup;
			children = (
				EAF8949C1B05420200EDAD6C /* ValetSecureElementTestMain.storyboard */,
				EAF894831B053E0500EDAD6C /* Images.xcassets */,
				EAF8949F1B05420700EDAD6C /* ValetSecureElementTestLaunchScreen.xib */,
				EAF894761B053E0500EDAD6C /* Supporting Files */,
				AC89A3EB1CC82426009A7121 /* ValetTouchIDTestAppDelegate.swift */,
				AC89A3EA1CC82426009A7121 /* ValetTouchIDTest-Bridging-Header.h */,
				AC89A3ED1CC82738009A7121 /* ValetTouchIDTestViewController.swift */,
			);
			path = ValetTouchIDTest;
			sourceTree = "<group>";
		};
		EAF894761B053E0500EDAD6C /* Supporting Files */ = {
			isa = PBXGroup;
			children = (
				EAF894771B053E0500EDAD6C /* Info.plist */,
			);
			name = "Supporting Files";
			sourceTree = "<group>";
		};
/* End PBXGroup section */

/* Begin PBXHeadersBuildPhase section */
		26E682791BA8B3F900EFF4EA /* Headers */ = {
			isa = PBXHeadersBuildPhase;
			buildActionMask = 2147483647;
			files = (
				26E682841BA8B42100EFF4EA /* Valet.h in Headers */,
				26F06A551BA8B53F00E039CD /* VALValet.h in Headers */,
				26F06A541BA8B53C00E039CD /* VALSecureEnclaveValet.h in Headers */,
				26F06A531BA8B53100E039CD /* VALSynchronizableValet.h in Headers */,
				26F06A5C1BA8B55D00E039CD /* ValetDefines.h in Headers */,
				26F06A561BA8B54400E039CD /* VALValet_Protected.h in Headers */,
			);
			runOnlyForDeploymentPostprocessing = 0;
		};
		26E682871BA8B4B200EFF4EA /* Headers */ = {
			isa = PBXHeadersBuildPhase;
			buildActionMask = 2147483647;
			files = (
				26F06A571BA8B54E00E039CD /* Valet.h in Headers */,
				26F06A581BA8B55000E039CD /* VALValet.h in Headers */,
				26F06A5A1BA8B55300E039CD /* VALSecureEnclaveValet.h in Headers */,
				26F06A5B1BA8B55500E039CD /* VALSynchronizableValet.h in Headers */,
				26F06A591BA8B55100E039CD /* VALValet_Protected.h in Headers */,
				26F06A5D1BA8B56000E039CD /* ValetDefines.h in Headers */,
			);
			runOnlyForDeploymentPostprocessing = 0;
		};
		EAEAA8801B167A8600F7AA98 /* Headers */ = {
			isa = PBXHeadersBuildPhase;
			buildActionMask = 2147483647;
			files = (
				EAEAA89E1B16818400F7AA98 /* Valet.h in Headers */,
				EA7756041C487783009C5C92 /* VALSecureEnclaveValet.h in Headers */,
				EAEAA8A21B16818E00F7AA98 /* VALValet_Protected.h in Headers */,
				EAEAA8A11B16818400F7AA98 /* VALSynchronizableValet.h in Headers */,
				EAEAA8A31B1681F400F7AA98 /* ValetDefines.h in Headers */,
				EAEAA89F1B16818400F7AA98 /* VALValet.h in Headers */,
			);
			runOnlyForDeploymentPostprocessing = 0;
		};
		EAEEAC261AB7BC4B00EDB6E3 /* Headers */ = {
			isa = PBXHeadersBuildPhase;
			buildActionMask = 2147483647;
			files = (
				EAEEAC2A1AB7BD4800EDB6E3 /* VALValet.h in Headers */,
				EAEEAC2B1AB7BD7400EDB6E3 /* VALSecureEnclaveValet.h in Headers */,
				EAEEAC2C1AB7BD7900EDB6E3 /* VALSynchronizableValet.h in Headers */,
				EAEAA8AC1B16864D00F7AA98 /* Valet.h in Headers */,
				EAEEAC271AB7BC5700EDB6E3 /* VALValet_Protected.h in Headers */,
				EAEEAC281AB7BC5700EDB6E3 /* ValetDefines.h in Headers */,
			);
			runOnlyForDeploymentPostprocessing = 0;
		};
/* End PBXHeadersBuildPhase section */

/* Begin PBXNativeTarget section */
		26E6827B1BA8B3F900EFF4EA /* Valet-iOS */ = {
			isa = PBXNativeTarget;
			buildConfigurationList = 26E682831BA8B3F900EFF4EA /* Build configuration list for PBXNativeTarget "Valet-iOS" */;
			buildPhases = (
				26E682771BA8B3F900EFF4EA /* Sources */,
				26E682781BA8B3F900EFF4EA /* Frameworks */,
				26E682791BA8B3F900EFF4EA /* Headers */,
				26E6827A1BA8B3F900EFF4EA /* Resources */,
			);
			buildRules = (
			);
			dependencies = (
			);
			name = "Valet-iOS";
			productName = "Valet-iOS";
			productReference = 26E6827C1BA8B3F900EFF4EA /* Valet.framework */;
			productType = "com.apple.product-type.framework";
		};
		26E682891BA8B4B200EFF4EA /* Valet-Mac */ = {
			isa = PBXNativeTarget;
			buildConfigurationList = 26E6828F1BA8B4B200EFF4EA /* Build configuration list for PBXNativeTarget "Valet-Mac" */;
			buildPhases = (
				26E682851BA8B4B200EFF4EA /* Sources */,
				26E682861BA8B4B200EFF4EA /* Frameworks */,
				26E682871BA8B4B200EFF4EA /* Headers */,
				26E682881BA8B4B200EFF4EA /* Resources */,
			);
			buildRules = (
			);
			dependencies = (
			);
			name = "Valet-Mac";
			productName = "Valet-Mac";
			productReference = 26E6828A1BA8B4B200EFF4EA /* Valet.framework */;
			productType = "com.apple.product-type.framework";
		};
		EA1E1F821A8C46080067C991 /* Valet iOS */ = {
			isa = PBXNativeTarget;
			buildConfigurationList = EA1E1F971A8C46090067C991 /* Build configuration list for PBXNativeTarget "Valet iOS" */;
			buildPhases = (
				EA1E1F7F1A8C46080067C991 /* Sources */,
				EA1E1F801A8C46080067C991 /* Frameworks */,
				EAEEAC261AB7BC4B00EDB6E3 /* Headers */,
			);
			buildRules = (
			);
			dependencies = (
			);
			name = "Valet iOS";
			productName = Valet;
			productReference = EA1E1F831A8C46080067C991 /* libValet.a */;
			productType = "com.apple.product-type.library.static";
		};
		EA1E1F8D1A8C46090067C991 /* Valet iOS Tests */ = {
			isa = PBXNativeTarget;
			buildConfigurationList = EA1E1F9A1A8C46090067C991 /* Build configuration list for PBXNativeTarget "Valet iOS Tests" */;
			buildPhases = (
				EA1E1F8A1A8C46090067C991 /* Sources */,
				EA1E1F8B1A8C46090067C991 /* Frameworks */,
				EA1E1F8C1A8C46090067C991 /* Resources */,
			);
			buildRules = (
			);
			dependencies = (
				EA1E1F911A8C46090067C991 /* PBXTargetDependency */,
			);
			name = "Valet iOS Tests";
			productName = ValetTests;
			productReference = EA1E1F8E1A8C46090067C991 /* Valet iOS Tests.xctest */;
			productType = "com.apple.product-type.bundle.unit-test";
		};
		EAEAA8811B167A8600F7AA98 /* Valet Mac */ = {
			isa = PBXNativeTarget;
			buildConfigurationList = EAEAA8971B167A8700F7AA98 /* Build configuration list for PBXNativeTarget "Valet Mac" */;
			buildPhases = (
				EAEAA87E1B167A8600F7AA98 /* Sources */,
				EAEAA87F1B167A8600F7AA98 /* Frameworks */,
				EAEAA8801B167A8600F7AA98 /* Headers */,
			);
			buildRules = (
			);
			dependencies = (
			);
			name = "Valet Mac";
			productName = "Valet Mac";
			productReference = EAEAA8821B167A8600F7AA98 /* libValet.dylib */;
			productType = "com.apple.product-type.library.dynamic";
		};
		EAEAA88B1B167A8700F7AA98 /* Valet Mac Tests */ = {
			isa = PBXNativeTarget;
			buildConfigurationList = EAEAA8981B167A8700F7AA98 /* Build configuration list for PBXNativeTarget "Valet Mac Tests" */;
			buildPhases = (
				EAEAA8881B167A8700F7AA98 /* Sources */,
				EAEAA8891B167A8700F7AA98 /* Frameworks */,
				EAEAA88A1B167A8700F7AA98 /* Resources */,
			);
			buildRules = (
			);
			dependencies = (
				EAEAA88F1B167A8700F7AA98 /* PBXTargetDependency */,
			);
			name = "Valet Mac Tests";
			productName = "Valet MacTests";
			productReference = EAEAA88C1B167A8700F7AA98 /* Valet Mac Tests.xctest */;
			productType = "com.apple.product-type.bundle.unit-test";
		};
		EAF894731B053E0400EDAD6C /* ValetTouchIDTest */ = {
			isa = PBXNativeTarget;
			buildConfigurationList = EAF894941B053E0700EDAD6C /* Build configuration list for PBXNativeTarget "ValetTouchIDTest" */;
			buildPhases = (
				EAF894701B053E0400EDAD6C /* Sources */,
				EAF894711B053E0400EDAD6C /* Frameworks */,
				EAF894721B053E0400EDAD6C /* Resources */,
			);
			buildRules = (
			);
			dependencies = (
				EAF8949B1B053FB300EDAD6C /* PBXTargetDependency */,
			);
			name = ValetTouchIDTest;
			productName = ValetTouchIDTest;
			productReference = EAF894741B053E0500EDAD6C /* ValetTouchIDTest.app */;
			productType = "com.apple.product-type.application";
		};
/* End PBXNativeTarget section */

/* Begin PBXProject section */
		EA1E1F7B1A8C46080067C991 /* Project object */ = {
			isa = PBXProject;
			attributes = {
				LastSwiftUpdateCheck = 0720;
				LastUpgradeCheck = 0700;
				ORGANIZATIONNAME = "Square, Inc.";
				TargetAttributes = {
					26E6827B1BA8B3F900EFF4EA = {
						CreatedOnToolsVersion = 7.0;
					};
					26E682891BA8B4B200EFF4EA = {
						CreatedOnToolsVersion = 7.0;
					};
					EA1E1F821A8C46080067C991 = {
						CreatedOnToolsVersion = 6.1.1;
					};
					EA1E1F8D1A8C46090067C991 = {
						CreatedOnToolsVersion = 6.1.1;
					};
					EAEAA8811B167A8600F7AA98 = {
						CreatedOnToolsVersion = 6.3.2;
					};
					EAEAA88B1B167A8700F7AA98 = {
						CreatedOnToolsVersion = 6.3.2;
					};
					EAF894731B053E0400EDAD6C = {
						CreatedOnToolsVersion = 6.3.1;
					};
				};
			};
			buildConfigurationList = EA1E1F7E1A8C46080067C991 /* Build configuration list for PBXProject "Valet" */;
			compatibilityVersion = "Xcode 3.2";
			developmentRegion = English;
			hasScannedForEncodings = 0;
			knownRegions = (
				en,
				Base,
			);
			mainGroup = EA1E1F7A1A8C46080067C991;
			productRefGroup = EA1E1F841A8C46080067C991 /* Products */;
			projectDirPath = "";
			projectRoot = "";
			targets = (
				EA1E1F821A8C46080067C991 /* Valet iOS */,
				EA1E1F8D1A8C46090067C991 /* Valet iOS Tests */,
				EAF894731B053E0400EDAD6C /* ValetTouchIDTest */,
				EAEAA8811B167A8600F7AA98 /* Valet Mac */,
				EAEAA88B1B167A8700F7AA98 /* Valet Mac Tests */,
				26E6827B1BA8B3F900EFF4EA /* Valet-iOS */,
				26E682891BA8B4B200EFF4EA /* Valet-Mac */,
			);
		};
/* End PBXProject section */

/* Begin PBXResourcesBuildPhase section */
		26E6827A1BA8B3F900EFF4EA /* Resources */ = {
			isa = PBXResourcesBuildPhase;
			buildActionMask = 2147483647;
			files = (
			);
			runOnlyForDeploymentPostprocessing = 0;
		};
		26E682881BA8B4B200EFF4EA /* Resources */ = {
			isa = PBXResourcesBuildPhase;
			buildActionMask = 2147483647;
			files = (
			);
			runOnlyForDeploymentPostprocessing = 0;
		};
		EA1E1F8C1A8C46090067C991 /* Resources */ = {
			isa = PBXResourcesBuildPhase;
			buildActionMask = 2147483647;
			files = (
			);
			runOnlyForDeploymentPostprocessing = 0;
		};
		EAEAA88A1B167A8700F7AA98 /* Resources */ = {
			isa = PBXResourcesBuildPhase;
			buildActionMask = 2147483647;
			files = (
			);
			runOnlyForDeploymentPostprocessing = 0;
		};
		EAF894721B053E0400EDAD6C /* Resources */ = {
			isa = PBXResourcesBuildPhase;
			buildActionMask = 2147483647;
			files = (
				EAF894A11B05420800EDAD6C /* ValetSecureElementTestLaunchScreen.xib in Resources */,
				EAF8949E1B05420200EDAD6C /* ValetSecureElementTestMain.storyboard in Resources */,
				EAF894841B053E0500EDAD6C /* Images.xcassets in Resources */,
			);
			runOnlyForDeploymentPostprocessing = 0;
		};
/* End PBXResourcesBuildPhase section */

/* Begin PBXSourcesBuildPhase section */
		26E682771BA8B3F900EFF4EA /* Sources */ = {
			isa = PBXSourcesBuildPhase;
			buildActionMask = 2147483647;
			files = (
				26F06A8D1BA8BC8F00E039CD /* VALValet.m in Sources */,
				26F06A8E1BA8BC9000E039CD /* VALSecureEnclaveValet.m in Sources */,
				26F06A8F1BA8BC9200E039CD /* VALSynchronizableValet.m in Sources */,
			);
			runOnlyForDeploymentPostprocessing = 0;
		};
		26E682851BA8B4B200EFF4EA /* Sources */ = {
			isa = PBXSourcesBuildPhase;
			buildActionMask = 2147483647;
			files = (
				26F06A921BA8BC9700E039CD /* VALValet.m in Sources */,
				26F06A911BA8BC9500E039CD /* VALSecureEnclaveValet.m in Sources */,
				26F06A901BA8BC9400E039CD /* VALSynchronizableValet.m in Sources */,
			);
			runOnlyForDeploymentPostprocessing = 0;
		};
		EA1E1F7F1A8C46080067C991 /* Sources */ = {
			isa = PBXSourcesBuildPhase;
			buildActionMask = 2147483647;
			files = (
				EAEEAC1D1AB7B84000EDB6E3 /* VALSynchronizableValet.m in Sources */,
				EAEEAC1A1AB7B83300EDB6E3 /* VALValet.m in Sources */,
				EAEEAC201AB7B84E00EDB6E3 /* VALSecureEnclaveValet.m in Sources */,
			);
			runOnlyForDeploymentPostprocessing = 0;
		};
		EA1E1F8A1A8C46090067C991 /* Sources */ = {
			isa = PBXSourcesBuildPhase;
			buildActionMask = 2147483647;
			files = (
				AC3CECB21CCEE8E1007BC47C /* ValetTests.swift in Sources */,
				EA1E1FA01A8C48560067C991 /* ValetTests.m in Sources */,
			);
			runOnlyForDeploymentPostprocessing = 0;
		};
		EAEAA87E1B167A8600F7AA98 /* Sources */ = {
			isa = PBXSourcesBuildPhase;
			buildActionMask = 2147483647;
			files = (
				EAEAA8A61B16821D00F7AA98 /* VALSynchronizableValet.m in Sources */,
				EA7756051C4877A3009C5C92 /* VALSecureEnclaveValet.m in Sources */,
				EAEAA8A41B16821D00F7AA98 /* VALValet.m in Sources */,
			);
			runOnlyForDeploymentPostprocessing = 0;
		};
		EAEAA8881B167A8700F7AA98 /* Sources */ = {
			isa = PBXSourcesBuildPhase;
			buildActionMask = 2147483647;
			files = (
				AC3CECB31CCEE8E1007BC47C /* ValetTests.swift in Sources */,
				EAEAA8991B16813100F7AA98 /* ValetTests.m in Sources */,
			);
			runOnlyForDeploymentPostprocessing = 0;
		};
		EAF894701B053E0400EDAD6C /* Sources */ = {
			isa = PBXSourcesBuildPhase;
			buildActionMask = 2147483647;
			files = (
				AC89A3EC1CC82426009A7121 /* ValetTouchIDTestAppDelegate.swift in Sources */,
				AC89A3EE1CC82738009A7121 /* ValetTouchIDTestViewController.swift in Sources */,
			);
			runOnlyForDeploymentPostprocessing = 0;
		};
/* End PBXSourcesBuildPhase section */

/* Begin PBXTargetDependency section */
		EA1E1F911A8C46090067C991 /* PBXTargetDependency */ = {
			isa = PBXTargetDependency;
			target = EA1E1F821A8C46080067C991 /* Valet iOS */;
			targetProxy = EA1E1F901A8C46090067C991 /* PBXContainerItemProxy */;
		};
		EAEAA88F1B167A8700F7AA98 /* PBXTargetDependency */ = {
			isa = PBXTargetDependency;
			target = EAEAA8811B167A8600F7AA98 /* Valet Mac */;
			targetProxy = EAEAA88E1B167A8700F7AA98 /* PBXContainerItemProxy */;
		};
		EAF8949B1B053FB300EDAD6C /* PBXTargetDependency */ = {
			isa = PBXTargetDependency;
			target = EA1E1F821A8C46080067C991 /* Valet iOS */;
			targetProxy = EAF8949A1B053FB300EDAD6C /* PBXContainerItemProxy */;
		};
/* End PBXTargetDependency section */

/* Begin PBXVariantGroup section */
		EAF8949C1B05420200EDAD6C /* ValetSecureElementTestMain.storyboard */ = {
			isa = PBXVariantGroup;
			children = (
				EAF8949D1B05420200EDAD6C /* Base */,
			);
			name = ValetSecureElementTestMain.storyboard;
			sourceTree = "<group>";
		};
		EAF8949F1B05420700EDAD6C /* ValetSecureElementTestLaunchScreen.xib */ = {
			isa = PBXVariantGroup;
			children = (
				EAF894A01B05420700EDAD6C /* Base */,
			);
			name = ValetSecureElementTestLaunchScreen.xib;
			sourceTree = "<group>";
		};
/* End PBXVariantGroup section */

/* Begin XCBuildConfiguration section */
		26E682811BA8B3F900EFF4EA /* Debug */ = {
			isa = XCBuildConfiguration;
			buildSettings = {
				APPLICATION_EXTENSION_API_ONLY = YES;
				"CODE_SIGN_IDENTITY[sdk=iphoneos*]" = "iPhone Developer";
				CURRENT_PROJECT_VERSION = 1;
				DEBUG_INFORMATION_FORMAT = dwarf;
				DEFINES_MODULE = YES;
				DYLIB_COMPATIBILITY_VERSION = 1;
				DYLIB_CURRENT_VERSION = 1;
				DYLIB_INSTALL_NAME_BASE = "@rpath";
				GCC_NO_COMMON_BLOCKS = YES;
				INFOPLIST_FILE = Valet/Info.plist;
				INSTALL_PATH = "$(LOCAL_LIBRARY_DIR)/Frameworks";
				IPHONEOS_DEPLOYMENT_TARGET = 8.0;
				LD_RUNPATH_SEARCH_PATHS = "$(inherited) @executable_path/Frameworks @loader_path/Frameworks";
				PRODUCT_BUNDLE_IDENTIFIER = com.square.Valet;
				PRODUCT_NAME = Valet;
				SKIP_INSTALL = YES;
				TARGETED_DEVICE_FAMILY = "1,2";
				VERSIONING_SYSTEM = "apple-generic";
				VERSION_INFO_PREFIX = "";
			};
			name = Debug;
		};
		26E682821BA8B3F900EFF4EA /* Release */ = {
			isa = XCBuildConfiguration;
			buildSettings = {
				APPLICATION_EXTENSION_API_ONLY = YES;
				"CODE_SIGN_IDENTITY[sdk=iphoneos*]" = "iPhone Developer";
				COPY_PHASE_STRIP = NO;
				CURRENT_PROJECT_VERSION = 1;
				DEBUG_INFORMATION_FORMAT = "dwarf-with-dsym";
				DEFINES_MODULE = YES;
				DYLIB_COMPATIBILITY_VERSION = 1;
				DYLIB_CURRENT_VERSION = 1;
				DYLIB_INSTALL_NAME_BASE = "@rpath";
				GCC_NO_COMMON_BLOCKS = YES;
				INFOPLIST_FILE = Valet/Info.plist;
				INSTALL_PATH = "$(LOCAL_LIBRARY_DIR)/Frameworks";
				IPHONEOS_DEPLOYMENT_TARGET = 8.0;
				LD_RUNPATH_SEARCH_PATHS = "$(inherited) @executable_path/Frameworks @loader_path/Frameworks";
				PRODUCT_BUNDLE_IDENTIFIER = com.square.Valet;
				PRODUCT_NAME = Valet;
				SKIP_INSTALL = YES;
				TARGETED_DEVICE_FAMILY = "1,2";
				VERSIONING_SYSTEM = "apple-generic";
				VERSION_INFO_PREFIX = "";
			};
			name = Release;
		};
		26E682901BA8B4B200EFF4EA /* Debug */ = {
			isa = XCBuildConfiguration;
			buildSettings = {
				APPLICATION_EXTENSION_API_ONLY = YES;
				COMBINE_HIDPI_IMAGES = YES;
				CURRENT_PROJECT_VERSION = 1;
				DEBUG_INFORMATION_FORMAT = dwarf;
				DEFINES_MODULE = YES;
				DYLIB_COMPATIBILITY_VERSION = 1;
				DYLIB_CURRENT_VERSION = 1;
				DYLIB_INSTALL_NAME_BASE = "@rpath";
				FRAMEWORK_VERSION = A;
				GCC_NO_COMMON_BLOCKS = YES;
				INFOPLIST_FILE = Valet/Info.plist;
				INSTALL_PATH = "$(LOCAL_LIBRARY_DIR)/Frameworks";
				LD_RUNPATH_SEARCH_PATHS = "$(inherited) @executable_path/../Frameworks @loader_path/Frameworks";
				MACOSX_DEPLOYMENT_TARGET = 10.10;
				PRODUCT_BUNDLE_IDENTIFIER = com.square.Valet;
				PRODUCT_NAME = Valet;
				SDKROOT = macosx;
				SKIP_INSTALL = YES;
				VERSIONING_SYSTEM = "apple-generic";
				VERSION_INFO_PREFIX = "";
			};
			name = Debug;
		};
		26E682911BA8B4B200EFF4EA /* Release */ = {
			isa = XCBuildConfiguration;
			buildSettings = {
				APPLICATION_EXTENSION_API_ONLY = YES;
				COMBINE_HIDPI_IMAGES = YES;
				COPY_PHASE_STRIP = NO;
				CURRENT_PROJECT_VERSION = 1;
				DEBUG_INFORMATION_FORMAT = "dwarf-with-dsym";
				DEFINES_MODULE = YES;
				DYLIB_COMPATIBILITY_VERSION = 1;
				DYLIB_CURRENT_VERSION = 1;
				DYLIB_INSTALL_NAME_BASE = "@rpath";
				FRAMEWORK_VERSION = A;
				GCC_NO_COMMON_BLOCKS = YES;
				INFOPLIST_FILE = Valet/Info.plist;
				INSTALL_PATH = "$(LOCAL_LIBRARY_DIR)/Frameworks";
				LD_RUNPATH_SEARCH_PATHS = "$(inherited) @executable_path/../Frameworks @loader_path/Frameworks";
				MACOSX_DEPLOYMENT_TARGET = 10.10;
				PRODUCT_BUNDLE_IDENTIFIER = com.square.Valet;
				PRODUCT_NAME = Valet;
				SDKROOT = macosx;
				SKIP_INSTALL = YES;
				VERSIONING_SYSTEM = "apple-generic";
				VERSION_INFO_PREFIX = "";
			};
			name = Release;
		};
		EA1E1F951A8C46090067C991 /* Debug */ = {
			isa = XCBuildConfiguration;
			buildSettings = {
				ALWAYS_SEARCH_USER_PATHS = NO;
				CLANG_CXX_LANGUAGE_STANDARD = "gnu++0x";
				CLANG_CXX_LIBRARY = "libc++";
				CLANG_ENABLE_MODULES = YES;
				CLANG_ENABLE_OBJC_ARC = YES;
				CLANG_WARN_BOOL_CONVERSION = YES;
				CLANG_WARN_CONSTANT_CONVERSION = YES;
				CLANG_WARN_DIRECT_OBJC_ISA_USAGE = YES_ERROR;
				CLANG_WARN_DOCUMENTATION_COMMENTS = YES;
				CLANG_WARN_EMPTY_BODY = YES;
				CLANG_WARN_ENUM_CONVERSION = YES;
				CLANG_WARN_INT_CONVERSION = YES;
				CLANG_WARN_OBJC_ROOT_CLASS = YES_ERROR;
				CLANG_WARN_UNREACHABLE_CODE = YES;
				CLANG_WARN__DUPLICATE_METHOD_MATCH = YES;
				COPY_PHASE_STRIP = NO;
				ENABLE_STRICT_OBJC_MSGSEND = YES;
				ENABLE_TESTABILITY = YES;
				GCC_C_LANGUAGE_STANDARD = gnu99;
				GCC_DYNAMIC_NO_PIC = NO;
				GCC_OPTIMIZATION_LEVEL = 0;
				GCC_PREPROCESSOR_DEFINITIONS = (
					"DEBUG=1",
					"$(inherited)",
				);
				GCC_SYMBOLS_PRIVATE_EXTERN = NO;
				GCC_WARN_64_TO_32_BIT_CONVERSION = YES;
				GCC_WARN_ABOUT_RETURN_TYPE = YES_ERROR;
				GCC_WARN_UNDECLARED_SELECTOR = YES;
				GCC_WARN_UNINITIALIZED_AUTOS = YES_AGGRESSIVE;
				GCC_WARN_UNUSED_FUNCTION = YES;
				GCC_WARN_UNUSED_VARIABLE = YES;
				IPHONEOS_DEPLOYMENT_TARGET = 6.0;
				MTL_ENABLE_DEBUG_INFO = YES;
				ONLY_ACTIVE_ARCH = YES;
				SDKROOT = iphoneos;
			};
			name = Debug;
		};
		EA1E1F961A8C46090067C991 /* Release */ = {
			isa = XCBuildConfiguration;
			buildSettings = {
				ALWAYS_SEARCH_USER_PATHS = NO;
				CLANG_CXX_LANGUAGE_STANDARD = "gnu++0x";
				CLANG_CXX_LIBRARY = "libc++";
				CLANG_ENABLE_MODULES = YES;
				CLANG_ENABLE_OBJC_ARC = YES;
				CLANG_WARN_BOOL_CONVERSION = YES;
				CLANG_WARN_CONSTANT_CONVERSION = YES;
				CLANG_WARN_DIRECT_OBJC_ISA_USAGE = YES_ERROR;
				CLANG_WARN_DOCUMENTATION_COMMENTS = YES;
				CLANG_WARN_EMPTY_BODY = YES;
				CLANG_WARN_ENUM_CONVERSION = YES;
				CLANG_WARN_INT_CONVERSION = YES;
				CLANG_WARN_OBJC_ROOT_CLASS = YES_ERROR;
				CLANG_WARN_UNREACHABLE_CODE = YES;
				CLANG_WARN__DUPLICATE_METHOD_MATCH = YES;
				COPY_PHASE_STRIP = YES;
				ENABLE_NS_ASSERTIONS = NO;
				ENABLE_STRICT_OBJC_MSGSEND = YES;
				GCC_C_LANGUAGE_STANDARD = gnu99;
				GCC_WARN_64_TO_32_BIT_CONVERSION = YES;
				GCC_WARN_ABOUT_RETURN_TYPE = YES_ERROR;
				GCC_WARN_UNDECLARED_SELECTOR = YES;
				GCC_WARN_UNINITIALIZED_AUTOS = YES_AGGRESSIVE;
				GCC_WARN_UNUSED_FUNCTION = YES;
				GCC_WARN_UNUSED_VARIABLE = YES;
				IPHONEOS_DEPLOYMENT_TARGET = 6.0;
				MTL_ENABLE_DEBUG_INFO = NO;
				SDKROOT = iphoneos;
				VALIDATE_PRODUCT = YES;
			};
			name = Release;
		};
		EA1E1F981A8C46090067C991 /* Debug */ = {
			isa = XCBuildConfiguration;
			buildSettings = {
				APPLICATION_EXTENSION_API_ONLY = YES;
				GCC_PRECOMPILE_PREFIX_HEADER = NO;
				GCC_TREAT_WARNINGS_AS_ERRORS = YES;
				OTHER_LDFLAGS = "-ObjC";
				PRODUCT_NAME = Valet;
				PUBLIC_HEADERS_FOLDER_PATH = "include/$(PRODUCT_NAME)";
				SKIP_INSTALL = YES;
			};
			name = Debug;
		};
		EA1E1F991A8C46090067C991 /* Release */ = {
			isa = XCBuildConfiguration;
			buildSettings = {
				APPLICATION_EXTENSION_API_ONLY = YES;
				GCC_PRECOMPILE_PREFIX_HEADER = NO;
				GCC_TREAT_WARNINGS_AS_ERRORS = YES;
				OTHER_LDFLAGS = "-ObjC";
				PRODUCT_NAME = Valet;
				PUBLIC_HEADERS_FOLDER_PATH = "include/$(PRODUCT_NAME)";
				SKIP_INSTALL = YES;
			};
			name = Release;
		};
		EA1E1F9B1A8C46090067C991 /* Debug */ = {
			isa = XCBuildConfiguration;
			buildSettings = {
				CLANG_ENABLE_MODULES = YES;
				GCC_PREPROCESSOR_DEFINITIONS = (
					"DEBUG=1",
					"$(inherited)",
				);
				GCC_TREAT_WARNINGS_AS_ERRORS = YES;
				INFOPLIST_FILE = ValetTests/Info.plist;
				IPHONEOS_DEPLOYMENT_TARGET = 7.0;
				LD_RUNPATH_SEARCH_PATHS = "$(inherited) @executable_path/Frameworks @loader_path/Frameworks";
				PRODUCT_BUNDLE_IDENTIFIER = "com.squareup.$(PRODUCT_NAME:rfc1034identifier)";
				PRODUCT_NAME = "$(TARGET_NAME)";
				SWIFT_OBJC_BRIDGING_HEADER = "ValetTests/Valet-Tests-Bridging-Header.h";
				SWIFT_OPTIMIZATION_LEVEL = "-Onone";
			};
			name = Debug;
		};
		EA1E1F9C1A8C46090067C991 /* Release */ = {
			isa = XCBuildConfiguration;
			buildSettings = {
				CLANG_ENABLE_MODULES = YES;
				GCC_TREAT_WARNINGS_AS_ERRORS = YES;
				INFOPLIST_FILE = ValetTests/Info.plist;
				IPHONEOS_DEPLOYMENT_TARGET = 7.0;
				LD_RUNPATH_SEARCH_PATHS = "$(inherited) @executable_path/Frameworks @loader_path/Frameworks";
				PRODUCT_BUNDLE_IDENTIFIER = "com.squareup.$(PRODUCT_NAME:rfc1034identifier)";
				PRODUCT_NAME = "$(TARGET_NAME)";
				SWIFT_OBJC_BRIDGING_HEADER = "ValetTests/Valet-Tests-Bridging-Header.h";
			};
			name = Release;
		};
		EAEAA8931B167A8700F7AA98 /* Debug */ = {
			isa = XCBuildConfiguration;
			buildSettings = {
				APPLICATION_EXTENSION_API_ONLY = YES;
				COMBINE_HIDPI_IMAGES = YES;
				DEBUG_INFORMATION_FORMAT = dwarf;
				DYLIB_COMPATIBILITY_VERSION = 1;
				DYLIB_CURRENT_VERSION = 1;
				EXECUTABLE_PREFIX = lib;
				GCC_NO_COMMON_BLOCKS = YES;
				GCC_PREPROCESSOR_DEFINITIONS = (
					"DEBUG=1",
					"$(inherited)",
				);
				GCC_TREAT_WARNINGS_AS_ERRORS = YES;
				MACOSX_DEPLOYMENT_TARGET = 10.10;
				PRODUCT_NAME = Valet;
				SDKROOT = macosx;
			};
			name = Debug;
		};
		EAEAA8941B167A8700F7AA98 /* Release */ = {
			isa = XCBuildConfiguration;
			buildSettings = {
				APPLICATION_EXTENSION_API_ONLY = YES;
				COMBINE_HIDPI_IMAGES = YES;
				COPY_PHASE_STRIP = NO;
				DEBUG_INFORMATION_FORMAT = "dwarf-with-dsym";
				DYLIB_COMPATIBILITY_VERSION = 1;
				DYLIB_CURRENT_VERSION = 1;
				EXECUTABLE_PREFIX = lib;
				GCC_NO_COMMON_BLOCKS = YES;
				GCC_TREAT_WARNINGS_AS_ERRORS = YES;
				MACOSX_DEPLOYMENT_TARGET = 10.10;
				PRODUCT_NAME = Valet;
				SDKROOT = macosx;
			};
			name = Release;
		};
		EAEAA8951B167A8700F7AA98 /* Debug */ = {
			isa = XCBuildConfiguration;
			buildSettings = {
				CLANG_ENABLE_MODULES = YES;
				COMBINE_HIDPI_IMAGES = YES;
				DEBUG_INFORMATION_FORMAT = dwarf;
				FRAMEWORK_SEARCH_PATHS = (
					"$(DEVELOPER_FRAMEWORKS_DIR)",
					"$(inherited)",
				);
				GCC_NO_COMMON_BLOCKS = YES;
				GCC_PREPROCESSOR_DEFINITIONS = (
					"DEBUG=1",
					"$(inherited)",
				);
				GCC_TREAT_WARNINGS_AS_ERRORS = YES;
				INFOPLIST_FILE = ValetTests/Info.plist;
				LD_RUNPATH_SEARCH_PATHS = "$(inherited) @executable_path/../Frameworks @loader_path/../Frameworks";
				MACOSX_DEPLOYMENT_TARGET = 10.10;
				PRODUCT_BUNDLE_IDENTIFIER = "com.squareup.$(PRODUCT_NAME:rfc1034identifier)";
				PRODUCT_NAME = "$(TARGET_NAME)";
				SDKROOT = macosx;
				SWIFT_OBJC_BRIDGING_HEADER = "ValetTests/Valet-Tests-Bridging-Header.h";
				SWIFT_OPTIMIZATION_LEVEL = "-Onone";
			};
			name = Debug;
		};
		EAEAA8961B167A8700F7AA98 /* Release */ = {
			isa = XCBuildConfiguration;
			buildSettings = {
				CLANG_ENABLE_MODULES = YES;
				COMBINE_HIDPI_IMAGES = YES;
				COPY_PHASE_STRIP = NO;
				DEBUG_INFORMATION_FORMAT = "dwarf-with-dsym";
				FRAMEWORK_SEARCH_PATHS = (
					"$(DEVELOPER_FRAMEWORKS_DIR)",
					"$(inherited)",
				);
				GCC_NO_COMMON_BLOCKS = YES;
				GCC_TREAT_WARNINGS_AS_ERRORS = YES;
				INFOPLIST_FILE = ValetTests/Info.plist;
				LD_RUNPATH_SEARCH_PATHS = "$(inherited) @executable_path/../Frameworks @loader_path/../Frameworks";
				MACOSX_DEPLOYMENT_TARGET = 10.10;
				PRODUCT_BUNDLE_IDENTIFIER = "com.squareup.$(PRODUCT_NAME:rfc1034identifier)";
				PRODUCT_NAME = "$(TARGET_NAME)";
				SDKROOT = macosx;
				SWIFT_OBJC_BRIDGING_HEADER = "ValetTests/Valet-Tests-Bridging-Header.h";
			};
			name = Release;
		};
		EAF894951B053E0700EDAD6C /* Debug */ = {
			isa = XCBuildConfiguration;
			buildSettings = {
				ASSETCATALOG_COMPILER_APPICON_NAME = AppIcon;
				CLANG_ENABLE_MODULES = YES;
				"CODE_SIGN_IDENTITY[sdk=iphoneos*]" = "iPhone Developer";
				DEBUG_INFORMATION_FORMAT = "dwarf-with-dsym";
				GCC_NO_COMMON_BLOCKS = YES;
				GCC_PREPROCESSOR_DEFINITIONS = (
					"DEBUG=1",
					"$(inherited)",
				);
				GCC_TREAT_WARNINGS_AS_ERRORS = YES;
				INFOPLIST_FILE = ValetTouchIDTest/Info.plist;
				IPHONEOS_DEPLOYMENT_TARGET = 8.0;
				LD_RUNPATH_SEARCH_PATHS = "$(inherited) @executable_path/Frameworks";
				PRODUCT_BUNDLE_IDENTIFIER = "com.squareup.$(PRODUCT_NAME:rfc1034identifier)";
				PRODUCT_NAME = "$(TARGET_NAME)";
				SWIFT_OBJC_BRIDGING_HEADER = "ValetTouchIDTest/ValetTouchIDTest-Bridging-Header.h";
				SWIFT_OPTIMIZATION_LEVEL = "-Onone";
			};
			name = Debug;
		};
		EAF894961B053E0700EDAD6C /* Release */ = {
			isa = XCBuildConfiguration;
			buildSettings = {
				ASSETCATALOG_COMPILER_APPICON_NAME = AppIcon;
				CLANG_ENABLE_MODULES = YES;
				"CODE_SIGN_IDENTITY[sdk=iphoneos*]" = "iPhone Developer";
				COPY_PHASE_STRIP = NO;
				DEBUG_INFORMATION_FORMAT = "dwarf-with-dsym";
				GCC_NO_COMMON_BLOCKS = YES;
				GCC_TREAT_WARNINGS_AS_ERRORS = YES;
				INFOPLIST_FILE = ValetTouchIDTest/Info.plist;
				IPHONEOS_DEPLOYMENT_TARGET = 8.0;
				LD_RUNPATH_SEARCH_PATHS = "$(inherited) @executable_path/Frameworks";
				PRODUCT_BUNDLE_IDENTIFIER = "com.squareup.$(PRODUCT_NAME:rfc1034identifier)";
				PRODUCT_NAME = "$(TARGET_NAME)";
				SWIFT_OBJC_BRIDGING_HEADER = "ValetTouchIDTest/ValetTouchIDTest-Bridging-Header.h";
			};
			name = Release;
		};
/* End XCBuildConfiguration section */

/* Begin XCConfigurationList section */
		26E682831BA8B3F900EFF4EA /* Build configuration list for PBXNativeTarget "Valet-iOS" */ = {
			isa = XCConfigurationList;
			buildConfigurations = (
				26E682811BA8B3F900EFF4EA /* Debug */,
				26E682821BA8B3F900EFF4EA /* Release */,
			);
			defaultConfigurationIsVisible = 0;
			defaultConfigurationName = Release;
		};
		26E6828F1BA8B4B200EFF4EA /* Build configuration list for PBXNativeTarget "Valet-Mac" */ = {
			isa = XCConfigurationList;
			buildConfigurations = (
				26E682901BA8B4B200EFF4EA /* Debug */,
				26E682911BA8B4B200EFF4EA /* Release */,
			);
			defaultConfigurationIsVisible = 0;
			defaultConfigurationName = Release;
		};
		EA1E1F7E1A8C46080067C991 /* Build configuration list for PBXProject "Valet" */ = {
			isa = XCConfigurationList;
			buildConfigurations = (
				EA1E1F951A8C46090067C991 /* Debug */,
				EA1E1F961A8C46090067C991 /* Release */,
			);
			defaultConfigurationIsVisible = 0;
			defaultConfigurationName = Release;
		};
		EA1E1F971A8C46090067C991 /* Build configuration list for PBXNativeTarget "Valet iOS" */ = {
			isa = XCConfigurationList;
			buildConfigurations = (
				EA1E1F981A8C46090067C991 /* Debug */,
				EA1E1F991A8C46090067C991 /* Release */,
			);
			defaultConfigurationIsVisible = 0;
			defaultConfigurationName = Release;
		};
		EA1E1F9A1A8C46090067C991 /* Build configuration list for PBXNativeTarget "Valet iOS Tests" */ = {
			isa = XCConfigurationList;
			buildConfigurations = (
				EA1E1F9B1A8C46090067C991 /* Debug */,
				EA1E1F9C1A8C46090067C991 /* Release */,
			);
			defaultConfigurationIsVisible = 0;
			defaultConfigurationName = Release;
		};
		EAEAA8971B167A8700F7AA98 /* Build configuration list for PBXNativeTarget "Valet Mac" */ = {
			isa = XCConfigurationList;
			buildConfigurations = (
				EAEAA8931B167A8700F7AA98 /* Debug */,
				EAEAA8941B167A8700F7AA98 /* Release */,
			);
			defaultConfigurationIsVisible = 0;
			defaultConfigurationName = Release;
		};
		EAEAA8981B167A8700F7AA98 /* Build configuration list for PBXNativeTarget "Valet Mac Tests" */ = {
			isa = XCConfigurationList;
			buildConfigurations = (
				EAEAA8951B167A8700F7AA98 /* Debug */,
				EAEAA8961B167A8700F7AA98 /* Release */,
			);
			defaultConfigurationIsVisible = 0;
			defaultConfigurationName = Release;
		};
		EAF894941B053E0700EDAD6C /* Build configuration list for PBXNativeTarget "ValetTouchIDTest" */ = {
			isa = XCConfigurationList;
			buildConfigurations = (
				EAF894951B053E0700EDAD6C /* Debug */,
				EAF894961B053E0700EDAD6C /* Release */,
			);
			defaultConfigurationIsVisible = 0;
			defaultConfigurationName = Release;
		};
/* End XCConfigurationList section */
	};
	rootObject = EA1E1F7B1A8C46080067C991 /* Project object */;
}
