// !$*UTF8*$!
{
	archiveVersion = 1;
	classes = {
	};
	objectVersion = 46;
	objects = {

/* Begin PBXBuildFile section */
		26E682841BA8B42100EFF4EA /* Valet.h in Headers */ = {isa = PBXBuildFile; fileRef = EA1E1F861A8C46080067C991 /* Valet.h */; settings = {ATTRIBUTES = (Public, ); }; };
		26F06A531BA8B53100E039CD /* VALSynchronizableValet.h in Headers */ = {isa = PBXBuildFile; fileRef = EAEEAC1B1AB7B84000EDB6E3 /* VALSynchronizableValet.h */; settings = {ATTRIBUTES = (Public, ); }; };
		26F06A541BA8B53C00E039CD /* VALSecureEnclaveValet.h in Headers */ = {isa = PBXBuildFile; fileRef = EAEEAC1E1AB7B84E00EDB6E3 /* VALSecureEnclaveValet.h */; settings = {ATTRIBUTES = (Public, ); }; };
		26F06A551BA8B53F00E039CD /* VALValet.h in Headers */ = {isa = PBXBuildFile; fileRef = EAEEAC181AB7B83300EDB6E3 /* VALValet.h */; settings = {ATTRIBUTES = (Public, ); }; };
		26F06A561BA8B54400E039CD /* VALValet_Protected.h in Headers */ = {isa = PBXBuildFile; fileRef = EAEEAC231AB7BA0C00EDB6E3 /* VALValet_Protected.h */; };
		26F06A571BA8B54E00E039CD /* Valet.h in Headers */ = {isa = PBXBuildFile; fileRef = EA1E1F861A8C46080067C991 /* Valet.h */; settings = {ATTRIBUTES = (Public, ); }; };
		26F06A581BA8B55000E039CD /* VALValet.h in Headers */ = {isa = PBXBuildFile; fileRef = EAEEAC181AB7B83300EDB6E3 /* VALValet.h */; settings = {ATTRIBUTES = (Public, ); }; };
		26F06A591BA8B55100E039CD /* VALValet_Protected.h in Headers */ = {isa = PBXBuildFile; fileRef = EAEEAC231AB7BA0C00EDB6E3 /* VALValet_Protected.h */; };
		26F06A5A1BA8B55300E039CD /* VALSecureEnclaveValet.h in Headers */ = {isa = PBXBuildFile; fileRef = EAEEAC1E1AB7B84E00EDB6E3 /* VALSecureEnclaveValet.h */; settings = {ATTRIBUTES = (Public, ); }; };
		26F06A5B1BA8B55500E039CD /* VALSynchronizableValet.h in Headers */ = {isa = PBXBuildFile; fileRef = EAEEAC1B1AB7B84000EDB6E3 /* VALSynchronizableValet.h */; settings = {ATTRIBUTES = (Public, ); }; };
		26F06A5C1BA8B55D00E039CD /* ValetDefines.h in Headers */ = {isa = PBXBuildFile; fileRef = EAEEAC251AB7BA9800EDB6E3 /* ValetDefines.h */; };
		26F06A5D1BA8B56000E039CD /* ValetDefines.h in Headers */ = {isa = PBXBuildFile; fileRef = EAEEAC251AB7BA9800EDB6E3 /* ValetDefines.h */; };
		26F06A8D1BA8BC8F00E039CD /* VALValet.m in Sources */ = {isa = PBXBuildFile; fileRef = EAEEAC191AB7B83300EDB6E3 /* VALValet.m */; };
		26F06A8E1BA8BC9000E039CD /* VALSecureEnclaveValet.m in Sources */ = {isa = PBXBuildFile; fileRef = EAEEAC1F1AB7B84E00EDB6E3 /* VALSecureEnclaveValet.m */; };
		26F06A8F1BA8BC9200E039CD /* VALSynchronizableValet.m in Sources */ = {isa = PBXBuildFile; fileRef = EAEEAC1C1AB7B84000EDB6E3 /* VALSynchronizableValet.m */; };
		26F06A901BA8BC9400E039CD /* VALSynchronizableValet.m in Sources */ = {isa = PBXBuildFile; fileRef = EAEEAC1C1AB7B84000EDB6E3 /* VALSynchronizableValet.m */; };
		26F06A911BA8BC9500E039CD /* VALSecureEnclaveValet.m in Sources */ = {isa = PBXBuildFile; fileRef = EAEEAC1F1AB7B84E00EDB6E3 /* VALSecureEnclaveValet.m */; };
		26F06A921BA8BC9700E039CD /* VALValet.m in Sources */ = {isa = PBXBuildFile; fileRef = EAEEAC191AB7B83300EDB6E3 /* VALValet.m */; };
		371150A81E2962D8004A45D4 /* ValetIOSTestHostAppDelegate.swift in Sources */ = {isa = PBXBuildFile; fileRef = 371150A71E2962D8004A45D4 /* ValetIOSTestHostAppDelegate.swift */; };
		371150AA1E2962D8004A45D4 /* ValetIOSTestHostViewController.swift in Sources */ = {isa = PBXBuildFile; fileRef = 371150A91E2962D8004A45D4 /* ValetIOSTestHostViewController.swift */; };
		371150AD1E2962D8004A45D4 /* Main.storyboard in Resources */ = {isa = PBXBuildFile; fileRef = 371150AB1E2962D8004A45D4 /* Main.storyboard */; };
		371150AF1E2962D8004A45D4 /* Assets.xcassets in Resources */ = {isa = PBXBuildFile; fileRef = 371150AE1E2962D8004A45D4 /* Assets.xcassets */; };
		371150B21E2962D8004A45D4 /* LaunchScreen.storyboard in Resources */ = {isa = PBXBuildFile; fileRef = 371150B01E2962D8004A45D4 /* LaunchScreen.storyboard */; };
		371E380A1E3713CB008A1C62 /* VALSecureEnclaveValet_Protected.h in Headers */ = {isa = PBXBuildFile; fileRef = 371E38071E3713CB008A1C62 /* VALSecureEnclaveValet_Protected.h */; };
		371E380B1E3713CB008A1C62 /* VALSecureEnclaveValet_Protected.h in Headers */ = {isa = PBXBuildFile; fileRef = 371E38071E3713CB008A1C62 /* VALSecureEnclaveValet_Protected.h */; };
		371E38101E3713DF008A1C62 /* VALSinglePromptSecureEnclaveValet.h in Headers */ = {isa = PBXBuildFile; fileRef = 371E380C1E3713DF008A1C62 /* VALSinglePromptSecureEnclaveValet.h */; settings = {ATTRIBUTES = (Public, ); }; };
		371E38111E3713DF008A1C62 /* VALSinglePromptSecureEnclaveValet.h in Headers */ = {isa = PBXBuildFile; fileRef = 371E380C1E3713DF008A1C62 /* VALSinglePromptSecureEnclaveValet.h */; settings = {ATTRIBUTES = (Public, ); }; };
		371E38141E3713DF008A1C62 /* VALSinglePromptSecureEnclaveValet.m in Sources */ = {isa = PBXBuildFile; fileRef = 371E380D1E3713DF008A1C62 /* VALSinglePromptSecureEnclaveValet.m */; };
		371E38151E3713DF008A1C62 /* VALSinglePromptSecureEnclaveValet.m in Sources */ = {isa = PBXBuildFile; fileRef = 371E380D1E3713DF008A1C62 /* VALSinglePromptSecureEnclaveValet.m */; };
		AC2986F31F6DA7BC00BE78F3 /* ValetTests.swift in Sources */ = {isa = PBXBuildFile; fileRef = AC2986F21F6DA7BB00BE78F3 /* ValetTests.swift */; };
		AC80E09F1F6DAB410091D04D /* ValetTests.swift in Sources */ = {isa = PBXBuildFile; fileRef = AC2986F21F6DA7BB00BE78F3 /* ValetTests.swift */; };
		AC89A3EC1CC82426009A7121 /* ValetTouchIDTestAppDelegate.swift in Sources */ = {isa = PBXBuildFile; fileRef = AC89A3EB1CC82426009A7121 /* ValetTouchIDTestAppDelegate.swift */; };
		AC89A3EE1CC82738009A7121 /* ValetTouchIDTestViewController.swift in Sources */ = {isa = PBXBuildFile; fileRef = AC89A3ED1CC82738009A7121 /* ValetTouchIDTestViewController.swift */; };
		EA1E1FA01A8C48560067C991 /* ValetTests.m in Sources */ = {isa = PBXBuildFile; fileRef = EA1E1F9F1A8C48560067C991 /* ValetTests.m */; };
		EAEAA8991B16813100F7AA98 /* ValetTests.m in Sources */ = {isa = PBXBuildFile; fileRef = EA1E1F9F1A8C48560067C991 /* ValetTests.m */; };
		EAF894841B053E0500EDAD6C /* Images.xcassets in Resources */ = {isa = PBXBuildFile; fileRef = EAF894831B053E0500EDAD6C /* Images.xcassets */; };
		EAF8949E1B05420200EDAD6C /* ValetSecureElementTestMain.storyboard in Resources */ = {isa = PBXBuildFile; fileRef = EAF8949C1B05420200EDAD6C /* ValetSecureElementTestMain.storyboard */; };
		EAF894A11B05420800EDAD6C /* ValetSecureElementTestLaunchScreen.xib in Resources */ = {isa = PBXBuildFile; fileRef = EAF8949F1B05420700EDAD6C /* ValetSecureElementTestLaunchScreen.xib */; };
/* End PBXBuildFile section */

/* Begin PBXContainerItemProxy section */
		16B4284F1F6DD4290052680B /* PBXContainerItemProxy */ = {
			isa = PBXContainerItemProxy;
			containerPortal = EA1E1F7B1A8C46080067C991 /* Project object */;
			proxyType = 1;
			remoteGlobalIDString = 26E6827B1BA8B3F900EFF4EA;
			remoteInfo = "Valet-iOS";
		};
		371150B81E2962FC004A45D4 /* PBXContainerItemProxy */ = {
			isa = PBXContainerItemProxy;
			containerPortal = EA1E1F7B1A8C46080067C991 /* Project object */;
			proxyType = 1;
			remoteGlobalIDString = 371150A41E2962D8004A45D4;
			remoteInfo = "Valet iOS Test Host App";
		};
		AC80E0A01F6DABB80091D04D /* PBXContainerItemProxy */ = {
			isa = PBXContainerItemProxy;
			containerPortal = EA1E1F7B1A8C46080067C991 /* Project object */;
			proxyType = 1;
			remoteGlobalIDString = 26E6827B1BA8B3F900EFF4EA;
			remoteInfo = "Valet-iOS";
		};
		AC80E0A21F6DABC90091D04D /* PBXContainerItemProxy */ = {
			isa = PBXContainerItemProxy;
			containerPortal = EA1E1F7B1A8C46080067C991 /* Project object */;
			proxyType = 1;
			remoteGlobalIDString = 26E682891BA8B4B200EFF4EA;
			remoteInfo = "Valet-Mac";
		};
/* End PBXContainerItemProxy section */

/* Begin PBXFileReference section */
		26E6827C1BA8B3F900EFF4EA /* Valet.framework */ = {isa = PBXFileReference; explicitFileType = wrapper.framework; includeInIndex = 0; path = Valet.framework; sourceTree = BUILT_PRODUCTS_DIR; };
		26E6828A1BA8B4B200EFF4EA /* Valet.framework */ = {isa = PBXFileReference; explicitFileType = wrapper.framework; includeInIndex = 0; path = Valet.framework; sourceTree = BUILT_PRODUCTS_DIR; };
		26E682921BA8B4D200EFF4EA /* Info.plist */ = {isa = PBXFileReference; fileEncoding = 4; lastKnownFileType = text.plist.xml; path = Info.plist; sourceTree = "<group>"; };
		371150A51E2962D8004A45D4 /* Valet iOS Test Host App.app */ = {isa = PBXFileReference; explicitFileType = wrapper.application; includeInIndex = 0; path = "Valet iOS Test Host App.app"; sourceTree = BUILT_PRODUCTS_DIR; };
		371150A71E2962D8004A45D4 /* ValetIOSTestHostAppDelegate.swift */ = {isa = PBXFileReference; lastKnownFileType = sourcecode.swift; path = ValetIOSTestHostAppDelegate.swift; sourceTree = "<group>"; };
		371150A91E2962D8004A45D4 /* ValetIOSTestHostViewController.swift */ = {isa = PBXFileReference; lastKnownFileType = sourcecode.swift; path = ValetIOSTestHostViewController.swift; sourceTree = "<group>"; };
		371150AC1E2962D8004A45D4 /* Base */ = {isa = PBXFileReference; lastKnownFileType = file.storyboard; name = Base; path = Base.lproj/Main.storyboard; sourceTree = "<group>"; };
		371150AE1E2962D8004A45D4 /* Assets.xcassets */ = {isa = PBXFileReference; lastKnownFileType = folder.assetcatalog; path = Assets.xcassets; sourceTree = "<group>"; };
		371150B11E2962D8004A45D4 /* Base */ = {isa = PBXFileReference; lastKnownFileType = file.storyboard; name = Base; path = Base.lproj/LaunchScreen.storyboard; sourceTree = "<group>"; };
		371150B31E2962D8004A45D4 /* Info.plist */ = {isa = PBXFileReference; lastKnownFileType = text.plist.xml; path = Info.plist; sourceTree = "<group>"; };
		371E38071E3713CB008A1C62 /* VALSecureEnclaveValet_Protected.h */ = {isa = PBXFileReference; fileEncoding = 4; lastKnownFileType = sourcecode.c.h; path = VALSecureEnclaveValet_Protected.h; sourceTree = "<group>"; };
		371E380C1E3713DF008A1C62 /* VALSinglePromptSecureEnclaveValet.h */ = {isa = PBXFileReference; fileEncoding = 4; lastKnownFileType = sourcecode.c.h; path = VALSinglePromptSecureEnclaveValet.h; sourceTree = "<group>"; };
		371E380D1E3713DF008A1C62 /* VALSinglePromptSecureEnclaveValet.m */ = {isa = PBXFileReference; fileEncoding = 4; lastKnownFileType = sourcecode.c.objc; path = VALSinglePromptSecureEnclaveValet.m; sourceTree = "<group>"; };
		37250B1D1E2DD55D008B4777 /* Valet iOS Test Host App.entitlements */ = {isa = PBXFileReference; lastKnownFileType = text.plist.entitlements; path = "Valet iOS Test Host App.entitlements"; sourceTree = "<group>"; };
		AC2986F21F6DA7BB00BE78F3 /* ValetTests.swift */ = {isa = PBXFileReference; lastKnownFileType = sourcecode.swift; path = ValetTests.swift; sourceTree = "<group>"; };
		AC59EF021F6DB539008BD6AF /* ValetTests-Bridging-Header.h */ = {isa = PBXFileReference; lastKnownFileType = sourcecode.c.h; path = "ValetTests-Bridging-Header.h"; sourceTree = "<group>"; };
		AC59EF031F6DB5DA008BD6AF /* ValetTests.h */ = {isa = PBXFileReference; lastKnownFileType = sourcecode.c.h; path = ValetTests.h; sourceTree = "<group>"; };
		AC89A3EA1CC82426009A7121 /* ValetTouchIDTest-Bridging-Header.h */ = {isa = PBXFileReference; lastKnownFileType = sourcecode.c.h; path = "ValetTouchIDTest-Bridging-Header.h"; sourceTree = "<group>"; };
		AC89A3EB1CC82426009A7121 /* ValetTouchIDTestAppDelegate.swift */ = {isa = PBXFileReference; fileEncoding = 4; lastKnownFileType = sourcecode.swift; path = ValetTouchIDTestAppDelegate.swift; sourceTree = "<group>"; };
		AC89A3ED1CC82738009A7121 /* ValetTouchIDTestViewController.swift */ = {isa = PBXFileReference; fileEncoding = 4; lastKnownFileType = sourcecode.swift; path = ValetTouchIDTestViewController.swift; sourceTree = "<group>"; };
		EA1E1F861A8C46080067C991 /* Valet.h */ = {isa = PBXFileReference; lastKnownFileType = sourcecode.c.h; path = Valet.h; sourceTree = "<group>"; };
		EA1E1F8E1A8C46090067C991 /* Valet iOS Tests.xctest */ = {isa = PBXFileReference; explicitFileType = wrapper.cfbundle; includeInIndex = 0; path = "Valet iOS Tests.xctest"; sourceTree = BUILT_PRODUCTS_DIR; };
		EA1E1F941A8C46090067C991 /* Info.plist */ = {isa = PBXFileReference; lastKnownFileType = text.plist.xml; path = Info.plist; sourceTree = "<group>"; };
		EA1E1F9F1A8C48560067C991 /* ValetTests.m */ = {isa = PBXFileReference; fileEncoding = 4; lastKnownFileType = sourcecode.c.objc; path = ValetTests.m; sourceTree = "<group>"; };
		EAEAA88C1B167A8700F7AA98 /* Valet Mac Tests.xctest */ = {isa = PBXFileReference; explicitFileType = wrapper.cfbundle; includeInIndex = 0; path = "Valet Mac Tests.xctest"; sourceTree = BUILT_PRODUCTS_DIR; };
		EAEEAC181AB7B83300EDB6E3 /* VALValet.h */ = {isa = PBXFileReference; fileEncoding = 4; lastKnownFileType = sourcecode.c.h; path = VALValet.h; sourceTree = "<group>"; };
		EAEEAC191AB7B83300EDB6E3 /* VALValet.m */ = {isa = PBXFileReference; fileEncoding = 4; lastKnownFileType = sourcecode.c.objc; path = VALValet.m; sourceTree = "<group>"; };
		EAEEAC1B1AB7B84000EDB6E3 /* VALSynchronizableValet.h */ = {isa = PBXFileReference; fileEncoding = 4; lastKnownFileType = sourcecode.c.h; path = VALSynchronizableValet.h; sourceTree = "<group>"; };
		EAEEAC1C1AB7B84000EDB6E3 /* VALSynchronizableValet.m */ = {isa = PBXFileReference; fileEncoding = 4; lastKnownFileType = sourcecode.c.objc; path = VALSynchronizableValet.m; sourceTree = "<group>"; };
		EAEEAC1E1AB7B84E00EDB6E3 /* VALSecureEnclaveValet.h */ = {isa = PBXFileReference; fileEncoding = 4; lastKnownFileType = sourcecode.c.h; path = VALSecureEnclaveValet.h; sourceTree = "<group>"; };
		EAEEAC1F1AB7B84E00EDB6E3 /* VALSecureEnclaveValet.m */ = {isa = PBXFileReference; fileEncoding = 4; lastKnownFileType = sourcecode.c.objc; path = VALSecureEnclaveValet.m; sourceTree = "<group>"; };
		EAEEAC231AB7BA0C00EDB6E3 /* VALValet_Protected.h */ = {isa = PBXFileReference; fileEncoding = 4; lastKnownFileType = sourcecode.c.h; path = VALValet_Protected.h; sourceTree = "<group>"; };
		EAEEAC251AB7BA9800EDB6E3 /* ValetDefines.h */ = {isa = PBXFileReference; lastKnownFileType = sourcecode.c.h; name = ValetDefines.h; path = Other/ValetDefines.h; sourceTree = "<group>"; };
		EAF894741B053E0500EDAD6C /* ValetTouchIDTest.app */ = {isa = PBXFileReference; explicitFileType = wrapper.application; includeInIndex = 0; path = ValetTouchIDTest.app; sourceTree = BUILT_PRODUCTS_DIR; };
		EAF894771B053E0500EDAD6C /* Info.plist */ = {isa = PBXFileReference; lastKnownFileType = text.plist.xml; path = Info.plist; sourceTree = "<group>"; };
		EAF894831B053E0500EDAD6C /* Images.xcassets */ = {isa = PBXFileReference; lastKnownFileType = folder.assetcatalog; path = Images.xcassets; sourceTree = "<group>"; };
		EAF8949D1B05420200EDAD6C /* Base */ = {isa = PBXFileReference; lastKnownFileType = file.storyboard; name = Base; path = Base.lproj/ValetSecureElementTestMain.storyboard; sourceTree = "<group>"; };
		EAF894A01B05420700EDAD6C /* Base */ = {isa = PBXFileReference; lastKnownFileType = file.xib; name = Base; path = Base.lproj/ValetSecureElementTestLaunchScreen.xib; sourceTree = "<group>"; };
/* End PBXFileReference section */

/* Begin PBXFrameworksBuildPhase section */
		26E682781BA8B3F900EFF4EA /* Frameworks */ = {
			isa = PBXFrameworksBuildPhase;
			buildActionMask = 2147483647;
			files = (
			);
			runOnlyForDeploymentPostprocessing = 0;
		};
		26E682861BA8B4B200EFF4EA /* Frameworks */ = {
			isa = PBXFrameworksBuildPhase;
			buildActionMask = 2147483647;
			files = (
			);
			runOnlyForDeploymentPostprocessing = 0;
		};
		371150A21E2962D8004A45D4 /* Frameworks */ = {
			isa = PBXFrameworksBuildPhase;
			buildActionMask = 2147483647;
			files = (
			);
			runOnlyForDeploymentPostprocessing = 0;
		};
		EA1E1F8B1A8C46090067C991 /* Frameworks */ = {
			isa = PBXFrameworksBuildPhase;
			buildActionMask = 2147483647;
			files = (
			);
			runOnlyForDeploymentPostprocessing = 0;
		};
		EAEAA8891B167A8700F7AA98 /* Frameworks */ = {
			isa = PBXFrameworksBuildPhase;
			buildActionMask = 2147483647;
			files = (
			);
			runOnlyForDeploymentPostprocessing = 0;
		};
		EAF894711B053E0400EDAD6C /* Frameworks */ = {
			isa = PBXFrameworksBuildPhase;
			buildActionMask = 2147483647;
			files = (
			);
			runOnlyForDeploymentPostprocessing = 0;
		};
/* End PBXFrameworksBuildPhase section */

/* Begin PBXGroup section */
		371150A61E2962D8004A45D4 /* Valet iOS Test Host App */ = {
			isa = PBXGroup;
			children = (
				37250B1D1E2DD55D008B4777 /* Valet iOS Test Host App.entitlements */,
				371150A71E2962D8004A45D4 /* ValetIOSTestHostAppDelegate.swift */,
				371150A91E2962D8004A45D4 /* ValetIOSTestHostViewController.swift */,
				371150AB1E2962D8004A45D4 /* Main.storyboard */,
				371150AE1E2962D8004A45D4 /* Assets.xcassets */,
				371150B01E2962D8004A45D4 /* LaunchScreen.storyboard */,
				371150B31E2962D8004A45D4 /* Info.plist */,
			);
			path = "Valet iOS Test Host App";
			sourceTree = "<group>";
		};
		EA1E1F7A1A8C46080067C991 = {
			isa = PBXGroup;
			children = (
				EA1E1F851A8C46080067C991 /* Valet */,
				EA1E1F921A8C46090067C991 /* ValetTests */,
				EAEEAC221AB7B85D00EDB6E3 /* Other */,
				EAF894751B053E0500EDAD6C /* ValetTouchIDTest */,
				371150A61E2962D8004A45D4 /* Valet iOS Test Host App */,
				EA1E1F841A8C46080067C991 /* Products */,
			);
			sourceTree = "<group>";
		};
		EA1E1F841A8C46080067C991 /* Products */ = {
			isa = PBXGroup;
			children = (
				EA1E1F8E1A8C46090067C991 /* Valet iOS Tests.xctest */,
				EAF894741B053E0500EDAD6C /* ValetTouchIDTest.app */,
				EAEAA88C1B167A8700F7AA98 /* Valet Mac Tests.xctest */,
				26E6827C1BA8B3F900EFF4EA /* Valet.framework */,
				26E6828A1BA8B4B200EFF4EA /* Valet.framework */,
				371150A51E2962D8004A45D4 /* Valet iOS Test Host App.app */,
			);
			name = Products;
			sourceTree = "<group>";
		};
		EA1E1F851A8C46080067C991 /* Valet */ = {
			isa = PBXGroup;
			children = (
				26E682921BA8B4D200EFF4EA /* Info.plist */,
				EA1E1F861A8C46080067C991 /* Valet.h */,
				EAEEAC181AB7B83300EDB6E3 /* VALValet.h */,
				EAEEAC231AB7BA0C00EDB6E3 /* VALValet_Protected.h */,
				EAEEAC191AB7B83300EDB6E3 /* VALValet.m */,
				EAEEAC1E1AB7B84E00EDB6E3 /* VALSecureEnclaveValet.h */,
				371E38071E3713CB008A1C62 /* VALSecureEnclaveValet_Protected.h */,
				EAEEAC1F1AB7B84E00EDB6E3 /* VALSecureEnclaveValet.m */,
				371E380C1E3713DF008A1C62 /* VALSinglePromptSecureEnclaveValet.h */,
				371E380D1E3713DF008A1C62 /* VALSinglePromptSecureEnclaveValet.m */,
				EAEEAC1B1AB7B84000EDB6E3 /* VALSynchronizableValet.h */,
				EAEEAC1C1AB7B84000EDB6E3 /* VALSynchronizableValet.m */,
			);
			path = Valet;
			sourceTree = "<group>";
		};
		EA1E1F921A8C46090067C991 /* ValetTests */ = {
			isa = PBXGroup;
			children = (
				AC59EF031F6DB5DA008BD6AF /* ValetTests.h */,
				EA1E1F9F1A8C48560067C991 /* ValetTests.m */,
				AC2986F21F6DA7BB00BE78F3 /* ValetTests.swift */,
				AC59EF021F6DB539008BD6AF /* ValetTests-Bridging-Header.h */,
				EA1E1F931A8C46090067C991 /* Supporting Files */,
			);
			path = ValetTests;
			sourceTree = "<group>";
		};
		EA1E1F931A8C46090067C991 /* Supporting Files */ = {
			isa = PBXGroup;
			children = (
				EA1E1F941A8C46090067C991 /* Info.plist */,
			);
			name = "Supporting Files";
			sourceTree = "<group>";
		};
		EAEEAC221AB7B85D00EDB6E3 /* Other */ = {
			isa = PBXGroup;
			children = (
				EAEEAC251AB7BA9800EDB6E3 /* ValetDefines.h */,
			);
			name = Other;
			sourceTree = "<group>";
		};
		EAF894751B053E0500EDAD6C /* ValetTouchIDTest */ = {
			isa = PBXGroup;
			children = (
				EAF8949C1B05420200EDAD6C /* ValetSecureElementTestMain.storyboard */,
				EAF894831B053E0500EDAD6C /* Images.xcassets */,
				EAF8949F1B05420700EDAD6C /* ValetSecureElementTestLaunchScreen.xib */,
				EAF894761B053E0500EDAD6C /* Supporting Files */,
				AC89A3EB1CC82426009A7121 /* ValetTouchIDTestAppDelegate.swift */,
				AC89A3EA1CC82426009A7121 /* ValetTouchIDTest-Bridging-Header.h */,
				AC89A3ED1CC82738009A7121 /* ValetTouchIDTestViewController.swift */,
			);
			path = ValetTouchIDTest;
			sourceTree = "<group>";
		};
		EAF894761B053E0500EDAD6C /* Supporting Files */ = {
			isa = PBXGroup;
			children = (
				EAF894771B053E0500EDAD6C /* Info.plist */,
			);
			name = "Supporting Files";
			sourceTree = "<group>";
		};
/* End PBXGroup section */

/* Begin PBXHeadersBuildPhase section */
		26E682791BA8B3F900EFF4EA /* Headers */ = {
			isa = PBXHeadersBuildPhase;
			buildActionMask = 2147483647;
			files = (
				26E682841BA8B42100EFF4EA /* Valet.h in Headers */,
				371E38101E3713DF008A1C62 /* VALSinglePromptSecureEnclaveValet.h in Headers */,
				26F06A551BA8B53F00E039CD /* VALValet.h in Headers */,
				26F06A541BA8B53C00E039CD /* VALSecureEnclaveValet.h in Headers */,
				26F06A531BA8B53100E039CD /* VALSynchronizableValet.h in Headers */,
				371E380A1E3713CB008A1C62 /* VALSecureEnclaveValet_Protected.h in Headers */,
				26F06A5C1BA8B55D00E039CD /* ValetDefines.h in Headers */,
				26F06A561BA8B54400E039CD /* VALValet_Protected.h in Headers */,
			);
			runOnlyForDeploymentPostprocessing = 0;
		};
		26E682871BA8B4B200EFF4EA /* Headers */ = {
			isa = PBXHeadersBuildPhase;
			buildActionMask = 2147483647;
			files = (
				26F06A571BA8B54E00E039CD /* Valet.h in Headers */,
				371E38111E3713DF008A1C62 /* VALSinglePromptSecureEnclaveValet.h in Headers */,
				26F06A581BA8B55000E039CD /* VALValet.h in Headers */,
				26F06A5A1BA8B55300E039CD /* VALSecureEnclaveValet.h in Headers */,
				26F06A5B1BA8B55500E039CD /* VALSynchronizableValet.h in Headers */,
				371E380B1E3713CB008A1C62 /* VALSecureEnclaveValet_Protected.h in Headers */,
				26F06A591BA8B55100E039CD /* VALValet_Protected.h in Headers */,
				26F06A5D1BA8B56000E039CD /* ValetDefines.h in Headers */,
			);
			runOnlyForDeploymentPostprocessing = 0;
		};
/* End PBXHeadersBuildPhase section */

/* Begin PBXNativeTarget section */
		26E6827B1BA8B3F900EFF4EA /* Valet iOS */ = {
			isa = PBXNativeTarget;
			buildConfigurationList = 26E682831BA8B3F900EFF4EA /* Build configuration list for PBXNativeTarget "Valet iOS" */;
			buildPhases = (
				26E682771BA8B3F900EFF4EA /* Sources */,
				26E682781BA8B3F900EFF4EA /* Frameworks */,
				26E682791BA8B3F900EFF4EA /* Headers */,
				26E6827A1BA8B3F900EFF4EA /* Resources */,
			);
			buildRules = (
			);
			dependencies = (
			);
			name = "Valet iOS";
			productName = "Valet-iOS";
			productReference = 26E6827C1BA8B3F900EFF4EA /* Valet.framework */;
			productType = "com.apple.product-type.framework";
		};
		26E682891BA8B4B200EFF4EA /* Valet Mac */ = {
			isa = PBXNativeTarget;
			buildConfigurationList = 26E6828F1BA8B4B200EFF4EA /* Build configuration list for PBXNativeTarget "Valet Mac" */;
			buildPhases = (
				26E682851BA8B4B200EFF4EA /* Sources */,
				26E682861BA8B4B200EFF4EA /* Frameworks */,
				26E682871BA8B4B200EFF4EA /* Headers */,
				26E682881BA8B4B200EFF4EA /* Resources */,
			);
			buildRules = (
			);
			dependencies = (
			);
			name = "Valet Mac";
			productName = "Valet-Mac";
			productReference = 26E6828A1BA8B4B200EFF4EA /* Valet.framework */;
			productType = "com.apple.product-type.framework";
		};
		371150A41E2962D8004A45D4 /* Valet iOS Test Host App */ = {
			isa = PBXNativeTarget;
			buildConfigurationList = 371150B41E2962D8004A45D4 /* Build configuration list for PBXNativeTarget "Valet iOS Test Host App" */;
			buildPhases = (
				371150A11E2962D8004A45D4 /* Sources */,
				371150A21E2962D8004A45D4 /* Frameworks */,
				371150A31E2962D8004A45D4 /* Resources */,
			);
			buildRules = (
			);
			dependencies = (
			);
			name = "Valet iOS Test Host App";
			productName = "Valet iOS Test Host App";
			productReference = 371150A51E2962D8004A45D4 /* Valet iOS Test Host App.app */;
			productType = "com.apple.product-type.application";
		};
		EA1E1F8D1A8C46090067C991 /* Valet iOS Tests */ = {
			isa = PBXNativeTarget;
			buildConfigurationList = EA1E1F9A1A8C46090067C991 /* Build configuration list for PBXNativeTarget "Valet iOS Tests" */;
			buildPhases = (
				EA1E1F8A1A8C46090067C991 /* Sources */,
				EA1E1F8B1A8C46090067C991 /* Frameworks */,
				EA1E1F8C1A8C46090067C991 /* Resources */,
			);
			buildRules = (
			);
			dependencies = (
				AC80E0A11F6DABB80091D04D /* PBXTargetDependency */,
				371150B91E2962FC004A45D4 /* PBXTargetDependency */,
			);
			name = "Valet iOS Tests";
			productName = ValetTests;
			productReference = EA1E1F8E1A8C46090067C991 /* Valet iOS Tests.xctest */;
			productType = "com.apple.product-type.bundle.unit-test";
		};
		EAEAA88B1B167A8700F7AA98 /* Valet Mac Tests */ = {
			isa = PBXNativeTarget;
			buildConfigurationList = EAEAA8981B167A8700F7AA98 /* Build configuration list for PBXNativeTarget "Valet Mac Tests" */;
			buildPhases = (
				EAEAA8881B167A8700F7AA98 /* Sources */,
				EAEAA8891B167A8700F7AA98 /* Frameworks */,
				EAEAA88A1B167A8700F7AA98 /* Resources */,
			);
			buildRules = (
			);
			dependencies = (
				AC80E0A31F6DABC90091D04D /* PBXTargetDependency */,
			);
			name = "Valet Mac Tests";
			productName = "Valet MacTests";
			productReference = EAEAA88C1B167A8700F7AA98 /* Valet Mac Tests.xctest */;
			productType = "com.apple.product-type.bundle.unit-test";
		};
		EAF894731B053E0400EDAD6C /* ValetTouchIDTest */ = {
			isa = PBXNativeTarget;
			buildConfigurationList = EAF894941B053E0700EDAD6C /* Build configuration list for PBXNativeTarget "ValetTouchIDTest" */;
			buildPhases = (
				EAF894701B053E0400EDAD6C /* Sources */,
				EAF894711B053E0400EDAD6C /* Frameworks */,
				EAF894721B053E0400EDAD6C /* Resources */,
			);
			buildRules = (
			);
			dependencies = (
				16B428501F6DD4290052680B /* PBXTargetDependency */,
			);
			name = ValetTouchIDTest;
			productName = ValetTouchIDTest;
			productReference = EAF894741B053E0500EDAD6C /* ValetTouchIDTest.app */;
			productType = "com.apple.product-type.application";
		};
/* End PBXNativeTarget section */

/* Begin PBXProject section */
		EA1E1F7B1A8C46080067C991 /* Project object */ = {
			isa = PBXProject;
			attributes = {
				LastSwiftUpdateCheck = 0820;
				LastUpgradeCheck = 0900;
				ORGANIZATIONNAME = "Square, Inc.";
				TargetAttributes = {
					26E6827B1BA8B3F900EFF4EA = {
						CreatedOnToolsVersion = 7.0;
						LastSwiftMigration = 0900;
					};
					26E682891BA8B4B200EFF4EA = {
						CreatedOnToolsVersion = 7.0;
						ProvisioningStyle = Automatic;
					};
					371150A41E2962D8004A45D4 = {
						CreatedOnToolsVersion = 8.2.1;
						DevelopmentTeam = 9XUJ7M53NG;
						LastSwiftMigration = 0900;
						ProvisioningStyle = Automatic;
						SystemCapabilities = {
							com.apple.Keychain = {
								enabled = 1;
							};
						};
					};
					EA1E1F8D1A8C46090067C991 = {
						CreatedOnToolsVersion = 6.1.1;
						DevelopmentTeam = 9XUJ7M53NG;
						LastSwiftMigration = 0900;
						ProvisioningStyle = Automatic;
						TestTargetID = 371150A41E2962D8004A45D4;
					};
					EAEAA88B1B167A8700F7AA98 = {
						CreatedOnToolsVersion = 6.3.2;
						LastSwiftMigration = 0900;
						ProvisioningStyle = Automatic;
					};
					EAF894731B053E0400EDAD6C = {
						CreatedOnToolsVersion = 6.3.1;
						LastSwiftMigration = 0900;
					};
				};
			};
			buildConfigurationList = EA1E1F7E1A8C46080067C991 /* Build configuration list for PBXProject "Valet" */;
			compatibilityVersion = "Xcode 3.2";
			developmentRegion = English;
			hasScannedForEncodings = 0;
			knownRegions = (
				en,
				Base,
			);
			mainGroup = EA1E1F7A1A8C46080067C991;
			productRefGroup = EA1E1F841A8C46080067C991 /* Products */;
			projectDirPath = "";
			projectRoot = "";
			targets = (
				EA1E1F8D1A8C46090067C991 /* Valet iOS Tests */,
				EAF894731B053E0400EDAD6C /* ValetTouchIDTest */,
				EAEAA88B1B167A8700F7AA98 /* Valet Mac Tests */,
				26E6827B1BA8B3F900EFF4EA /* Valet iOS */,
				26E682891BA8B4B200EFF4EA /* Valet Mac */,
				371150A41E2962D8004A45D4 /* Valet iOS Test Host App */,
			);
		};
/* End PBXProject section */

/* Begin PBXResourcesBuildPhase section */
		26E6827A1BA8B3F900EFF4EA /* Resources */ = {
			isa = PBXResourcesBuildPhase;
			buildActionMask = 2147483647;
			files = (
			);
			runOnlyForDeploymentPostprocessing = 0;
		};
		26E682881BA8B4B200EFF4EA /* Resources */ = {
			isa = PBXResourcesBuildPhase;
			buildActionMask = 2147483647;
			files = (
			);
			runOnlyForDeploymentPostprocessing = 0;
		};
		371150A31E2962D8004A45D4 /* Resources */ = {
			isa = PBXResourcesBuildPhase;
			buildActionMask = 2147483647;
			files = (
				371150B21E2962D8004A45D4 /* LaunchScreen.storyboard in Resources */,
				371150AF1E2962D8004A45D4 /* Assets.xcassets in Resources */,
				371150AD1E2962D8004A45D4 /* Main.storyboard in Resources */,
			);
			runOnlyForDeploymentPostprocessing = 0;
		};
		EA1E1F8C1A8C46090067C991 /* Resources */ = {
			isa = PBXResourcesBuildPhase;
			buildActionMask = 2147483647;
			files = (
			);
			runOnlyForDeploymentPostprocessing = 0;
		};
		EAEAA88A1B167A8700F7AA98 /* Resources */ = {
			isa = PBXResourcesBuildPhase;
			buildActionMask = 2147483647;
			files = (
			);
			runOnlyForDeploymentPostprocessing = 0;
		};
		EAF894721B053E0400EDAD6C /* Resources */ = {
			isa = PBXResourcesBuildPhase;
			buildActionMask = 2147483647;
			files = (
				EAF894A11B05420800EDAD6C /* ValetSecureElementTestLaunchScreen.xib in Resources */,
				EAF8949E1B05420200EDAD6C /* ValetSecureElementTestMain.storyboard in Resources */,
				EAF894841B053E0500EDAD6C /* Images.xcassets in Resources */,
			);
			runOnlyForDeploymentPostprocessing = 0;
		};
/* End PBXResourcesBuildPhase section */

/* Begin PBXSourcesBuildPhase section */
		26E682771BA8B3F900EFF4EA /* Sources */ = {
			isa = PBXSourcesBuildPhase;
			buildActionMask = 2147483647;
			files = (
				26F06A8D1BA8BC8F00E039CD /* VALValet.m in Sources */,
				26F06A8E1BA8BC9000E039CD /* VALSecureEnclaveValet.m in Sources */,
				371E38141E3713DF008A1C62 /* VALSinglePromptSecureEnclaveValet.m in Sources */,
				26F06A8F1BA8BC9200E039CD /* VALSynchronizableValet.m in Sources */,
			);
			runOnlyForDeploymentPostprocessing = 0;
		};
		26E682851BA8B4B200EFF4EA /* Sources */ = {
			isa = PBXSourcesBuildPhase;
			buildActionMask = 2147483647;
			files = (
				26F06A921BA8BC9700E039CD /* VALValet.m in Sources */,
				26F06A911BA8BC9500E039CD /* VALSecureEnclaveValet.m in Sources */,
				371E38151E3713DF008A1C62 /* VALSinglePromptSecureEnclaveValet.m in Sources */,
				26F06A901BA8BC9400E039CD /* VALSynchronizableValet.m in Sources */,
			);
			runOnlyForDeploymentPostprocessing = 0;
		};
		371150A11E2962D8004A45D4 /* Sources */ = {
			isa = PBXSourcesBuildPhase;
			buildActionMask = 2147483647;
			files = (
				371150AA1E2962D8004A45D4 /* ValetIOSTestHostViewController.swift in Sources */,
				371150A81E2962D8004A45D4 /* ValetIOSTestHostAppDelegate.swift in Sources */,
			);
			runOnlyForDeploymentPostprocessing = 0;
		};
		EA1E1F8A1A8C46090067C991 /* Sources */ = {
			isa = PBXSourcesBuildPhase;
			buildActionMask = 2147483647;
			files = (
				AC80E09F1F6DAB410091D04D /* ValetTests.swift in Sources */,
				EA1E1FA01A8C48560067C991 /* ValetTests.m in Sources */,
			);
			runOnlyForDeploymentPostprocessing = 0;
		};
		EAEAA8881B167A8700F7AA98 /* Sources */ = {
			isa = PBXSourcesBuildPhase;
			buildActionMask = 2147483647;
			files = (
				AC2986F31F6DA7BC00BE78F3 /* ValetTests.swift in Sources */,
				EAEAA8991B16813100F7AA98 /* ValetTests.m in Sources */,
			);
			runOnlyForDeploymentPostprocessing = 0;
		};
		EAF894701B053E0400EDAD6C /* Sources */ = {
			isa = PBXSourcesBuildPhase;
			buildActionMask = 2147483647;
			files = (
				AC89A3EC1CC82426009A7121 /* ValetTouchIDTestAppDelegate.swift in Sources */,
				AC89A3EE1CC82738009A7121 /* ValetTouchIDTestViewController.swift in Sources */,
			);
			runOnlyForDeploymentPostprocessing = 0;
		};
/* End PBXSourcesBuildPhase section */

/* Begin PBXTargetDependency section */
		16B428501F6DD4290052680B /* PBXTargetDependency */ = {
			isa = PBXTargetDependency;
			target = 26E6827B1BA8B3F900EFF4EA /* Valet iOS */;
			targetProxy = 16B4284F1F6DD4290052680B /* PBXContainerItemProxy */;
		};
		371150B91E2962FC004A45D4 /* PBXTargetDependency */ = {
			isa = PBXTargetDependency;
			target = 371150A41E2962D8004A45D4 /* Valet iOS Test Host App */;
			targetProxy = 371150B81E2962FC004A45D4 /* PBXContainerItemProxy */;
		};
		AC80E0A11F6DABB80091D04D /* PBXTargetDependency */ = {
			isa = PBXTargetDependency;
			target = 26E6827B1BA8B3F900EFF4EA /* Valet iOS */;
			targetProxy = AC80E0A01F6DABB80091D04D /* PBXContainerItemProxy */;
		};
		AC80E0A31F6DABC90091D04D /* PBXTargetDependency */ = {
			isa = PBXTargetDependency;
			target = 26E682891BA8B4B200EFF4EA /* Valet Mac */;
			targetProxy = AC80E0A21F6DABC90091D04D /* PBXContainerItemProxy */;
		};
/* End PBXTargetDependency section */

/* Begin PBXVariantGroup section */
		371150AB1E2962D8004A45D4 /* Main.storyboard */ = {
			isa = PBXVariantGroup;
			children = (
				371150AC1E2962D8004A45D4 /* Base */,
			);
			name = Main.storyboard;
			sourceTree = "<group>";
		};
		371150B01E2962D8004A45D4 /* LaunchScreen.storyboard */ = {
			isa = PBXVariantGroup;
			children = (
				371150B11E2962D8004A45D4 /* Base */,
			);
			name = LaunchScreen.storyboard;
			sourceTree = "<group>";
		};
		EAF8949C1B05420200EDAD6C /* ValetSecureElementTestMain.storyboard */ = {
			isa = PBXVariantGroup;
			children = (
				EAF8949D1B05420200EDAD6C /* Base */,
			);
			name = ValetSecureElementTestMain.storyboard;
			sourceTree = "<group>";
		};
		EAF8949F1B05420700EDAD6C /* ValetSecureElementTestLaunchScreen.xib */ = {
			isa = PBXVariantGroup;
			children = (
				EAF894A01B05420700EDAD6C /* Base */,
			);
			name = ValetSecureElementTestLaunchScreen.xib;
			sourceTree = "<group>";
		};
/* End PBXVariantGroup section */

/* Begin XCBuildConfiguration section */
		26E682811BA8B3F900EFF4EA /* Debug */ = {
			isa = XCBuildConfiguration;
			buildSettings = {
				APPLICATION_EXTENSION_API_ONLY = YES;
				"CODE_SIGN_IDENTITY[sdk=iphoneos*]" = "";
				CURRENT_PROJECT_VERSION = 1;
				DEBUG_INFORMATION_FORMAT = dwarf;
				DEFINES_MODULE = YES;
				DYLIB_COMPATIBILITY_VERSION = 1;
				DYLIB_CURRENT_VERSION = 1;
				DYLIB_INSTALL_NAME_BASE = "@rpath";
				GCC_NO_COMMON_BLOCKS = YES;
				INFOPLIST_FILE = Valet/Info.plist;
				INSTALL_PATH = "$(LOCAL_LIBRARY_DIR)/Frameworks";
				IPHONEOS_DEPLOYMENT_TARGET = 8.0;
				LD_RUNPATH_SEARCH_PATHS = "$(inherited) @executable_path/Frameworks @loader_path/Frameworks";
				PRODUCT_BUNDLE_IDENTIFIER = com.square.Valet;
				PRODUCT_NAME = Valet;
				SKIP_INSTALL = YES;
				SWIFT_SWIFT3_OBJC_INFERENCE = On;
				SWIFT_VERSION = 4.0;
				TARGETED_DEVICE_FAMILY = "1,2";
				VERSIONING_SYSTEM = "apple-generic";
				VERSION_INFO_PREFIX = "";
			};
			name = Debug;
		};
		26E682821BA8B3F900EFF4EA /* Release */ = {
			isa = XCBuildConfiguration;
			buildSettings = {
				APPLICATION_EXTENSION_API_ONLY = YES;
				"CODE_SIGN_IDENTITY[sdk=iphoneos*]" = "";
				COPY_PHASE_STRIP = NO;
				CURRENT_PROJECT_VERSION = 1;
				DEBUG_INFORMATION_FORMAT = "dwarf-with-dsym";
				DEFINES_MODULE = YES;
				DYLIB_COMPATIBILITY_VERSION = 1;
				DYLIB_CURRENT_VERSION = 1;
				DYLIB_INSTALL_NAME_BASE = "@rpath";
				GCC_NO_COMMON_BLOCKS = YES;
				INFOPLIST_FILE = Valet/Info.plist;
				INSTALL_PATH = "$(LOCAL_LIBRARY_DIR)/Frameworks";
				IPHONEOS_DEPLOYMENT_TARGET = 8.0;
				LD_RUNPATH_SEARCH_PATHS = "$(inherited) @executable_path/Frameworks @loader_path/Frameworks";
				PRODUCT_BUNDLE_IDENTIFIER = com.square.Valet;
				PRODUCT_NAME = Valet;
				SKIP_INSTALL = YES;
				SWIFT_SWIFT3_OBJC_INFERENCE = On;
				SWIFT_VERSION = 4.0;
				TARGETED_DEVICE_FAMILY = "1,2";
				VERSIONING_SYSTEM = "apple-generic";
				VERSION_INFO_PREFIX = "";
			};
			name = Release;
		};
		26E682901BA8B4B200EFF4EA /* Debug */ = {
			isa = XCBuildConfiguration;
			buildSettings = {
				APPLICATION_EXTENSION_API_ONLY = YES;
				CLANG_ALLOW_NON_MODULAR_INCLUDES_IN_FRAMEWORK_MODULES = YES;
				COMBINE_HIDPI_IMAGES = YES;
				CURRENT_PROJECT_VERSION = 1;
				DEBUG_INFORMATION_FORMAT = dwarf;
				DEFINES_MODULE = YES;
				DYLIB_COMPATIBILITY_VERSION = 1;
				DYLIB_CURRENT_VERSION = 1;
				DYLIB_INSTALL_NAME_BASE = "@rpath";
				FRAMEWORK_VERSION = A;
				GCC_NO_COMMON_BLOCKS = YES;
				INFOPLIST_FILE = Valet/Info.plist;
				INSTALL_PATH = "$(LOCAL_LIBRARY_DIR)/Frameworks";
				LD_RUNPATH_SEARCH_PATHS = "$(inherited) @executable_path/../Frameworks @loader_path/Frameworks";
				MACOSX_DEPLOYMENT_TARGET = 10.10;
				PRODUCT_BUNDLE_IDENTIFIER = com.square.Valet;
				PRODUCT_NAME = Valet;
				SDKROOT = macosx;
				SKIP_INSTALL = YES;
				VERSIONING_SYSTEM = "apple-generic";
				VERSION_INFO_PREFIX = "";
			};
			name = Debug;
		};
		26E682911BA8B4B200EFF4EA /* Release */ = {
			isa = XCBuildConfiguration;
			buildSettings = {
				APPLICATION_EXTENSION_API_ONLY = YES;
				CLANG_ALLOW_NON_MODULAR_INCLUDES_IN_FRAMEWORK_MODULES = YES;
				COMBINE_HIDPI_IMAGES = YES;
				COPY_PHASE_STRIP = NO;
				CURRENT_PROJECT_VERSION = 1;
				DEBUG_INFORMATION_FORMAT = "dwarf-with-dsym";
				DEFINES_MODULE = YES;
				DYLIB_COMPATIBILITY_VERSION = 1;
				DYLIB_CURRENT_VERSION = 1;
				DYLIB_INSTALL_NAME_BASE = "@rpath";
				FRAMEWORK_VERSION = A;
				GCC_NO_COMMON_BLOCKS = YES;
				INFOPLIST_FILE = Valet/Info.plist;
				INSTALL_PATH = "$(LOCAL_LIBRARY_DIR)/Frameworks";
				LD_RUNPATH_SEARCH_PATHS = "$(inherited) @executable_path/../Frameworks @loader_path/Frameworks";
				MACOSX_DEPLOYMENT_TARGET = 10.10;
				PRODUCT_BUNDLE_IDENTIFIER = com.square.Valet;
				PRODUCT_NAME = Valet;
				SDKROOT = macosx;
				SKIP_INSTALL = YES;
				VERSIONING_SYSTEM = "apple-generic";
				VERSION_INFO_PREFIX = "";
			};
			name = Release;
		};
		371150B51E2962D8004A45D4 /* Debug */ = {
			isa = XCBuildConfiguration;
			buildSettings = {
				ASSETCATALOG_COMPILER_APPICON_NAME = AppIcon;
				CLANG_ANALYZER_NONNULL = YES;
				CLANG_WARN_INFINITE_RECURSION = YES;
				CLANG_WARN_SUSPICIOUS_MOVE = YES;
				CODE_SIGN_ENTITLEMENTS = "Valet iOS Test Host App/Valet iOS Test Host App.entitlements";
				"CODE_SIGN_IDENTITY[sdk=iphoneos*]" = "iPhone Developer";
				DEBUG_INFORMATION_FORMAT = dwarf;
				DEVELOPMENT_TEAM = 9XUJ7M53NG;
				GCC_NO_COMMON_BLOCKS = YES;
				INFOPLIST_FILE = "Valet iOS Test Host App/Info.plist";
				IPHONEOS_DEPLOYMENT_TARGET = 8.0;
				LD_RUNPATH_SEARCH_PATHS = "$(inherited) @executable_path/Frameworks";
				PRODUCT_BUNDLE_IDENTIFIER = "com.squareup.Valet-iOS-Test-Host-App";
				PRODUCT_NAME = "$(TARGET_NAME)";
				SWIFT_ACTIVE_COMPILATION_CONDITIONS = DEBUG;
				SWIFT_OPTIMIZATION_LEVEL = "-Onone";
				SWIFT_SWIFT3_OBJC_INFERENCE = On;
				SWIFT_VERSION = 4.0;
				TARGETED_DEVICE_FAMILY = "1,2";
			};
			name = Debug;
		};
		371150B61E2962D8004A45D4 /* Release */ = {
			isa = XCBuildConfiguration;
			buildSettings = {
				ASSETCATALOG_COMPILER_APPICON_NAME = AppIcon;
				CLANG_ANALYZER_NONNULL = YES;
				CLANG_WARN_INFINITE_RECURSION = YES;
				CLANG_WARN_SUSPICIOUS_MOVE = YES;
				CODE_SIGN_ENTITLEMENTS = "Valet iOS Test Host App/Valet iOS Test Host App.entitlements";
				"CODE_SIGN_IDENTITY[sdk=iphoneos*]" = "iPhone Developer";
				COPY_PHASE_STRIP = NO;
				DEBUG_INFORMATION_FORMAT = "dwarf-with-dsym";
				DEVELOPMENT_TEAM = 9XUJ7M53NG;
				GCC_NO_COMMON_BLOCKS = YES;
				INFOPLIST_FILE = "Valet iOS Test Host App/Info.plist";
				IPHONEOS_DEPLOYMENT_TARGET = 8.0;
				LD_RUNPATH_SEARCH_PATHS = "$(inherited) @executable_path/Frameworks";
				PRODUCT_BUNDLE_IDENTIFIER = "com.squareup.Valet-iOS-Test-Host-App";
				PRODUCT_NAME = "$(TARGET_NAME)";
				SWIFT_OPTIMIZATION_LEVEL = "-Owholemodule";
				SWIFT_SWIFT3_OBJC_INFERENCE = On;
				SWIFT_VERSION = 4.0;
				TARGETED_DEVICE_FAMILY = "1,2";
			};
			name = Release;
		};
		EA1E1F951A8C46090067C991 /* Debug */ = {
			isa = XCBuildConfiguration;
			buildSettings = {
				ALWAYS_SEARCH_USER_PATHS = NO;
				CLANG_CXX_LANGUAGE_STANDARD = "gnu++0x";
				CLANG_CXX_LIBRARY = "libc++";
				CLANG_ENABLE_MODULES = YES;
				CLANG_ENABLE_OBJC_ARC = YES;
				CLANG_WARN_BLOCK_CAPTURE_AUTORELEASING = YES;
				CLANG_WARN_BOOL_CONVERSION = YES;
				CLANG_WARN_COMMA = YES;
				CLANG_WARN_CONSTANT_CONVERSION = YES;
				CLANG_WARN_DIRECT_OBJC_ISA_USAGE = YES_ERROR;
				CLANG_WARN_DOCUMENTATION_COMMENTS = YES;
				CLANG_WARN_EMPTY_BODY = YES;
				CLANG_WARN_ENUM_CONVERSION = YES;
				CLANG_WARN_INFINITE_RECURSION = YES;
				CLANG_WARN_INT_CONVERSION = YES;
				CLANG_WARN_NON_LITERAL_NULL_CONVERSION = YES;
				CLANG_WARN_OBJC_LITERAL_CONVERSION = YES;
				CLANG_WARN_OBJC_ROOT_CLASS = YES_ERROR;
				CLANG_WARN_RANGE_LOOP_ANALYSIS = YES;
				CLANG_WARN_STRICT_PROTOTYPES = YES;
				CLANG_WARN_SUSPICIOUS_MOVE = YES;
				CLANG_WARN_UNREACHABLE_CODE = YES;
				CLANG_WARN__DUPLICATE_METHOD_MATCH = YES;
				COPY_PHASE_STRIP = NO;
				ENABLE_STRICT_OBJC_MSGSEND = YES;
				ENABLE_TESTABILITY = YES;
				FRAMEWORK_SEARCH_PATHS = "$(SRCROOT)";
				GCC_C_LANGUAGE_STANDARD = gnu99;
				GCC_DYNAMIC_NO_PIC = NO;
				GCC_NO_COMMON_BLOCKS = YES;
				GCC_OPTIMIZATION_LEVEL = 0;
				GCC_PREPROCESSOR_DEFINITIONS = (
					"DEBUG=1",
					"$(inherited)",
				);
				GCC_SYMBOLS_PRIVATE_EXTERN = NO;
				GCC_WARN_64_TO_32_BIT_CONVERSION = YES;
				GCC_WARN_ABOUT_RETURN_TYPE = YES_ERROR;
				GCC_WARN_UNDECLARED_SELECTOR = YES;
				GCC_WARN_UNINITIALIZED_AUTOS = YES_AGGRESSIVE;
				GCC_WARN_UNUSED_FUNCTION = YES;
				GCC_WARN_UNUSED_VARIABLE = YES;
				IPHONEOS_DEPLOYMENT_TARGET = 8.0;
				MTL_ENABLE_DEBUG_INFO = YES;
				ONLY_ACTIVE_ARCH = YES;
				SDKROOT = iphoneos;
				SWIFT_VERSION = 3.0;
			};
			name = Debug;
		};
		EA1E1F961A8C46090067C991 /* Release */ = {
			isa = XCBuildConfiguration;
			buildSettings = {
				ALWAYS_SEARCH_USER_PATHS = NO;
				CLANG_CXX_LANGUAGE_STANDARD = "gnu++0x";
				CLANG_CXX_LIBRARY = "libc++";
				CLANG_ENABLE_MODULES = YES;
				CLANG_ENABLE_OBJC_ARC = YES;
				CLANG_WARN_BLOCK_CAPTURE_AUTORELEASING = YES;
				CLANG_WARN_BOOL_CONVERSION = YES;
				CLANG_WARN_COMMA = YES;
				CLANG_WARN_CONSTANT_CONVERSION = YES;
				CLANG_WARN_DIRECT_OBJC_ISA_USAGE = YES_ERROR;
				CLANG_WARN_DOCUMENTATION_COMMENTS = YES;
				CLANG_WARN_EMPTY_BODY = YES;
				CLANG_WARN_ENUM_CONVERSION = YES;
				CLANG_WARN_INFINITE_RECURSION = YES;
				CLANG_WARN_INT_CONVERSION = YES;
				CLANG_WARN_NON_LITERAL_NULL_CONVERSION = YES;
				CLANG_WARN_OBJC_LITERAL_CONVERSION = YES;
				CLANG_WARN_OBJC_ROOT_CLASS = YES_ERROR;
				CLANG_WARN_RANGE_LOOP_ANALYSIS = YES;
				CLANG_WARN_STRICT_PROTOTYPES = YES;
				CLANG_WARN_SUSPICIOUS_MOVE = YES;
				CLANG_WARN_UNREACHABLE_CODE = YES;
				CLANG_WARN__DUPLICATE_METHOD_MATCH = YES;
				COPY_PHASE_STRIP = YES;
				ENABLE_NS_ASSERTIONS = NO;
				ENABLE_STRICT_OBJC_MSGSEND = YES;
				FRAMEWORK_SEARCH_PATHS = "$(SRCROOT)";
				GCC_C_LANGUAGE_STANDARD = gnu99;
				GCC_NO_COMMON_BLOCKS = YES;
				GCC_WARN_64_TO_32_BIT_CONVERSION = YES;
				GCC_WARN_ABOUT_RETURN_TYPE = YES_ERROR;
				GCC_WARN_UNDECLARED_SELECTOR = YES;
				GCC_WARN_UNINITIALIZED_AUTOS = YES_AGGRESSIVE;
				GCC_WARN_UNUSED_FUNCTION = YES;
				GCC_WARN_UNUSED_VARIABLE = YES;
				IPHONEOS_DEPLOYMENT_TARGET = 8.0;
				MTL_ENABLE_DEBUG_INFO = NO;
				SDKROOT = iphoneos;
				SWIFT_OPTIMIZATION_LEVEL = "-Owholemodule";
				SWIFT_VERSION = 3.0;
				VALIDATE_PRODUCT = YES;
			};
			name = Release;
		};
		EA1E1F9B1A8C46090067C991 /* Debug */ = {
			isa = XCBuildConfiguration;
			buildSettings = {
				ALWAYS_EMBED_SWIFT_STANDARD_LIBRARIES = YES;
				CLANG_ENABLE_MODULES = YES;
				"CODE_SIGN_IDENTITY[sdk=iphoneos*]" = "iPhone Developer";
				DEVELOPMENT_TEAM = 9XUJ7M53NG;
				GCC_PREPROCESSOR_DEFINITIONS = (
					"DEBUG=1",
					"$(inherited)",
				);
				GCC_TREAT_WARNINGS_AS_ERRORS = YES;
				INFOPLIST_FILE = ValetTests/Info.plist;
				LD_RUNPATH_SEARCH_PATHS = "$(inherited) @executable_path/Frameworks @loader_path/Frameworks";
				PRODUCT_BUNDLE_IDENTIFIER = "com.squareup.$(PRODUCT_NAME:rfc1034identifier)";
				PRODUCT_NAME = "$(TARGET_NAME)";
				SWIFT_OBJC_BRIDGING_HEADER = "ValetTests/ValetTests-Bridging-Header.h";
				SWIFT_OPTIMIZATION_LEVEL = "-Onone";
				SWIFT_SWIFT3_OBJC_INFERENCE = On;
				SWIFT_VERSION = 4.0;
				TEST_HOST = "$(BUILT_PRODUCTS_DIR)/Valet iOS Test Host App.app/Valet iOS Test Host App";
			};
			name = Debug;
		};
		EA1E1F9C1A8C46090067C991 /* Release */ = {
			isa = XCBuildConfiguration;
			buildSettings = {
				ALWAYS_EMBED_SWIFT_STANDARD_LIBRARIES = YES;
				CLANG_ENABLE_MODULES = YES;
				"CODE_SIGN_IDENTITY[sdk=iphoneos*]" = "iPhone Developer";
				DEVELOPMENT_TEAM = 9XUJ7M53NG;
				GCC_TREAT_WARNINGS_AS_ERRORS = YES;
				INFOPLIST_FILE = ValetTests/Info.plist;
				LD_RUNPATH_SEARCH_PATHS = "$(inherited) @executable_path/Frameworks @loader_path/Frameworks";
				PRODUCT_BUNDLE_IDENTIFIER = "com.squareup.$(PRODUCT_NAME:rfc1034identifier)";
				PRODUCT_NAME = "$(TARGET_NAME)";
				SWIFT_OBJC_BRIDGING_HEADER = "ValetTests/ValetTests-Bridging-Header.h";
				SWIFT_SWIFT3_OBJC_INFERENCE = On;
				SWIFT_VERSION = 4.0;
				TEST_HOST = "$(BUILT_PRODUCTS_DIR)/Valet iOS Test Host App.app/Valet iOS Test Host App";
			};
			name = Release;
		};
		EAEAA8951B167A8700F7AA98 /* Debug */ = {
			isa = XCBuildConfiguration;
			buildSettings = {
				ALWAYS_EMBED_SWIFT_STANDARD_LIBRARIES = YES;
				CLANG_ENABLE_MODULES = YES;
				COMBINE_HIDPI_IMAGES = YES;
				DEBUG_INFORMATION_FORMAT = dwarf;
				FRAMEWORK_SEARCH_PATHS = (
					"$(DEVELOPER_FRAMEWORKS_DIR)",
					"$(inherited)",
				);
				GCC_NO_COMMON_BLOCKS = YES;
				GCC_PREPROCESSOR_DEFINITIONS = (
					"DEBUG=1",
					"$(inherited)",
				);
				GCC_TREAT_WARNINGS_AS_ERRORS = YES;
				INFOPLIST_FILE = ValetTests/Info.plist;
				LD_RUNPATH_SEARCH_PATHS = "$(inherited) @executable_path/../Frameworks @loader_path/../Frameworks";
				MACOSX_DEPLOYMENT_TARGET = 10.10;
				PRODUCT_BUNDLE_IDENTIFIER = "com.squareup.$(PRODUCT_NAME:rfc1034identifier)";
				PRODUCT_NAME = "$(TARGET_NAME)";
				SDKROOT = macosx;
				SWIFT_OBJC_BRIDGING_HEADER = "ValetTests/ValetTests-Bridging-Header.h";
				SWIFT_OPTIMIZATION_LEVEL = "-Onone";
				SWIFT_VERSION = 3.0;
			};
			name = Debug;
		};
		EAEAA8961B167A8700F7AA98 /* Release */ = {
			isa = XCBuildConfiguration;
			buildSettings = {
				ALWAYS_EMBED_SWIFT_STANDARD_LIBRARIES = YES;
				CLANG_ENABLE_MODULES = YES;
				COMBINE_HIDPI_IMAGES = YES;
				COPY_PHASE_STRIP = NO;
				DEBUG_INFORMATION_FORMAT = "dwarf-with-dsym";
				FRAMEWORK_SEARCH_PATHS = (
					"$(DEVELOPER_FRAMEWORKS_DIR)",
					"$(inherited)",
				);
				GCC_NO_COMMON_BLOCKS = YES;
				GCC_TREAT_WARNINGS_AS_ERRORS = YES;
				INFOPLIST_FILE = ValetTests/Info.plist;
				LD_RUNPATH_SEARCH_PATHS = "$(inherited) @executable_path/../Frameworks @loader_path/../Frameworks";
				MACOSX_DEPLOYMENT_TARGET = 10.10;
				PRODUCT_BUNDLE_IDENTIFIER = "com.squareup.$(PRODUCT_NAME:rfc1034identifier)";
				PRODUCT_NAME = "$(TARGET_NAME)";
				SDKROOT = macosx;
				SWIFT_OBJC_BRIDGING_HEADER = "ValetTests/ValetTests-Bridging-Header.h";
				SWIFT_VERSION = 3.0;
			};
			name = Release;
		};
		EAF894951B053E0700EDAD6C /* Debug */ = {
			isa = XCBuildConfiguration;
			buildSettings = {
				ASSETCATALOG_COMPILER_APPICON_NAME = AppIcon;
				CLANG_ENABLE_MODULES = YES;
				"CODE_SIGN_IDENTITY[sdk=iphoneos*]" = "iPhone Developer";
				DEBUG_INFORMATION_FORMAT = "dwarf-with-dsym";
				DEVELOPMENT_TEAM = "";
				GCC_NO_COMMON_BLOCKS = YES;
				GCC_PREPROCESSOR_DEFINITIONS = (
					"DEBUG=1",
					"$(inherited)",
				);
				GCC_TREAT_WARNINGS_AS_ERRORS = YES;
				INFOPLIST_FILE = ValetTouchIDTest/Info.plist;
				IPHONEOS_DEPLOYMENT_TARGET = 8.0;
				LD_RUNPATH_SEARCH_PATHS = "$(inherited) @executable_path/Frameworks";
				PRODUCT_BUNDLE_IDENTIFIER = com.squareup.ValetTouchIDTest;
				PRODUCT_NAME = "$(TARGET_NAME)";
				SWIFT_OBJC_BRIDGING_HEADER = "ValetTouchIDTest/ValetTouchIDTest-Bridging-Header.h";
				SWIFT_OPTIMIZATION_LEVEL = "-Onone";
				SWIFT_SWIFT3_OBJC_INFERENCE = On;
				SWIFT_VERSION = 4.0;
			};
			name = Debug;
		};
		EAF894961B053E0700EDAD6C /* Release */ = {
			isa = XCBuildConfiguration;
			buildSettings = {
				ASSETCATALOG_COMPILER_APPICON_NAME = AppIcon;
				CLANG_ENABLE_MODULES = YES;
				"CODE_SIGN_IDENTITY[sdk=iphoneos*]" = "iPhone Developer";
				COPY_PHASE_STRIP = NO;
				DEBUG_INFORMATION_FORMAT = "dwarf-with-dsym";
				DEVELOPMENT_TEAM = "";
				GCC_NO_COMMON_BLOCKS = YES;
				GCC_TREAT_WARNINGS_AS_ERRORS = YES;
				INFOPLIST_FILE = ValetTouchIDTest/Info.plist;
				IPHONEOS_DEPLOYMENT_TARGET = 8.0;
				LD_RUNPATH_SEARCH_PATHS = "$(inherited) @executable_path/Frameworks";
				PRODUCT_BUNDLE_IDENTIFIER = com.squareup.ValetTouchIDTest;
				PRODUCT_NAME = "$(TARGET_NAME)";
				SWIFT_OBJC_BRIDGING_HEADER = "ValetTouchIDTest/ValetTouchIDTest-Bridging-Header.h";
				SWIFT_SWIFT3_OBJC_INFERENCE = On;
				SWIFT_VERSION = 4.0;
			};
			name = Release;
		};
/* End XCBuildConfiguration section */

/* Begin XCConfigurationList section */
		26E682831BA8B3F900EFF4EA /* Build configuration list for PBXNativeTarget "Valet iOS" */ = {
			isa = XCConfigurationList;
			buildConfigurations = (
				26E682811BA8B3F900EFF4EA /* Debug */,
				26E682821BA8B3F900EFF4EA /* Release */,
			);
			defaultConfigurationIsVisible = 0;
			defaultConfigurationName = Release;
		};
		26E6828F1BA8B4B200EFF4EA /* Build configuration list for PBXNativeTarget "Valet Mac" */ = {
			isa = XCConfigurationList;
			buildConfigurations = (
				26E682901BA8B4B200EFF4EA /* Debug */,
				26E682911BA8B4B200EFF4EA /* Release */,
			);
			defaultConfigurationIsVisible = 0;
			defaultConfigurationName = Release;
		};
		371150B41E2962D8004A45D4 /* Build configuration list for PBXNativeTarget "Valet iOS Test Host App" */ = {
			isa = XCConfigurationList;
			buildConfigurations = (
				371150B51E2962D8004A45D4 /* Debug */,
				371150B61E2962D8004A45D4 /* Release */,
			);
			defaultConfigurationIsVisible = 0;
			defaultConfigurationName = Release;
		};
		EA1E1F7E1A8C46080067C991 /* Build configuration list for PBXProject "Valet" */ = {
			isa = XCConfigurationList;
			buildConfigurations = (
				EA1E1F951A8C46090067C991 /* Debug */,
				EA1E1F961A8C46090067C991 /* Release */,
			);
			defaultConfigurationIsVisible = 0;
			defaultConfigurationName = Release;
		};
		EA1E1F9A1A8C46090067C991 /* Build configuration list for PBXNativeTarget "Valet iOS Tests" */ = {
			isa = XCConfigurationList;
			buildConfigurations = (
				EA1E1F9B1A8C46090067C991 /* Debug */,
				EA1E1F9C1A8C46090067C991 /* Release */,
			);
			defaultConfigurationIsVisible = 0;
			defaultConfigurationName = Release;
		};
		EAEAA8981B167A8700F7AA98 /* Build configuration list for PBXNativeTarget "Valet Mac Tests" */ = {
			isa = XCConfigurationList;
			buildConfigurations = (
				EAEAA8951B167A8700F7AA98 /* Debug */,
				EAEAA8961B167A8700F7AA98 /* Release */,
			);
			defaultConfigurationIsVisible = 0;
			defaultConfigurationName = Release;
		};
		EAF894941B053E0700EDAD6C /* Build configuration list for PBXNativeTarget "ValetTouchIDTest" */ = {
			isa = XCConfigurationList;
			buildConfigurations = (
				EAF894951B053E0700EDAD6C /* Debug */,
				EAF894961B053E0700EDAD6C /* Release */,
			);
			defaultConfigurationIsVisible = 0;
			defaultConfigurationName = Release;
		};
/* End XCConfigurationList section */
	};
	rootObject = EA1E1F7B1A8C46080067C991 /* Project object */;
}
