// !$*UTF8*$!
{
	archiveVersion = 1;
	classes = {
	};
	objectVersion = 46;
	objects = {

/* Begin PBXBuildFile section */
		168909381F7199D60057F636 /* Valet.framework in Frameworks */ = {isa = PBXBuildFile; fileRef = 26E6827C1BA8B3F900EFF4EA /* Valet.framework */; };
		168909391F7199D60057F636 /* Valet.framework in Embed Frameworks */ = {isa = PBXBuildFile; fileRef = 26E6827C1BA8B3F900EFF4EA /* Valet.framework */; settings = {ATTRIBUTES = (CodeSignOnCopy, RemoveHeadersOnCopy, ); }; };
		16939FCB1F81897700D9F044 /* ObjectiveCCompatibilityIdentifier.swift in Sources */ = {isa = PBXBuildFile; fileRef = 16939FCA1F81897700D9F044 /* ObjectiveCCompatibilityIdentifier.swift */; };
		16939FCC1F81897700D9F044 /* ObjectiveCCompatibilityIdentifier.swift in Sources */ = {isa = PBXBuildFile; fileRef = 16939FCA1F81897700D9F044 /* ObjectiveCCompatibilityIdentifier.swift */; };
		16B5856F1F71DBE00038EE30 /* AppDelegate.swift in Sources */ = {isa = PBXBuildFile; fileRef = 16B5856E1F71DBE00038EE30 /* AppDelegate.swift */; };
		16B585711F71DBE00038EE30 /* ViewController.swift in Sources */ = {isa = PBXBuildFile; fileRef = 16B585701F71DBE00038EE30 /* ViewController.swift */; };
		16B585731F71DBE00038EE30 /* Assets.xcassets in Resources */ = {isa = PBXBuildFile; fileRef = 16B585721F71DBE00038EE30 /* Assets.xcassets */; };
		16B585761F71DBE00038EE30 /* Main.storyboard in Resources */ = {isa = PBXBuildFile; fileRef = 16B585741F71DBE00038EE30 /* Main.storyboard */; };
		16E04C011F71B76900E8552D /* MacTests.swift in Sources */ = {isa = PBXBuildFile; fileRef = 16E04BF21F71B72C00E8552D /* MacTests.swift */; };
		16E04C021F71B76900E8552D /* SecItemTests.swift in Sources */ = {isa = PBXBuildFile; fileRef = 16E04BED1F71B72C00E8552D /* SecItemTests.swift */; };
		16E04C031F71B76900E8552D /* SecureEnclaveTests.swift in Sources */ = {isa = PBXBuildFile; fileRef = 16E04BEE1F71B72C00E8552D /* SecureEnclaveTests.swift */; };
		16E04C041F71B76900E8552D /* SynchronizableTests.swift in Sources */ = {isa = PBXBuildFile; fileRef = 16E04BEF1F71B72C00E8552D /* SynchronizableTests.swift */; };
		16E04C051F71B76900E8552D /* ValetTests.swift in Sources */ = {isa = PBXBuildFile; fileRef = 16E04BF31F71B72C00E8552D /* ValetTests.swift */; };
		16E04C071F71B76A00E8552D /* SecItemTests.swift in Sources */ = {isa = PBXBuildFile; fileRef = 16E04BED1F71B72C00E8552D /* SecItemTests.swift */; };
		16E04C081F71B76A00E8552D /* SecureEnclaveTests.swift in Sources */ = {isa = PBXBuildFile; fileRef = 16E04BEE1F71B72C00E8552D /* SecureEnclaveTests.swift */; };
		16E04C091F71B76A00E8552D /* SynchronizableTests.swift in Sources */ = {isa = PBXBuildFile; fileRef = 16E04BEF1F71B72C00E8552D /* SynchronizableTests.swift */; };
		16E04C0A1F71B76A00E8552D /* ValetTests.swift in Sources */ = {isa = PBXBuildFile; fileRef = 16E04BF31F71B72C00E8552D /* ValetTests.swift */; };
		16E04C0B1F71B77E00E8552D /* ValetTests.m in Sources */ = {isa = PBXBuildFile; fileRef = 16E04BF01F71B72C00E8552D /* ValetTests.m */; };
		16E04C0C1F71B77F00E8552D /* ValetTests.m in Sources */ = {isa = PBXBuildFile; fileRef = 16E04BF01F71B72C00E8552D /* ValetTests.m */; };
		16E04C0D1F71B78700E8552D /* VALSecureEnclaveValet.m in Sources */ = {isa = PBXBuildFile; fileRef = 16E04BFE1F71B74100E8552D /* VALSecureEnclaveValet.m */; };
		16E04C0E1F71B78700E8552D /* VALSinglePromptSecureEnclaveValet.m in Sources */ = {isa = PBXBuildFile; fileRef = 16E04C001F71B74100E8552D /* VALSinglePromptSecureEnclaveValet.m */; };
		16E04C0F1F71B78700E8552D /* VALSynchronizableValet.m in Sources */ = {isa = PBXBuildFile; fileRef = 16E04BF71F71B74100E8552D /* VALSynchronizableValet.m */; };
		16E04C101F71B78700E8552D /* VALValet.m in Sources */ = {isa = PBXBuildFile; fileRef = 16E04BFA1F71B74100E8552D /* VALValet.m */; };
		16E04C111F71B78800E8552D /* VALSecureEnclaveValet.m in Sources */ = {isa = PBXBuildFile; fileRef = 16E04BFE1F71B74100E8552D /* VALSecureEnclaveValet.m */; };
		16E04C121F71B78800E8552D /* VALSinglePromptSecureEnclaveValet.m in Sources */ = {isa = PBXBuildFile; fileRef = 16E04C001F71B74100E8552D /* VALSinglePromptSecureEnclaveValet.m */; };
		16E04C131F71B78800E8552D /* VALSynchronizableValet.m in Sources */ = {isa = PBXBuildFile; fileRef = 16E04BF71F71B74100E8552D /* VALSynchronizableValet.m */; };
		16E04C141F71B78800E8552D /* VALValet.m in Sources */ = {isa = PBXBuildFile; fileRef = 16E04BFA1F71B74100E8552D /* VALValet.m */; };
		16EB523E1F71BC7300363869 /* Valet.h in Headers */ = {isa = PBXBuildFile; fileRef = 16EB523D1F71BC6B00363869 /* Valet.h */; settings = {ATTRIBUTES = (Public, ); }; };
		16EB523F1F71BC7300363869 /* Valet.h in Headers */ = {isa = PBXBuildFile; fileRef = 16EB523D1F71BC6B00363869 /* Valet.h */; settings = {ATTRIBUTES = (Public, ); }; };
		16EB52421F71BD0B00363869 /* ValetDefines.h in Headers */ = {isa = PBXBuildFile; fileRef = 16E04BFB1F71B74100E8552D /* ValetDefines.h */; };
		16EB52431F71BD0B00363869 /* VALSecureEnclaveValet_Protected.h in Headers */ = {isa = PBXBuildFile; fileRef = 16E04BFD1F71B74100E8552D /* VALSecureEnclaveValet_Protected.h */; };
		16EB52441F71BD0B00363869 /* VALSecureEnclaveValet.h in Headers */ = {isa = PBXBuildFile; fileRef = 16E04BFC1F71B74100E8552D /* VALSecureEnclaveValet.h */; };
		16EB52451F71BD0B00363869 /* VALSinglePromptSecureEnclaveValet.h in Headers */ = {isa = PBXBuildFile; fileRef = 16E04BFF1F71B74100E8552D /* VALSinglePromptSecureEnclaveValet.h */; };
		16EB52461F71BD0B00363869 /* VALSynchronizableValet.h in Headers */ = {isa = PBXBuildFile; fileRef = 16E04BF61F71B74100E8552D /* VALSynchronizableValet.h */; };
		16EB52471F71BD0B00363869 /* VALValet_Protected.h in Headers */ = {isa = PBXBuildFile; fileRef = 16E04BF81F71B74100E8552D /* VALValet_Protected.h */; };
		16EB52481F71BD0B00363869 /* VALValet.h in Headers */ = {isa = PBXBuildFile; fileRef = 16E04BF91F71B74100E8552D /* VALValet.h */; };
		16EB52491F71BD0C00363869 /* ValetDefines.h in Headers */ = {isa = PBXBuildFile; fileRef = 16E04BFB1F71B74100E8552D /* ValetDefines.h */; };
		16EB524A1F71BD0C00363869 /* VALSecureEnclaveValet_Protected.h in Headers */ = {isa = PBXBuildFile; fileRef = 16E04BFD1F71B74100E8552D /* VALSecureEnclaveValet_Protected.h */; };
		16EB524B1F71BD0C00363869 /* VALSecureEnclaveValet.h in Headers */ = {isa = PBXBuildFile; fileRef = 16E04BFC1F71B74100E8552D /* VALSecureEnclaveValet.h */; };
		16EB524C1F71BD0C00363869 /* VALSinglePromptSecureEnclaveValet.h in Headers */ = {isa = PBXBuildFile; fileRef = 16E04BFF1F71B74100E8552D /* VALSinglePromptSecureEnclaveValet.h */; };
		16EB524D1F71BD0C00363869 /* VALSynchronizableValet.h in Headers */ = {isa = PBXBuildFile; fileRef = 16E04BF61F71B74100E8552D /* VALSynchronizableValet.h */; };
		16EB524E1F71BD0C00363869 /* VALValet_Protected.h in Headers */ = {isa = PBXBuildFile; fileRef = 16E04BF81F71B74100E8552D /* VALValet_Protected.h */; };
		16EB524F1F71BD0C00363869 /* VALValet.h in Headers */ = {isa = PBXBuildFile; fileRef = 16E04BF91F71B74100E8552D /* VALValet.h */; };
		16EB52501F71BDF400363869 /* Accessibility.swift in Sources */ = {isa = PBXBuildFile; fileRef = 16E04BE11F71B6D200E8552D /* Accessibility.swift */; };
		16EB52511F71BDF400363869 /* CloudAccessibility.swift in Sources */ = {isa = PBXBuildFile; fileRef = 16E04BE51F71B6D200E8552D /* CloudAccessibility.swift */; };
		16EB52521F71BDF400363869 /* ErrorHandler.swift in Sources */ = {isa = PBXBuildFile; fileRef = 16E04BE21F71B6D200E8552D /* ErrorHandler.swift */; };
		16EB52531F71BDF400363869 /* Identifier.swift in Sources */ = {isa = PBXBuildFile; fileRef = 16E04BDF1F71B6D200E8552D /* Identifier.swift */; };
		16EB52541F71BDF400363869 /* KeychainQueryConvertible.swift in Sources */ = {isa = PBXBuildFile; fileRef = 16E04BE71F71B6D200E8552D /* KeychainQueryConvertible.swift */; };
		16EB52551F71BDF400363869 /* MigrationResult.swift in Sources */ = {isa = PBXBuildFile; fileRef = 16E04BE91F71B6D300E8552D /* MigrationResult.swift */; };
		16EB52561F71BDF400363869 /* SecureEnclave.swift in Sources */ = {isa = PBXBuildFile; fileRef = 16E04BE01F71B6D200E8552D /* SecureEnclave.swift */; };
		16EB52571F71BDF400363869 /* SecureEnclaveAccessControl.swift in Sources */ = {isa = PBXBuildFile; fileRef = 16E04BE81F71B6D200E8552D /* SecureEnclaveAccessControl.swift */; };
		16EB52581F71BDF400363869 /* SecureEnclaveSinglePromptValet.swift in Sources */ = {isa = PBXBuildFile; fileRef = 16E04BE41F71B6D200E8552D /* SecureEnclaveSinglePromptValet.swift */; };
		16EB52591F71BDF400363869 /* SecureEnclaveValet.swift in Sources */ = {isa = PBXBuildFile; fileRef = 16E04BE31F71B6D200E8552D /* SecureEnclaveValet.swift */; };
		16EB525A1F71BDF400363869 /* Accessibility.swift in Sources */ = {isa = PBXBuildFile; fileRef = 16E04BE11F71B6D200E8552D /* Accessibility.swift */; };
		16EB525B1F71BDF400363869 /* CloudAccessibility.swift in Sources */ = {isa = PBXBuildFile; fileRef = 16E04BE51F71B6D200E8552D /* CloudAccessibility.swift */; };
		16EB525C1F71BDF400363869 /* ErrorHandler.swift in Sources */ = {isa = PBXBuildFile; fileRef = 16E04BE21F71B6D200E8552D /* ErrorHandler.swift */; };
		16EB525D1F71BDF400363869 /* Identifier.swift in Sources */ = {isa = PBXBuildFile; fileRef = 16E04BDF1F71B6D200E8552D /* Identifier.swift */; };
		16EB525E1F71BDF400363869 /* KeychainQueryConvertible.swift in Sources */ = {isa = PBXBuildFile; fileRef = 16E04BE71F71B6D200E8552D /* KeychainQueryConvertible.swift */; };
		16EB525F1F71BDF400363869 /* MigrationResult.swift in Sources */ = {isa = PBXBuildFile; fileRef = 16E04BE91F71B6D300E8552D /* MigrationResult.swift */; };
		16EB52601F71BDF400363869 /* SecureEnclave.swift in Sources */ = {isa = PBXBuildFile; fileRef = 16E04BE01F71B6D200E8552D /* SecureEnclave.swift */; };
		16EB52611F71BDF400363869 /* SecureEnclaveAccessControl.swift in Sources */ = {isa = PBXBuildFile; fileRef = 16E04BE81F71B6D200E8552D /* SecureEnclaveAccessControl.swift */; };
		16EB52621F71BDF400363869 /* SecureEnclaveSinglePromptValet.swift in Sources */ = {isa = PBXBuildFile; fileRef = 16E04BE41F71B6D200E8552D /* SecureEnclaveSinglePromptValet.swift */; };
		16EB52631F71BDF400363869 /* SecureEnclaveValet.swift in Sources */ = {isa = PBXBuildFile; fileRef = 16E04BE31F71B6D200E8552D /* SecureEnclaveValet.swift */; };
		16EB52641F71BDF900363869 /* Valet.swift in Sources */ = {isa = PBXBuildFile; fileRef = 16E04BE61F71B6D200E8552D /* Valet.swift */; };
		16EB52651F71BDFA00363869 /* Valet.swift in Sources */ = {isa = PBXBuildFile; fileRef = 16E04BE61F71B6D200E8552D /* Valet.swift */; };
		16EB52661F71BDFF00363869 /* Configuration.swift in Sources */ = {isa = PBXBuildFile; fileRef = 16E04BDD1F71B6C400E8552D /* Configuration.swift */; };
		16EB52671F71BDFF00363869 /* Keychain.swift in Sources */ = {isa = PBXBuildFile; fileRef = 16E04BDC1F71B6C400E8552D /* Keychain.swift */; };
		16EB52681F71BDFF00363869 /* SecItem.swift in Sources */ = {isa = PBXBuildFile; fileRef = 16E04BDE1F71B6C400E8552D /* SecItem.swift */; };
		16EB52691F71BDFF00363869 /* Service.swift in Sources */ = {isa = PBXBuildFile; fileRef = 16E04BDB1F71B6C400E8552D /* Service.swift */; };
		16EB526A1F71BDFF00363869 /* Configuration.swift in Sources */ = {isa = PBXBuildFile; fileRef = 16E04BDD1F71B6C400E8552D /* Configuration.swift */; };
		16EB526B1F71BDFF00363869 /* Keychain.swift in Sources */ = {isa = PBXBuildFile; fileRef = 16E04BDC1F71B6C400E8552D /* Keychain.swift */; };
		16EB526C1F71BDFF00363869 /* SecItem.swift in Sources */ = {isa = PBXBuildFile; fileRef = 16E04BDE1F71B6C400E8552D /* SecItem.swift */; };
		16EB526D1F71BDFF00363869 /* Service.swift in Sources */ = {isa = PBXBuildFile; fileRef = 16E04BDB1F71B6C400E8552D /* Service.swift */; };
		371150A81E2962D8004A45D4 /* ValetIOSTestHostAppDelegate.swift in Sources */ = {isa = PBXBuildFile; fileRef = 371150A71E2962D8004A45D4 /* ValetIOSTestHostAppDelegate.swift */; };
		371150AA1E2962D8004A45D4 /* ValetIOSTestHostViewController.swift in Sources */ = {isa = PBXBuildFile; fileRef = 371150A91E2962D8004A45D4 /* ValetIOSTestHostViewController.swift */; };
		371150AD1E2962D8004A45D4 /* Main.storyboard in Resources */ = {isa = PBXBuildFile; fileRef = 371150AB1E2962D8004A45D4 /* Main.storyboard */; };
		371150AF1E2962D8004A45D4 /* Assets.xcassets in Resources */ = {isa = PBXBuildFile; fileRef = 371150AE1E2962D8004A45D4 /* Assets.xcassets */; };
		371150B21E2962D8004A45D4 /* LaunchScreen.storyboard in Resources */ = {isa = PBXBuildFile; fileRef = 371150B01E2962D8004A45D4 /* LaunchScreen.storyboard */; };
		AC11C5571F8197C200AE9842 /* SecureEnclaveSinglePromptTests.swift in Sources */ = {isa = PBXBuildFile; fileRef = AC11C5561F8197C200AE9842 /* SecureEnclaveSinglePromptTests.swift */; };
		AC11C5581F8197C200AE9842 /* SecureEnclaveSinglePromptTests.swift in Sources */ = {isa = PBXBuildFile; fileRef = AC11C5561F8197C200AE9842 /* SecureEnclaveSinglePromptTests.swift */; };
		AC89A3EC1CC82426009A7121 /* ValetTouchIDTestAppDelegate.swift in Sources */ = {isa = PBXBuildFile; fileRef = AC89A3EB1CC82426009A7121 /* ValetTouchIDTestAppDelegate.swift */; };
		AC89A3EE1CC82738009A7121 /* ValetTouchIDTestViewController.swift in Sources */ = {isa = PBXBuildFile; fileRef = AC89A3ED1CC82738009A7121 /* ValetTouchIDTestViewController.swift */; };
		EAF894841B053E0500EDAD6C /* Images.xcassets in Resources */ = {isa = PBXBuildFile; fileRef = EAF894831B053E0500EDAD6C /* Images.xcassets */; };
		EAF8949E1B05420200EDAD6C /* ValetSecureElementTestMain.storyboard in Resources */ = {isa = PBXBuildFile; fileRef = EAF8949C1B05420200EDAD6C /* ValetSecureElementTestMain.storyboard */; };
		EAF894A11B05420800EDAD6C /* ValetSecureElementTestLaunchScreen.xib in Resources */ = {isa = PBXBuildFile; fileRef = EAF8949F1B05420700EDAD6C /* ValetSecureElementTestLaunchScreen.xib */; };
/* End PBXBuildFile section */

/* Begin PBXContainerItemProxy section */
		1689093A1F7199D60057F636 /* PBXContainerItemProxy */ = {
			isa = PBXContainerItemProxy;
			containerPortal = EA1E1F7B1A8C46080067C991 /* Project object */;
			proxyType = 1;
			remoteGlobalIDString = 26E6827B1BA8B3F900EFF4EA;
			remoteInfo = "Valet iOS";
		};
		16B5857C1F71DBF00038EE30 /* PBXContainerItemProxy */ = {
			isa = PBXContainerItemProxy;
			containerPortal = EA1E1F7B1A8C46080067C991 /* Project object */;
			proxyType = 1;
			remoteGlobalIDString = 16B5856B1F71DBE00038EE30;
			remoteInfo = "Valet macOS Test Host App";
		};
		371150B81E2962FC004A45D4 /* PBXContainerItemProxy */ = {
			isa = PBXContainerItemProxy;
			containerPortal = EA1E1F7B1A8C46080067C991 /* Project object */;
			proxyType = 1;
			remoteGlobalIDString = 371150A41E2962D8004A45D4;
			remoteInfo = "Valet iOS Test Host App";
		};
		AC80E0A01F6DABB80091D04D /* PBXContainerItemProxy */ = {
			isa = PBXContainerItemProxy;
			containerPortal = EA1E1F7B1A8C46080067C991 /* Project object */;
			proxyType = 1;
			remoteGlobalIDString = 26E6827B1BA8B3F900EFF4EA;
			remoteInfo = "Valet-iOS";
		};
		AC80E0A21F6DABC90091D04D /* PBXContainerItemProxy */ = {
			isa = PBXContainerItemProxy;
			containerPortal = EA1E1F7B1A8C46080067C991 /* Project object */;
			proxyType = 1;
			remoteGlobalIDString = 26E682891BA8B4B200EFF4EA;
			remoteInfo = "Valet-Mac";
		};
/* End PBXContainerItemProxy section */

/* Begin PBXCopyFilesBuildPhase section */
		1689093C1F7199D60057F636 /* Embed Frameworks */ = {
			isa = PBXCopyFilesBuildPhase;
			buildActionMask = 2147483647;
			dstPath = "";
			dstSubfolderSpec = 10;
			files = (
				168909391F7199D60057F636 /* Valet.framework in Embed Frameworks */,
			);
			name = "Embed Frameworks";
			runOnlyForDeploymentPostprocessing = 0;
		};
/* End PBXCopyFilesBuildPhase section */

/* Begin PBXFileReference section */
		16939FCA1F81897700D9F044 /* ObjectiveCCompatibilityIdentifier.swift */ = {isa = PBXFileReference; lastKnownFileType = sourcecode.swift; path = ObjectiveCCompatibilityIdentifier.swift; sourceTree = "<group>"; };
		16B5856C1F71DBE00038EE30 /* Valet macOS Test Host App.app */ = {isa = PBXFileReference; explicitFileType = wrapper.application; includeInIndex = 0; path = "Valet macOS Test Host App.app"; sourceTree = BUILT_PRODUCTS_DIR; };
		16B5856E1F71DBE00038EE30 /* AppDelegate.swift */ = {isa = PBXFileReference; lastKnownFileType = sourcecode.swift; path = AppDelegate.swift; sourceTree = "<group>"; };
		16B585701F71DBE00038EE30 /* ViewController.swift */ = {isa = PBXFileReference; lastKnownFileType = sourcecode.swift; path = ViewController.swift; sourceTree = "<group>"; };
		16B585721F71DBE00038EE30 /* Assets.xcassets */ = {isa = PBXFileReference; lastKnownFileType = folder.assetcatalog; path = Assets.xcassets; sourceTree = "<group>"; };
		16B585751F71DBE00038EE30 /* Base */ = {isa = PBXFileReference; lastKnownFileType = file.storyboard; name = Base; path = Base.lproj/Main.storyboard; sourceTree = "<group>"; };
		16B585771F71DBE00038EE30 /* Info.plist */ = {isa = PBXFileReference; lastKnownFileType = text.plist.xml; path = Info.plist; sourceTree = "<group>"; };
		16B585781F71DBE00038EE30 /* Valet_macOS_Test_Host_App.entitlements */ = {isa = PBXFileReference; lastKnownFileType = text.plist.entitlements; path = Valet_macOS_Test_Host_App.entitlements; sourceTree = "<group>"; };
		16E04BDB1F71B6C400E8552D /* Service.swift */ = {isa = PBXFileReference; lastKnownFileType = sourcecode.swift; path = Service.swift; sourceTree = "<group>"; };
		16E04BDC1F71B6C400E8552D /* Keychain.swift */ = {isa = PBXFileReference; lastKnownFileType = sourcecode.swift; path = Keychain.swift; sourceTree = "<group>"; };
		16E04BDD1F71B6C400E8552D /* Configuration.swift */ = {isa = PBXFileReference; lastKnownFileType = sourcecode.swift; path = Configuration.swift; sourceTree = "<group>"; };
		16E04BDE1F71B6C400E8552D /* SecItem.swift */ = {isa = PBXFileReference; lastKnownFileType = sourcecode.swift; path = SecItem.swift; sourceTree = "<group>"; };
		16E04BDF1F71B6D200E8552D /* Identifier.swift */ = {isa = PBXFileReference; lastKnownFileType = sourcecode.swift; path = Identifier.swift; sourceTree = "<group>"; };
		16E04BE01F71B6D200E8552D /* SecureEnclave.swift */ = {isa = PBXFileReference; lastKnownFileType = sourcecode.swift; path = SecureEnclave.swift; sourceTree = "<group>"; };
		16E04BE11F71B6D200E8552D /* Accessibility.swift */ = {isa = PBXFileReference; lastKnownFileType = sourcecode.swift; path = Accessibility.swift; sourceTree = "<group>"; };
		16E04BE21F71B6D200E8552D /* ErrorHandler.swift */ = {isa = PBXFileReference; lastKnownFileType = sourcecode.swift; path = ErrorHandler.swift; sourceTree = "<group>"; };
		16E04BE31F71B6D200E8552D /* SecureEnclaveValet.swift */ = {isa = PBXFileReference; lastKnownFileType = sourcecode.swift; path = SecureEnclaveValet.swift; sourceTree = "<group>"; };
		16E04BE41F71B6D200E8552D /* SecureEnclaveSinglePromptValet.swift */ = {isa = PBXFileReference; lastKnownFileType = sourcecode.swift; path = SecureEnclaveSinglePromptValet.swift; sourceTree = "<group>"; };
		16E04BE51F71B6D200E8552D /* CloudAccessibility.swift */ = {isa = PBXFileReference; lastKnownFileType = sourcecode.swift; path = CloudAccessibility.swift; sourceTree = "<group>"; };
		16E04BE61F71B6D200E8552D /* Valet.swift */ = {isa = PBXFileReference; lastKnownFileType = sourcecode.swift; path = Valet.swift; sourceTree = "<group>"; };
		16E04BE71F71B6D200E8552D /* KeychainQueryConvertible.swift */ = {isa = PBXFileReference; lastKnownFileType = sourcecode.swift; path = KeychainQueryConvertible.swift; sourceTree = "<group>"; };
		16E04BE81F71B6D200E8552D /* SecureEnclaveAccessControl.swift */ = {isa = PBXFileReference; lastKnownFileType = sourcecode.swift; path = SecureEnclaveAccessControl.swift; sourceTree = "<group>"; };
		16E04BE91F71B6D300E8552D /* MigrationResult.swift */ = {isa = PBXFileReference; lastKnownFileType = sourcecode.swift; path = MigrationResult.swift; sourceTree = "<group>"; };
		16E04BEA1F71B6EE00E8552D /* Info.plist */ = {isa = PBXFileReference; lastKnownFileType = text.plist.xml; path = Info.plist; sourceTree = "<group>"; };
		16E04BED1F71B72C00E8552D /* SecItemTests.swift */ = {isa = PBXFileReference; lastKnownFileType = sourcecode.swift; path = SecItemTests.swift; sourceTree = "<group>"; };
		16E04BEE1F71B72C00E8552D /* SecureEnclaveTests.swift */ = {isa = PBXFileReference; lastKnownFileType = sourcecode.swift; path = SecureEnclaveTests.swift; sourceTree = "<group>"; };
		16E04BEF1F71B72C00E8552D /* SynchronizableTests.swift */ = {isa = PBXFileReference; lastKnownFileType = sourcecode.swift; path = SynchronizableTests.swift; sourceTree = "<group>"; };
		16E04BF01F71B72C00E8552D /* ValetTests.m */ = {isa = PBXFileReference; lastKnownFileType = sourcecode.c.objc; path = ValetTests.m; sourceTree = "<group>"; };
		16E04BF11F71B72C00E8552D /* ValetTests-Bridging-Header.h */ = {isa = PBXFileReference; lastKnownFileType = sourcecode.c.h; path = "ValetTests-Bridging-Header.h"; sourceTree = "<group>"; };
		16E04BF21F71B72C00E8552D /* MacTests.swift */ = {isa = PBXFileReference; lastKnownFileType = sourcecode.swift; path = MacTests.swift; sourceTree = "<group>"; };
		16E04BF31F71B72C00E8552D /* ValetTests.swift */ = {isa = PBXFileReference; lastKnownFileType = sourcecode.swift; path = ValetTests.swift; sourceTree = "<group>"; };
		16E04BF41F71B72C00E8552D /* ValetTests.h */ = {isa = PBXFileReference; lastKnownFileType = sourcecode.c.h; path = ValetTests.h; sourceTree = "<group>"; };
		16E04BF51F71B73700E8552D /* Info.plist */ = {isa = PBXFileReference; lastKnownFileType = text.plist.xml; path = Info.plist; sourceTree = "<group>"; };
		16E04BF61F71B74100E8552D /* VALSynchronizableValet.h */ = {isa = PBXFileReference; lastKnownFileType = sourcecode.c.h; path = VALSynchronizableValet.h; sourceTree = "<group>"; };
		16E04BF71F71B74100E8552D /* VALSynchronizableValet.m */ = {isa = PBXFileReference; lastKnownFileType = sourcecode.c.objc; path = VALSynchronizableValet.m; sourceTree = "<group>"; };
		16E04BF81F71B74100E8552D /* VALValet_Protected.h */ = {isa = PBXFileReference; lastKnownFileType = sourcecode.c.h; path = VALValet_Protected.h; sourceTree = "<group>"; };
		16E04BF91F71B74100E8552D /* VALValet.h */ = {isa = PBXFileReference; lastKnownFileType = sourcecode.c.h; path = VALValet.h; sourceTree = "<group>"; };
		16E04BFA1F71B74100E8552D /* VALValet.m */ = {isa = PBXFileReference; lastKnownFileType = sourcecode.c.objc; path = VALValet.m; sourceTree = "<group>"; };
		16E04BFB1F71B74100E8552D /* ValetDefines.h */ = {isa = PBXFileReference; lastKnownFileType = sourcecode.c.h; path = ValetDefines.h; sourceTree = "<group>"; };
		16E04BFC1F71B74100E8552D /* VALSecureEnclaveValet.h */ = {isa = PBXFileReference; lastKnownFileType = sourcecode.c.h; path = VALSecureEnclaveValet.h; sourceTree = "<group>"; };
		16E04BFD1F71B74100E8552D /* VALSecureEnclaveValet_Protected.h */ = {isa = PBXFileReference; lastKnownFileType = sourcecode.c.h; path = VALSecureEnclaveValet_Protected.h; sourceTree = "<group>"; };
		16E04BFE1F71B74100E8552D /* VALSecureEnclaveValet.m */ = {isa = PBXFileReference; lastKnownFileType = sourcecode.c.objc; path = VALSecureEnclaveValet.m; sourceTree = "<group>"; };
		16E04BFF1F71B74100E8552D /* VALSinglePromptSecureEnclaveValet.h */ = {isa = PBXFileReference; lastKnownFileType = sourcecode.c.h; path = VALSinglePromptSecureEnclaveValet.h; sourceTree = "<group>"; };
		16E04C001F71B74100E8552D /* VALSinglePromptSecureEnclaveValet.m */ = {isa = PBXFileReference; lastKnownFileType = sourcecode.c.objc; path = VALSinglePromptSecureEnclaveValet.m; sourceTree = "<group>"; };
		16EB523D1F71BC6B00363869 /* Valet.h */ = {isa = PBXFileReference; lastKnownFileType = sourcecode.c.h; path = Valet.h; sourceTree = "<group>"; };
		16EB526E1F71BE3D00363869 /* Security.framework */ = {isa = PBXFileReference; lastKnownFileType = wrapper.framework; name = Security.framework; path = System/Library/Frameworks/Security.framework; sourceTree = SDKROOT; };
		16EB52701F71BE4100363869 /* Security.framework */ = {isa = PBXFileReference; lastKnownFileType = wrapper.framework; name = Security.framework; path = Platforms/iPhoneOS.platform/Developer/SDKs/iPhoneOS11.0.sdk/System/Library/Frameworks/Security.framework; sourceTree = DEVELOPER_DIR; };
		26E6827C1BA8B3F900EFF4EA /* Valet.framework */ = {isa = PBXFileReference; explicitFileType = wrapper.framework; includeInIndex = 0; path = Valet.framework; sourceTree = BUILT_PRODUCTS_DIR; };
		26E6828A1BA8B4B200EFF4EA /* Valet.framework */ = {isa = PBXFileReference; explicitFileType = wrapper.framework; includeInIndex = 0; path = Valet.framework; sourceTree = BUILT_PRODUCTS_DIR; };
		371150A51E2962D8004A45D4 /* Valet iOS Test Host App.app */ = {isa = PBXFileReference; explicitFileType = wrapper.application; includeInIndex = 0; path = "Valet iOS Test Host App.app"; sourceTree = BUILT_PRODUCTS_DIR; };
		371150A71E2962D8004A45D4 /* ValetIOSTestHostAppDelegate.swift */ = {isa = PBXFileReference; lastKnownFileType = sourcecode.swift; path = ValetIOSTestHostAppDelegate.swift; sourceTree = "<group>"; };
		371150A91E2962D8004A45D4 /* ValetIOSTestHostViewController.swift */ = {isa = PBXFileReference; lastKnownFileType = sourcecode.swift; path = ValetIOSTestHostViewController.swift; sourceTree = "<group>"; };
		371150AC1E2962D8004A45D4 /* Base */ = {isa = PBXFileReference; lastKnownFileType = file.storyboard; name = Base; path = Base.lproj/Main.storyboard; sourceTree = "<group>"; };
		371150AE1E2962D8004A45D4 /* Assets.xcassets */ = {isa = PBXFileReference; lastKnownFileType = folder.assetcatalog; path = Assets.xcassets; sourceTree = "<group>"; };
		371150B11E2962D8004A45D4 /* Base */ = {isa = PBXFileReference; lastKnownFileType = file.storyboard; name = Base; path = Base.lproj/LaunchScreen.storyboard; sourceTree = "<group>"; };
		371150B31E2962D8004A45D4 /* Info.plist */ = {isa = PBXFileReference; lastKnownFileType = text.plist.xml; path = Info.plist; sourceTree = "<group>"; };
		37250B1D1E2DD55D008B4777 /* Valet iOS Test Host App.entitlements */ = {isa = PBXFileReference; lastKnownFileType = text.plist.entitlements; path = "Valet iOS Test Host App.entitlements"; sourceTree = "<group>"; };
		AC11C5561F8197C200AE9842 /* SecureEnclaveSinglePromptTests.swift */ = {isa = PBXFileReference; lastKnownFileType = sourcecode.swift; path = SecureEnclaveSinglePromptTests.swift; sourceTree = "<group>"; };
		AC89A3EA1CC82426009A7121 /* ValetTouchIDTest-Bridging-Header.h */ = {isa = PBXFileReference; lastKnownFileType = sourcecode.c.h; path = "ValetTouchIDTest-Bridging-Header.h"; sourceTree = "<group>"; };
		AC89A3EB1CC82426009A7121 /* ValetTouchIDTestAppDelegate.swift */ = {isa = PBXFileReference; fileEncoding = 4; lastKnownFileType = sourcecode.swift; path = ValetTouchIDTestAppDelegate.swift; sourceTree = "<group>"; };
		AC89A3ED1CC82738009A7121 /* ValetTouchIDTestViewController.swift */ = {isa = PBXFileReference; fileEncoding = 4; lastKnownFileType = sourcecode.swift; path = ValetTouchIDTestViewController.swift; sourceTree = "<group>"; };
		EA1E1F8E1A8C46090067C991 /* Valet iOS Tests.xctest */ = {isa = PBXFileReference; explicitFileType = wrapper.cfbundle; includeInIndex = 0; path = "Valet iOS Tests.xctest"; sourceTree = BUILT_PRODUCTS_DIR; };
		EAEAA88C1B167A8700F7AA98 /* Valet Mac Tests.xctest */ = {isa = PBXFileReference; explicitFileType = wrapper.cfbundle; includeInIndex = 0; path = "Valet Mac Tests.xctest"; sourceTree = BUILT_PRODUCTS_DIR; };
		EAF894741B053E0500EDAD6C /* ValetTouchIDTest.app */ = {isa = PBXFileReference; explicitFileType = wrapper.application; includeInIndex = 0; path = ValetTouchIDTest.app; sourceTree = BUILT_PRODUCTS_DIR; };
		EAF894771B053E0500EDAD6C /* Info.plist */ = {isa = PBXFileReference; lastKnownFileType = text.plist.xml; path = Info.plist; sourceTree = "<group>"; };
		EAF894831B053E0500EDAD6C /* Images.xcassets */ = {isa = PBXFileReference; lastKnownFileType = folder.assetcatalog; path = Images.xcassets; sourceTree = "<group>"; };
		EAF8949D1B05420200EDAD6C /* Base */ = {isa = PBXFileReference; lastKnownFileType = file.storyboard; name = Base; path = Base.lproj/ValetSecureElementTestMain.storyboard; sourceTree = "<group>"; };
		EAF894A01B05420700EDAD6C /* Base */ = {isa = PBXFileReference; lastKnownFileType = file.xib; name = Base; path = Base.lproj/ValetSecureElementTestLaunchScreen.xib; sourceTree = "<group>"; };
/* End PBXFileReference section */

/* Begin PBXFrameworksBuildPhase section */
		16B585691F71DBE00038EE30 /* Frameworks */ = {
			isa = PBXFrameworksBuildPhase;
			buildActionMask = 2147483647;
			files = (
			);
			runOnlyForDeploymentPostprocessing = 0;
		};
		26E682781BA8B3F900EFF4EA /* Frameworks */ = {
			isa = PBXFrameworksBuildPhase;
			buildActionMask = 2147483647;
			files = (
			);
			runOnlyForDeploymentPostprocessing = 0;
		};
		26E682861BA8B4B200EFF4EA /* Frameworks */ = {
			isa = PBXFrameworksBuildPhase;
			buildActionMask = 2147483647;
			files = (
			);
			runOnlyForDeploymentPostprocessing = 0;
		};
		371150A21E2962D8004A45D4 /* Frameworks */ = {
			isa = PBXFrameworksBuildPhase;
			buildActionMask = 2147483647;
			files = (
			);
			runOnlyForDeploymentPostprocessing = 0;
		};
		EA1E1F8B1A8C46090067C991 /* Frameworks */ = {
			isa = PBXFrameworksBuildPhase;
			buildActionMask = 2147483647;
			files = (
			);
			runOnlyForDeploymentPostprocessing = 0;
		};
		EAEAA8891B167A8700F7AA98 /* Frameworks */ = {
			isa = PBXFrameworksBuildPhase;
			buildActionMask = 2147483647;
			files = (
			);
			runOnlyForDeploymentPostprocessing = 0;
		};
		EAF894711B053E0400EDAD6C /* Frameworks */ = {
			isa = PBXFrameworksBuildPhase;
			buildActionMask = 2147483647;
			files = (
				168909381F7199D60057F636 /* Valet.framework in Frameworks */,
			);
			runOnlyForDeploymentPostprocessing = 0;
		};
/* End PBXFrameworksBuildPhase section */

/* Begin PBXGroup section */
		168909331F7199B50057F636 /* Frameworks */ = {
			isa = PBXGroup;
			children = (
				16EB52701F71BE4100363869 /* Security.framework */,
				16EB526E1F71BE3D00363869 /* Security.framework */,
			);
			name = Frameworks;
			sourceTree = "<group>";
		};
		16B5856D1F71DBE00038EE30 /* Valet macOS Test Host App */ = {
			isa = PBXGroup;
			children = (
				16B5856E1F71DBE00038EE30 /* AppDelegate.swift */,
				16B585701F71DBE00038EE30 /* ViewController.swift */,
				16B585721F71DBE00038EE30 /* Assets.xcassets */,
				16B585741F71DBE00038EE30 /* Main.storyboard */,
				16B585771F71DBE00038EE30 /* Info.plist */,
				16B585781F71DBE00038EE30 /* Valet_macOS_Test_Host_App.entitlements */,
			);
			path = "Valet macOS Test Host App";
			sourceTree = "<group>";
		};
		16E04BD91F71B69100E8552D /* Sources */ = {
			isa = PBXGroup;
			children = (
				16E04BEA1F71B6EE00E8552D /* Info.plist */,
				16E04BE11F71B6D200E8552D /* Accessibility.swift */,
				16E04BE51F71B6D200E8552D /* CloudAccessibility.swift */,
				16E04BE21F71B6D200E8552D /* ErrorHandler.swift */,
				16E04BDF1F71B6D200E8552D /* Identifier.swift */,
				16939FCA1F81897700D9F044 /* ObjectiveCCompatibilityIdentifier.swift */,
				16E04BE71F71B6D200E8552D /* KeychainQueryConvertible.swift */,
				16E04BE91F71B6D300E8552D /* MigrationResult.swift */,
				16E04BE01F71B6D200E8552D /* SecureEnclave.swift */,
				16E04BE81F71B6D200E8552D /* SecureEnclaveAccessControl.swift */,
				16E04BE41F71B6D200E8552D /* SecureEnclaveSinglePromptValet.swift */,
				16E04BE31F71B6D200E8552D /* SecureEnclaveValet.swift */,
				16EB523D1F71BC6B00363869 /* Valet.h */,
				16E04BE61F71B6D200E8552D /* Valet.swift */,
				16E04BDA1F71B6AA00E8552D /* Internal */,
			);
			path = Sources;
			sourceTree = "<group>";
		};
		16E04BDA1F71B6AA00E8552D /* Internal */ = {
			isa = PBXGroup;
			children = (
				16E04BDD1F71B6C400E8552D /* Configuration.swift */,
				16E04BDC1F71B6C400E8552D /* Keychain.swift */,
				16E04BDE1F71B6C400E8552D /* SecItem.swift */,
				16E04BDB1F71B6C400E8552D /* Service.swift */,
			);
			path = Internal;
			sourceTree = "<group>";
		};
		16E04BEB1F71B70500E8552D /* Tests */ = {
			isa = PBXGroup;
			children = (
				16E04BF51F71B73700E8552D /* Info.plist */,
				16E04BF21F71B72C00E8552D /* MacTests.swift */,
				16E04BED1F71B72C00E8552D /* SecItemTests.swift */,
				16E04BEE1F71B72C00E8552D /* SecureEnclaveTests.swift */,
				AC11C5561F8197C200AE9842 /* SecureEnclaveSinglePromptTests.swift */,
				16E04BEF1F71B72C00E8552D /* SynchronizableTests.swift */,
				16E04BF11F71B72C00E8552D /* ValetTests-Bridging-Header.h */,
				16E04BF41F71B72C00E8552D /* ValetTests.h */,
				16E04BF01F71B72C00E8552D /* ValetTests.m */,
				16E04BF31F71B72C00E8552D /* ValetTests.swift */,
				16E04BEC1F71B70C00E8552D /* Legacy */,
			);
			path = Tests;
			sourceTree = "<group>";
		};
		16E04BEC1F71B70C00E8552D /* Legacy */ = {
			isa = PBXGroup;
			children = (
				16E04BFB1F71B74100E8552D /* ValetDefines.h */,
				16E04BFD1F71B74100E8552D /* VALSecureEnclaveValet_Protected.h */,
				16E04BFC1F71B74100E8552D /* VALSecureEnclaveValet.h */,
				16E04BFE1F71B74100E8552D /* VALSecureEnclaveValet.m */,
				16E04BFF1F71B74100E8552D /* VALSinglePromptSecureEnclaveValet.h */,
				16E04C001F71B74100E8552D /* VALSinglePromptSecureEnclaveValet.m */,
				16E04BF61F71B74100E8552D /* VALSynchronizableValet.h */,
				16E04BF71F71B74100E8552D /* VALSynchronizableValet.m */,
				16E04BF81F71B74100E8552D /* VALValet_Protected.h */,
				16E04BF91F71B74100E8552D /* VALValet.h */,
				16E04BFA1F71B74100E8552D /* VALValet.m */,
			);
			path = Legacy;
			sourceTree = "<group>";
		};
		371150A61E2962D8004A45D4 /* Valet iOS Test Host App */ = {
			isa = PBXGroup;
			children = (
				37250B1D1E2DD55D008B4777 /* Valet iOS Test Host App.entitlements */,
				371150A71E2962D8004A45D4 /* ValetIOSTestHostAppDelegate.swift */,
				371150A91E2962D8004A45D4 /* ValetIOSTestHostViewController.swift */,
				371150AB1E2962D8004A45D4 /* Main.storyboard */,
				371150AE1E2962D8004A45D4 /* Assets.xcassets */,
				371150B01E2962D8004A45D4 /* LaunchScreen.storyboard */,
				371150B31E2962D8004A45D4 /* Info.plist */,
			);
			path = "Valet iOS Test Host App";
			sourceTree = "<group>";
		};
		EA1E1F7A1A8C46080067C991 = {
			isa = PBXGroup;
			children = (
				16E04BD91F71B69100E8552D /* Sources */,
				16E04BEB1F71B70500E8552D /* Tests */,
				EAF894751B053E0500EDAD6C /* ValetTouchIDTest */,
				371150A61E2962D8004A45D4 /* Valet iOS Test Host App */,
				16B5856D1F71DBE00038EE30 /* Valet macOS Test Host App */,
				EA1E1F841A8C46080067C991 /* Products */,
				168909331F7199B50057F636 /* Frameworks */,
			);
			sourceTree = "<group>";
		};
		EA1E1F841A8C46080067C991 /* Products */ = {
			isa = PBXGroup;
			children = (
				EA1E1F8E1A8C46090067C991 /* Valet iOS Tests.xctest */,
				EAF894741B053E0500EDAD6C /* ValetTouchIDTest.app */,
				EAEAA88C1B167A8700F7AA98 /* Valet Mac Tests.xctest */,
				26E6827C1BA8B3F900EFF4EA /* Valet.framework */,
				26E6828A1BA8B4B200EFF4EA /* Valet.framework */,
				371150A51E2962D8004A45D4 /* Valet iOS Test Host App.app */,
				16B5856C1F71DBE00038EE30 /* Valet macOS Test Host App.app */,
			);
			name = Products;
			sourceTree = "<group>";
		};
		EAF894751B053E0500EDAD6C /* ValetTouchIDTest */ = {
			isa = PBXGroup;
			children = (
				EAF894771B053E0500EDAD6C /* Info.plist */,
				EAF8949C1B05420200EDAD6C /* ValetSecureElementTestMain.storyboard */,
				EAF894831B053E0500EDAD6C /* Images.xcassets */,
				EAF8949F1B05420700EDAD6C /* ValetSecureElementTestLaunchScreen.xib */,
				AC89A3EB1CC82426009A7121 /* ValetTouchIDTestAppDelegate.swift */,
				AC89A3EA1CC82426009A7121 /* ValetTouchIDTest-Bridging-Header.h */,
				AC89A3ED1CC82738009A7121 /* ValetTouchIDTestViewController.swift */,
			);
			path = ValetTouchIDTest;
			sourceTree = "<group>";
		};
/* End PBXGroup section */

/* Begin PBXHeadersBuildPhase section */
		16EB52401F71BCF700363869 /* Headers */ = {
			isa = PBXHeadersBuildPhase;
			buildActionMask = 2147483647;
			files = (
				16EB52471F71BD0B00363869 /* VALValet_Protected.h in Headers */,
				16EB52431F71BD0B00363869 /* VALSecureEnclaveValet_Protected.h in Headers */,
				16EB52451F71BD0B00363869 /* VALSinglePromptSecureEnclaveValet.h in Headers */,
				16EB52481F71BD0B00363869 /* VALValet.h in Headers */,
				16EB52461F71BD0B00363869 /* VALSynchronizableValet.h in Headers */,
				16EB52441F71BD0B00363869 /* VALSecureEnclaveValet.h in Headers */,
				16EB52421F71BD0B00363869 /* ValetDefines.h in Headers */,
			);
			runOnlyForDeploymentPostprocessing = 0;
		};
		16EB52411F71BCFE00363869 /* Headers */ = {
			isa = PBXHeadersBuildPhase;
			buildActionMask = 2147483647;
			files = (
				16EB524E1F71BD0C00363869 /* VALValet_Protected.h in Headers */,
				16EB524A1F71BD0C00363869 /* VALSecureEnclaveValet_Protected.h in Headers */,
				16EB524C1F71BD0C00363869 /* VALSinglePromptSecureEnclaveValet.h in Headers */,
				16EB524F1F71BD0C00363869 /* VALValet.h in Headers */,
				16EB524D1F71BD0C00363869 /* VALSynchronizableValet.h in Headers */,
				16EB524B1F71BD0C00363869 /* VALSecureEnclaveValet.h in Headers */,
				16EB52491F71BD0C00363869 /* ValetDefines.h in Headers */,
			);
			runOnlyForDeploymentPostprocessing = 0;
		};
		26E682791BA8B3F900EFF4EA /* Headers */ = {
			isa = PBXHeadersBuildPhase;
			buildActionMask = 2147483647;
			files = (
				16EB523E1F71BC7300363869 /* Valet.h in Headers */,
			);
			runOnlyForDeploymentPostprocessing = 0;
		};
		26E682871BA8B4B200EFF4EA /* Headers */ = {
			isa = PBXHeadersBuildPhase;
			buildActionMask = 2147483647;
			files = (
				16EB523F1F71BC7300363869 /* Valet.h in Headers */,
			);
			runOnlyForDeploymentPostprocessing = 0;
		};
/* End PBXHeadersBuildPhase section */

/* Begin PBXNativeTarget section */
		16B5856B1F71DBE00038EE30 /* Valet macOS Test Host App */ = {
			isa = PBXNativeTarget;
			buildConfigurationList = 16B585791F71DBE00038EE30 /* Build configuration list for PBXNativeTarget "Valet macOS Test Host App" */;
			buildPhases = (
				16B585681F71DBE00038EE30 /* Sources */,
				16B585691F71DBE00038EE30 /* Frameworks */,
				16B5856A1F71DBE00038EE30 /* Resources */,
			);
			buildRules = (
			);
			dependencies = (
			);
			name = "Valet macOS Test Host App";
			productName = "Valet macOS Test Host App";
			productReference = 16B5856C1F71DBE00038EE30 /* Valet macOS Test Host App.app */;
			productType = "com.apple.product-type.application";
		};
		26E6827B1BA8B3F900EFF4EA /* Valet iOS */ = {
			isa = PBXNativeTarget;
			buildConfigurationList = 26E682831BA8B3F900EFF4EA /* Build configuration list for PBXNativeTarget "Valet iOS" */;
			buildPhases = (
				26E682771BA8B3F900EFF4EA /* Sources */,
				26E682781BA8B3F900EFF4EA /* Frameworks */,
				26E682791BA8B3F900EFF4EA /* Headers */,
				26E6827A1BA8B3F900EFF4EA /* Resources */,
			);
			buildRules = (
			);
			dependencies = (
			);
			name = "Valet iOS";
			productName = "Valet-iOS";
			productReference = 26E6827C1BA8B3F900EFF4EA /* Valet.framework */;
			productType = "com.apple.product-type.framework";
		};
		26E682891BA8B4B200EFF4EA /* Valet Mac */ = {
			isa = PBXNativeTarget;
			buildConfigurationList = 26E6828F1BA8B4B200EFF4EA /* Build configuration list for PBXNativeTarget "Valet Mac" */;
			buildPhases = (
				26E682851BA8B4B200EFF4EA /* Sources */,
				26E682861BA8B4B200EFF4EA /* Frameworks */,
				26E682871BA8B4B200EFF4EA /* Headers */,
				26E682881BA8B4B200EFF4EA /* Resources */,
			);
			buildRules = (
			);
			dependencies = (
			);
			name = "Valet Mac";
			productName = "Valet-Mac";
			productReference = 26E6828A1BA8B4B200EFF4EA /* Valet.framework */;
			productType = "com.apple.product-type.framework";
		};
		371150A41E2962D8004A45D4 /* Valet iOS Test Host App */ = {
			isa = PBXNativeTarget;
			buildConfigurationList = 371150B41E2962D8004A45D4 /* Build configuration list for PBXNativeTarget "Valet iOS Test Host App" */;
			buildPhases = (
				371150A11E2962D8004A45D4 /* Sources */,
				371150A21E2962D8004A45D4 /* Frameworks */,
				371150A31E2962D8004A45D4 /* Resources */,
			);
			buildRules = (
			);
			dependencies = (
			);
			name = "Valet iOS Test Host App";
			productName = "Valet iOS Test Host App";
			productReference = 371150A51E2962D8004A45D4 /* Valet iOS Test Host App.app */;
			productType = "com.apple.product-type.application";
		};
		EA1E1F8D1A8C46090067C991 /* Valet iOS Tests */ = {
			isa = PBXNativeTarget;
			buildConfigurationList = EA1E1F9A1A8C46090067C991 /* Build configuration list for PBXNativeTarget "Valet iOS Tests" */;
			buildPhases = (
				EA1E1F8A1A8C46090067C991 /* Sources */,
				EA1E1F8B1A8C46090067C991 /* Frameworks */,
				EA1E1F8C1A8C46090067C991 /* Resources */,
				16EB52411F71BCFE00363869 /* Headers */,
			);
			buildRules = (
			);
			dependencies = (
				AC80E0A11F6DABB80091D04D /* PBXTargetDependency */,
				371150B91E2962FC004A45D4 /* PBXTargetDependency */,
			);
			name = "Valet iOS Tests";
			productName = ValetTests;
			productReference = EA1E1F8E1A8C46090067C991 /* Valet iOS Tests.xctest */;
			productType = "com.apple.product-type.bundle.unit-test";
		};
		EAEAA88B1B167A8700F7AA98 /* Valet Mac Tests */ = {
			isa = PBXNativeTarget;
			buildConfigurationList = EAEAA8981B167A8700F7AA98 /* Build configuration list for PBXNativeTarget "Valet Mac Tests" */;
			buildPhases = (
				EAEAA8881B167A8700F7AA98 /* Sources */,
				EAEAA8891B167A8700F7AA98 /* Frameworks */,
				EAEAA88A1B167A8700F7AA98 /* Resources */,
				16EB52401F71BCF700363869 /* Headers */,
			);
			buildRules = (
			);
			dependencies = (
				AC80E0A31F6DABC90091D04D /* PBXTargetDependency */,
				16B5857D1F71DBF00038EE30 /* PBXTargetDependency */,
			);
			name = "Valet Mac Tests";
			productName = "Valet MacTests";
			productReference = EAEAA88C1B167A8700F7AA98 /* Valet Mac Tests.xctest */;
			productType = "com.apple.product-type.bundle.unit-test";
		};
		EAF894731B053E0400EDAD6C /* ValetTouchIDTest */ = {
			isa = PBXNativeTarget;
			buildConfigurationList = EAF894941B053E0700EDAD6C /* Build configuration list for PBXNativeTarget "ValetTouchIDTest" */;
			buildPhases = (
				EAF894701B053E0400EDAD6C /* Sources */,
				EAF894711B053E0400EDAD6C /* Frameworks */,
				EAF894721B053E0400EDAD6C /* Resources */,
				1689093C1F7199D60057F636 /* Embed Frameworks */,
			);
			buildRules = (
			);
			dependencies = (
				1689093B1F7199D60057F636 /* PBXTargetDependency */,
			);
			name = ValetTouchIDTest;
			productName = ValetTouchIDTest;
			productReference = EAF894741B053E0500EDAD6C /* ValetTouchIDTest.app */;
			productType = "com.apple.product-type.application";
		};
/* End PBXNativeTarget section */

/* Begin PBXProject section */
		EA1E1F7B1A8C46080067C991 /* Project object */ = {
			isa = PBXProject;
			attributes = {
				LastSwiftUpdateCheck = 0900;
				LastUpgradeCheck = 0900;
				ORGANIZATIONNAME = "Square, Inc.";
				TargetAttributes = {
					16B5856B1F71DBE00038EE30 = {
						CreatedOnToolsVersion = 9.0;
						DevelopmentTeam = 9XUJ7M53NG;
						ProvisioningStyle = Automatic;
						SystemCapabilities = {
							com.apple.Keychain = {
								enabled = 1;
							};
							com.apple.Sandbox = {
								enabled = 1;
							};
						};
					};
					26E6827B1BA8B3F900EFF4EA = {
						CreatedOnToolsVersion = 7.0;
						DevelopmentTeam = 9XUJ7M53NG;
						LastSwiftMigration = 0900;
					};
					26E682891BA8B4B200EFF4EA = {
						CreatedOnToolsVersion = 7.0;
						DevelopmentTeam = 9XUJ7M53NG;
						LastSwiftMigration = 0900;
						ProvisioningStyle = Manual;
					};
					371150A41E2962D8004A45D4 = {
						CreatedOnToolsVersion = 8.2.1;
						DevelopmentTeam = 9XUJ7M53NG;
						LastSwiftMigration = 0900;
						ProvisioningStyle = Automatic;
						SystemCapabilities = {
							com.apple.Keychain = {
								enabled = 1;
							};
						};
					};
					EA1E1F8D1A8C46090067C991 = {
						CreatedOnToolsVersion = 6.1.1;
						DevelopmentTeam = 9XUJ7M53NG;
						LastSwiftMigration = 0900;
						ProvisioningStyle = Automatic;
						TestTargetID = 371150A41E2962D8004A45D4;
					};
					EAEAA88B1B167A8700F7AA98 = {
						CreatedOnToolsVersion = 6.3.2;
						LastSwiftMigration = 0900;
						ProvisioningStyle = Automatic;
					};
					EAF894731B053E0400EDAD6C = {
						CreatedOnToolsVersion = 6.3.1;
						DevelopmentTeam = 9XUJ7M53NG;
						LastSwiftMigration = 0900;
					};
				};
			};
			buildConfigurationList = EA1E1F7E1A8C46080067C991 /* Build configuration list for PBXProject "Valet" */;
			compatibilityVersion = "Xcode 3.2";
			developmentRegion = English;
			hasScannedForEncodings = 0;
			knownRegions = (
				en,
				Base,
			);
			mainGroup = EA1E1F7A1A8C46080067C991;
			productRefGroup = EA1E1F841A8C46080067C991 /* Products */;
			projectDirPath = "";
			projectRoot = "";
			targets = (
				EA1E1F8D1A8C46090067C991 /* Valet iOS Tests */,
				EAF894731B053E0400EDAD6C /* ValetTouchIDTest */,
				EAEAA88B1B167A8700F7AA98 /* Valet Mac Tests */,
				26E6827B1BA8B3F900EFF4EA /* Valet iOS */,
				26E682891BA8B4B200EFF4EA /* Valet Mac */,
				371150A41E2962D8004A45D4 /* Valet iOS Test Host App */,
				16B5856B1F71DBE00038EE30 /* Valet macOS Test Host App */,
			);
		};
/* End PBXProject section */

/* Begin PBXResourcesBuildPhase section */
		16B5856A1F71DBE00038EE30 /* Resources */ = {
			isa = PBXResourcesBuildPhase;
			buildActionMask = 2147483647;
			files = (
				16B585731F71DBE00038EE30 /* Assets.xcassets in Resources */,
				16B585761F71DBE00038EE30 /* Main.storyboard in Resources */,
			);
			runOnlyForDeploymentPostprocessing = 0;
		};
		26E6827A1BA8B3F900EFF4EA /* Resources */ = {
			isa = PBXResourcesBuildPhase;
			buildActionMask = 2147483647;
			files = (
			);
			runOnlyForDeploymentPostprocessing = 0;
		};
		26E682881BA8B4B200EFF4EA /* Resources */ = {
			isa = PBXResourcesBuildPhase;
			buildActionMask = 2147483647;
			files = (
			);
			runOnlyForDeploymentPostprocessing = 0;
		};
		371150A31E2962D8004A45D4 /* Resources */ = {
			isa = PBXResourcesBuildPhase;
			buildActionMask = 2147483647;
			files = (
				371150B21E2962D8004A45D4 /* LaunchScreen.storyboard in Resources */,
				371150AF1E2962D8004A45D4 /* Assets.xcassets in Resources */,
				371150AD1E2962D8004A45D4 /* Main.storyboard in Resources */,
			);
			runOnlyForDeploymentPostprocessing = 0;
		};
		EA1E1F8C1A8C46090067C991 /* Resources */ = {
			isa = PBXResourcesBuildPhase;
			buildActionMask = 2147483647;
			files = (
			);
			runOnlyForDeploymentPostprocessing = 0;
		};
		EAEAA88A1B167A8700F7AA98 /* Resources */ = {
			isa = PBXResourcesBuildPhase;
			buildActionMask = 2147483647;
			files = (
			);
			runOnlyForDeploymentPostprocessing = 0;
		};
		EAF894721B053E0400EDAD6C /* Resources */ = {
			isa = PBXResourcesBuildPhase;
			buildActionMask = 2147483647;
			files = (
				EAF894A11B05420800EDAD6C /* ValetSecureElementTestLaunchScreen.xib in Resources */,
				EAF8949E1B05420200EDAD6C /* ValetSecureElementTestMain.storyboard in Resources */,
				EAF894841B053E0500EDAD6C /* Images.xcassets in Resources */,
			);
			runOnlyForDeploymentPostprocessing = 0;
		};
/* End PBXResourcesBuildPhase section */

/* Begin PBXSourcesBuildPhase section */
		16B585681F71DBE00038EE30 /* Sources */ = {
			isa = PBXSourcesBuildPhase;
			buildActionMask = 2147483647;
			files = (
				16B585711F71DBE00038EE30 /* ViewController.swift in Sources */,
				16B5856F1F71DBE00038EE30 /* AppDelegate.swift in Sources */,
			);
			runOnlyForDeploymentPostprocessing = 0;
		};
		26E682771BA8B3F900EFF4EA /* Sources */ = {
			isa = PBXSourcesBuildPhase;
			buildActionMask = 2147483647;
			files = (
				16939FCB1F81897700D9F044 /* ObjectiveCCompatibilityIdentifier.swift in Sources */,
				16EB52521F71BDF400363869 /* ErrorHandler.swift in Sources */,
				16EB52511F71BDF400363869 /* CloudAccessibility.swift in Sources */,
				16EB52691F71BDFF00363869 /* Service.swift in Sources */,
				16EB52671F71BDFF00363869 /* Keychain.swift in Sources */,
				16EB52561F71BDF400363869 /* SecureEnclave.swift in Sources */,
				16EB52541F71BDF400363869 /* KeychainQueryConvertible.swift in Sources */,
				16EB52551F71BDF400363869 /* MigrationResult.swift in Sources */,
				16EB52531F71BDF400363869 /* Identifier.swift in Sources */,
				16EB52661F71BDFF00363869 /* Configuration.swift in Sources */,
				16EB52571F71BDF400363869 /* SecureEnclaveAccessControl.swift in Sources */,
				16EB52501F71BDF400363869 /* Accessibility.swift in Sources */,
				16EB52681F71BDFF00363869 /* SecItem.swift in Sources */,
				16EB52641F71BDF900363869 /* Valet.swift in Sources */,
				16EB52591F71BDF400363869 /* SecureEnclaveValet.swift in Sources */,
				16EB52581F71BDF400363869 /* SecureEnclaveSinglePromptValet.swift in Sources */,
			);
			runOnlyForDeploymentPostprocessing = 0;
		};
		26E682851BA8B4B200EFF4EA /* Sources */ = {
			isa = PBXSourcesBuildPhase;
			buildActionMask = 2147483647;
			files = (
				16939FCC1F81897700D9F044 /* ObjectiveCCompatibilityIdentifier.swift in Sources */,
				16EB525C1F71BDF400363869 /* ErrorHandler.swift in Sources */,
				16EB525B1F71BDF400363869 /* CloudAccessibility.swift in Sources */,
				16EB526D1F71BDFF00363869 /* Service.swift in Sources */,
				16EB526B1F71BDFF00363869 /* Keychain.swift in Sources */,
				16EB52601F71BDF400363869 /* SecureEnclave.swift in Sources */,
				16EB525E1F71BDF400363869 /* KeychainQueryConvertible.swift in Sources */,
				16EB525F1F71BDF400363869 /* MigrationResult.swift in Sources */,
				16EB525D1F71BDF400363869 /* Identifier.swift in Sources */,
				16EB526A1F71BDFF00363869 /* Configuration.swift in Sources */,
				16EB52611F71BDF400363869 /* SecureEnclaveAccessControl.swift in Sources */,
				16EB525A1F71BDF400363869 /* Accessibility.swift in Sources */,
				16EB526C1F71BDFF00363869 /* SecItem.swift in Sources */,
				16EB52651F71BDFA00363869 /* Valet.swift in Sources */,
				16EB52631F71BDF400363869 /* SecureEnclaveValet.swift in Sources */,
				16EB52621F71BDF400363869 /* SecureEnclaveSinglePromptValet.swift in Sources */,
			);
			runOnlyForDeploymentPostprocessing = 0;
		};
		371150A11E2962D8004A45D4 /* Sources */ = {
			isa = PBXSourcesBuildPhase;
			buildActionMask = 2147483647;
			files = (
				371150AA1E2962D8004A45D4 /* ValetIOSTestHostViewController.swift in Sources */,
				371150A81E2962D8004A45D4 /* ValetIOSTestHostAppDelegate.swift in Sources */,
			);
			runOnlyForDeploymentPostprocessing = 0;
		};
		EA1E1F8A1A8C46090067C991 /* Sources */ = {
			isa = PBXSourcesBuildPhase;
			buildActionMask = 2147483647;
			files = (
				16E04C0B1F71B77E00E8552D /* ValetTests.m in Sources */,
				AC11C5571F8197C200AE9842 /* SecureEnclaveSinglePromptTests.swift in Sources */,
				16E04C081F71B76A00E8552D /* SecureEnclaveTests.swift in Sources */,
				16E04C0A1F71B76A00E8552D /* ValetTests.swift in Sources */,
				16E04C071F71B76A00E8552D /* SecItemTests.swift in Sources */,
				16E04C0D1F71B78700E8552D /* VALSecureEnclaveValet.m in Sources */,
				16E04C091F71B76A00E8552D /* SynchronizableTests.swift in Sources */,
				16E04C0F1F71B78700E8552D /* VALSynchronizableValet.m in Sources */,
				16E04C0E1F71B78700E8552D /* VALSinglePromptSecureEnclaveValet.m in Sources */,
				16E04C101F71B78700E8552D /* VALValet.m in Sources */,
			);
			runOnlyForDeploymentPostprocessing = 0;
		};
		EAEAA8881B167A8700F7AA98 /* Sources */ = {
			isa = PBXSourcesBuildPhase;
			buildActionMask = 2147483647;
			files = (
				16E04C0C1F71B77F00E8552D /* ValetTests.m in Sources */,
				AC11C5581F8197C200AE9842 /* SecureEnclaveSinglePromptTests.swift in Sources */,
				16E04C031F71B76900E8552D /* SecureEnclaveTests.swift in Sources */,
				16E04C051F71B76900E8552D /* ValetTests.swift in Sources */,
				16E04C021F71B76900E8552D /* SecItemTests.swift in Sources */,
				16E04C111F71B78800E8552D /* VALSecureEnclaveValet.m in Sources */,
				16E04C041F71B76900E8552D /* SynchronizableTests.swift in Sources */,
				16E04C131F71B78800E8552D /* VALSynchronizableValet.m in Sources */,
				16E04C121F71B78800E8552D /* VALSinglePromptSecureEnclaveValet.m in Sources */,
				16E04C141F71B78800E8552D /* VALValet.m in Sources */,
				16E04C011F71B76900E8552D /* MacTests.swift in Sources */,
			);
			runOnlyForDeploymentPostprocessing = 0;
		};
		EAF894701B053E0400EDAD6C /* Sources */ = {
			isa = PBXSourcesBuildPhase;
			buildActionMask = 2147483647;
			files = (
				AC89A3EC1CC82426009A7121 /* ValetTouchIDTestAppDelegate.swift in Sources */,
				AC89A3EE1CC82738009A7121 /* ValetTouchIDTestViewController.swift in Sources */,
			);
			runOnlyForDeploymentPostprocessing = 0;
		};
/* End PBXSourcesBuildPhase section */

/* Begin PBXTargetDependency section */
		1689093B1F7199D60057F636 /* PBXTargetDependency */ = {
			isa = PBXTargetDependency;
			target = 26E6827B1BA8B3F900EFF4EA /* Valet iOS */;
			targetProxy = 1689093A1F7199D60057F636 /* PBXContainerItemProxy */;
		};
		16B5857D1F71DBF00038EE30 /* PBXTargetDependency */ = {
			isa = PBXTargetDependency;
			target = 16B5856B1F71DBE00038EE30 /* Valet macOS Test Host App */;
			targetProxy = 16B5857C1F71DBF00038EE30 /* PBXContainerItemProxy */;
		};
		371150B91E2962FC004A45D4 /* PBXTargetDependency */ = {
			isa = PBXTargetDependency;
			target = 371150A41E2962D8004A45D4 /* Valet iOS Test Host App */;
			targetProxy = 371150B81E2962FC004A45D4 /* PBXContainerItemProxy */;
		};
		AC80E0A11F6DABB80091D04D /* PBXTargetDependency */ = {
			isa = PBXTargetDependency;
			target = 26E6827B1BA8B3F900EFF4EA /* Valet iOS */;
			targetProxy = AC80E0A01F6DABB80091D04D /* PBXContainerItemProxy */;
		};
		AC80E0A31F6DABC90091D04D /* PBXTargetDependency */ = {
			isa = PBXTargetDependency;
			target = 26E682891BA8B4B200EFF4EA /* Valet Mac */;
			targetProxy = AC80E0A21F6DABC90091D04D /* PBXContainerItemProxy */;
		};
/* End PBXTargetDependency section */

/* Begin PBXVariantGroup section */
		16B585741F71DBE00038EE30 /* Main.storyboard */ = {
			isa = PBXVariantGroup;
			children = (
				16B585751F71DBE00038EE30 /* Base */,
			);
			name = Main.storyboard;
			sourceTree = "<group>";
		};
		371150AB1E2962D8004A45D4 /* Main.storyboard */ = {
			isa = PBXVariantGroup;
			children = (
				371150AC1E2962D8004A45D4 /* Base */,
			);
			name = Main.storyboard;
			sourceTree = "<group>";
		};
		371150B01E2962D8004A45D4 /* LaunchScreen.storyboard */ = {
			isa = PBXVariantGroup;
			children = (
				371150B11E2962D8004A45D4 /* Base */,
			);
			name = LaunchScreen.storyboard;
			sourceTree = "<group>";
		};
		EAF8949C1B05420200EDAD6C /* ValetSecureElementTestMain.storyboard */ = {
			isa = PBXVariantGroup;
			children = (
				EAF8949D1B05420200EDAD6C /* Base */,
			);
			name = ValetSecureElementTestMain.storyboard;
			sourceTree = "<group>";
		};
		EAF8949F1B05420700EDAD6C /* ValetSecureElementTestLaunchScreen.xib */ = {
			isa = PBXVariantGroup;
			children = (
				EAF894A01B05420700EDAD6C /* Base */,
			);
			name = ValetSecureElementTestLaunchScreen.xib;
			sourceTree = "<group>";
		};
/* End PBXVariantGroup section */

/* Begin XCBuildConfiguration section */
		16B5857A1F71DBE00038EE30 /* Debug */ = {
			isa = XCBuildConfiguration;
			buildSettings = {
				ASSETCATALOG_COMPILER_APPICON_NAME = AppIcon;
				CLANG_ANALYZER_NONNULL = YES;
				CLANG_ANALYZER_NUMBER_OBJECT_CONVERSION = YES_AGGRESSIVE;
				CLANG_CXX_LANGUAGE_STANDARD = "gnu++14";
				CLANG_WARN_UNGUARDED_AVAILABILITY = YES_AGGRESSIVE;
				CODE_SIGN_ENTITLEMENTS = "Valet macOS Test Host App/Valet_macOS_Test_Host_App.entitlements";
				CODE_SIGN_IDENTITY = "Mac Developer";
				CODE_SIGN_STYLE = Automatic;
				COMBINE_HIDPI_IMAGES = YES;
				DEBUG_INFORMATION_FORMAT = dwarf;
				DEVELOPMENT_TEAM = 9XUJ7M53NG;
				GCC_C_LANGUAGE_STANDARD = gnu11;
				INFOPLIST_FILE = "Valet macOS Test Host App/Info.plist";
				LD_RUNPATH_SEARCH_PATHS = "$(inherited) @executable_path/../Frameworks";
				MACOSX_DEPLOYMENT_TARGET = 10.11;
				PRODUCT_BUNDLE_IDENTIFIER = "com.squareup.Valet-macOS-Test-Host-App";
				PRODUCT_NAME = "$(TARGET_NAME)";
				PROVISIONING_PROFILE_SPECIFIER = "";
				SDKROOT = macosx;
				SWIFT_ACTIVE_COMPILATION_CONDITIONS = DEBUG;
				SWIFT_OPTIMIZATION_LEVEL = "-Onone";
				SWIFT_VERSION = 4.0;
			};
			name = Debug;
		};
		16B5857B1F71DBE00038EE30 /* Release */ = {
			isa = XCBuildConfiguration;
			buildSettings = {
				ASSETCATALOG_COMPILER_APPICON_NAME = AppIcon;
				CLANG_ANALYZER_NONNULL = YES;
				CLANG_ANALYZER_NUMBER_OBJECT_CONVERSION = YES_AGGRESSIVE;
				CLANG_CXX_LANGUAGE_STANDARD = "gnu++14";
				CLANG_WARN_UNGUARDED_AVAILABILITY = YES_AGGRESSIVE;
				CODE_SIGN_ENTITLEMENTS = "Valet macOS Test Host App/Valet_macOS_Test_Host_App.entitlements";
				CODE_SIGN_IDENTITY = "Mac Developer";
				CODE_SIGN_STYLE = Automatic;
				COMBINE_HIDPI_IMAGES = YES;
				COPY_PHASE_STRIP = NO;
				DEBUG_INFORMATION_FORMAT = "dwarf-with-dsym";
				DEVELOPMENT_TEAM = 9XUJ7M53NG;
				GCC_C_LANGUAGE_STANDARD = gnu11;
				INFOPLIST_FILE = "Valet macOS Test Host App/Info.plist";
				LD_RUNPATH_SEARCH_PATHS = "$(inherited) @executable_path/../Frameworks";
				MACOSX_DEPLOYMENT_TARGET = 10.11;
				PRODUCT_BUNDLE_IDENTIFIER = "com.squareup.Valet-macOS-Test-Host-App";
				PRODUCT_NAME = "$(TARGET_NAME)";
				PROVISIONING_PROFILE_SPECIFIER = "";
				SDKROOT = macosx;
				SWIFT_VERSION = 4.0;
			};
			name = Release;
		};
		26E682811BA8B3F900EFF4EA /* Debug */ = {
			isa = XCBuildConfiguration;
			buildSettings = {
				APPLICATION_EXTENSION_API_ONLY = YES;
				CLANG_ENABLE_MODULES = YES;
				"CODE_SIGN_IDENTITY[sdk=iphoneos*]" = "";
				CURRENT_PROJECT_VERSION = 1;
				DEBUG_INFORMATION_FORMAT = dwarf;
				DEFINES_MODULE = YES;
				DEVELOPMENT_TEAM = 9XUJ7M53NG;
				DYLIB_COMPATIBILITY_VERSION = 1;
				DYLIB_CURRENT_VERSION = 1;
				DYLIB_INSTALL_NAME_BASE = "@rpath";
				GCC_NO_COMMON_BLOCKS = YES;
				INFOPLIST_FILE = Sources/Info.plist;
				INSTALL_PATH = "$(LOCAL_LIBRARY_DIR)/Frameworks";
				LD_RUNPATH_SEARCH_PATHS = "$(inherited) @executable_path/Frameworks @loader_path/Frameworks";
				PRODUCT_BUNDLE_IDENTIFIER = com.square.Valet;
				PRODUCT_NAME = Valet;
				SDKROOT = iphoneos;
				SKIP_INSTALL = YES;
				SWIFT_OPTIMIZATION_LEVEL = "-Onone";
				SWIFT_VERSION = 4.0;
				TARGETED_DEVICE_FAMILY = "1,2";
				VERSIONING_SYSTEM = "apple-generic";
				VERSION_INFO_PREFIX = "";
			};
			name = Debug;
		};
		26E682821BA8B3F900EFF4EA /* Release */ = {
			isa = XCBuildConfiguration;
			buildSettings = {
				APPLICATION_EXTENSION_API_ONLY = YES;
				CLANG_ENABLE_MODULES = YES;
				"CODE_SIGN_IDENTITY[sdk=iphoneos*]" = "";
				COPY_PHASE_STRIP = NO;
				CURRENT_PROJECT_VERSION = 1;
				DEBUG_INFORMATION_FORMAT = "dwarf-with-dsym";
				DEFINES_MODULE = YES;
				DEVELOPMENT_TEAM = 9XUJ7M53NG;
				DYLIB_COMPATIBILITY_VERSION = 1;
				DYLIB_CURRENT_VERSION = 1;
				DYLIB_INSTALL_NAME_BASE = "@rpath";
				GCC_NO_COMMON_BLOCKS = YES;
				INFOPLIST_FILE = Sources/Info.plist;
				INSTALL_PATH = "$(LOCAL_LIBRARY_DIR)/Frameworks";
				LD_RUNPATH_SEARCH_PATHS = "$(inherited) @executable_path/Frameworks @loader_path/Frameworks";
				PRODUCT_BUNDLE_IDENTIFIER = com.square.Valet;
				PRODUCT_NAME = Valet;
				SDKROOT = iphoneos;
				SKIP_INSTALL = YES;
				SWIFT_VERSION = 4.0;
				TARGETED_DEVICE_FAMILY = "1,2";
				VERSIONING_SYSTEM = "apple-generic";
				VERSION_INFO_PREFIX = "";
			};
			name = Release;
		};
		26E682901BA8B4B200EFF4EA /* Debug */ = {
			isa = XCBuildConfiguration;
			buildSettings = {
				APPLICATION_EXTENSION_API_ONLY = YES;
				CLANG_ALLOW_NON_MODULAR_INCLUDES_IN_FRAMEWORK_MODULES = YES;
				CLANG_ENABLE_MODULES = YES;
				CODE_SIGN_STYLE = Manual;
				COMBINE_HIDPI_IMAGES = YES;
				CURRENT_PROJECT_VERSION = 1;
				DEBUG_INFORMATION_FORMAT = dwarf;
				DEFINES_MODULE = YES;
				DEVELOPMENT_TEAM = 9XUJ7M53NG;
				DYLIB_COMPATIBILITY_VERSION = 1;
				DYLIB_CURRENT_VERSION = 1;
				DYLIB_INSTALL_NAME_BASE = "@rpath";
				FRAMEWORK_VERSION = A;
				GCC_NO_COMMON_BLOCKS = YES;
				INFOPLIST_FILE = Sources/Info.plist;
				INSTALL_PATH = "$(LOCAL_LIBRARY_DIR)/Frameworks";
				LD_RUNPATH_SEARCH_PATHS = "$(inherited) @executable_path/../Frameworks @loader_path/Frameworks";
				PRODUCT_BUNDLE_IDENTIFIER = com.square.Valet;
				PRODUCT_NAME = Valet;
				PROVISIONING_PROFILE_SPECIFIER = "";
				SDKROOT = macosx;
				SKIP_INSTALL = YES;
				SWIFT_OPTIMIZATION_LEVEL = "-Onone";
				SWIFT_VERSION = 3.0;
				VERSIONING_SYSTEM = "apple-generic";
				VERSION_INFO_PREFIX = "";
			};
			name = Debug;
		};
		26E682911BA8B4B200EFF4EA /* Release */ = {
			isa = XCBuildConfiguration;
			buildSettings = {
				APPLICATION_EXTENSION_API_ONLY = YES;
				CLANG_ALLOW_NON_MODULAR_INCLUDES_IN_FRAMEWORK_MODULES = YES;
				CLANG_ENABLE_MODULES = YES;
				CODE_SIGN_STYLE = Manual;
				COMBINE_HIDPI_IMAGES = YES;
				COPY_PHASE_STRIP = NO;
				CURRENT_PROJECT_VERSION = 1;
				DEBUG_INFORMATION_FORMAT = "dwarf-with-dsym";
				DEFINES_MODULE = YES;
				DEVELOPMENT_TEAM = 9XUJ7M53NG;
				DYLIB_COMPATIBILITY_VERSION = 1;
				DYLIB_CURRENT_VERSION = 1;
				DYLIB_INSTALL_NAME_BASE = "@rpath";
				FRAMEWORK_VERSION = A;
				GCC_NO_COMMON_BLOCKS = YES;
				INFOPLIST_FILE = Sources/Info.plist;
				INSTALL_PATH = "$(LOCAL_LIBRARY_DIR)/Frameworks";
				LD_RUNPATH_SEARCH_PATHS = "$(inherited) @executable_path/../Frameworks @loader_path/Frameworks";
				PRODUCT_BUNDLE_IDENTIFIER = com.square.Valet;
				PRODUCT_NAME = Valet;
				PROVISIONING_PROFILE_SPECIFIER = "";
				SDKROOT = macosx;
				SKIP_INSTALL = YES;
				SWIFT_VERSION = 3.0;
				VERSIONING_SYSTEM = "apple-generic";
				VERSION_INFO_PREFIX = "";
			};
			name = Release;
		};
		371150B51E2962D8004A45D4 /* Debug */ = {
			isa = XCBuildConfiguration;
			buildSettings = {
				ASSETCATALOG_COMPILER_APPICON_NAME = AppIcon;
				CLANG_ANALYZER_NONNULL = YES;
				CLANG_WARN_INFINITE_RECURSION = YES;
				CLANG_WARN_SUSPICIOUS_MOVE = YES;
				CODE_SIGN_ENTITLEMENTS = "Valet iOS Test Host App/Valet iOS Test Host App.entitlements";
				"CODE_SIGN_IDENTITY[sdk=iphoneos*]" = "iPhone Developer";
				CODE_SIGN_STYLE = Automatic;
				DEBUG_INFORMATION_FORMAT = dwarf;
				DEVELOPMENT_TEAM = 9XUJ7M53NG;
				GCC_NO_COMMON_BLOCKS = YES;
				INFOPLIST_FILE = "Valet iOS Test Host App/Info.plist";
				LD_RUNPATH_SEARCH_PATHS = "$(inherited) @executable_path/Frameworks";
				PRODUCT_BUNDLE_IDENTIFIER = "com.squareup.Valet-iOS-Test-Host-App";
				PRODUCT_NAME = "$(TARGET_NAME)";
				PROVISIONING_PROFILE_SPECIFIER = "";
				SDKROOT = iphoneos;
				SWIFT_ACTIVE_COMPILATION_CONDITIONS = DEBUG;
				SWIFT_OPTIMIZATION_LEVEL = "-Onone";
				SWIFT_VERSION = 4.0;
				TARGETED_DEVICE_FAMILY = "1,2";
			};
			name = Debug;
		};
		371150B61E2962D8004A45D4 /* Release */ = {
			isa = XCBuildConfiguration;
			buildSettings = {
				ASSETCATALOG_COMPILER_APPICON_NAME = AppIcon;
				CLANG_ANALYZER_NONNULL = YES;
				CLANG_WARN_INFINITE_RECURSION = YES;
				CLANG_WARN_SUSPICIOUS_MOVE = YES;
				CODE_SIGN_ENTITLEMENTS = "Valet iOS Test Host App/Valet iOS Test Host App.entitlements";
				"CODE_SIGN_IDENTITY[sdk=iphoneos*]" = "iPhone Developer";
				CODE_SIGN_STYLE = Automatic;
				COPY_PHASE_STRIP = NO;
				DEBUG_INFORMATION_FORMAT = "dwarf-with-dsym";
				DEVELOPMENT_TEAM = 9XUJ7M53NG;
				GCC_NO_COMMON_BLOCKS = YES;
				INFOPLIST_FILE = "Valet iOS Test Host App/Info.plist";
				LD_RUNPATH_SEARCH_PATHS = "$(inherited) @executable_path/Frameworks";
				PRODUCT_BUNDLE_IDENTIFIER = "com.squareup.Valet-iOS-Test-Host-App";
				PRODUCT_NAME = "$(TARGET_NAME)";
				PROVISIONING_PROFILE_SPECIFIER = "";
				SDKROOT = iphoneos;
				SWIFT_OPTIMIZATION_LEVEL = "-Owholemodule";
				SWIFT_VERSION = 4.0;
				TARGETED_DEVICE_FAMILY = "1,2";
			};
			name = Release;
		};
		EA1E1F951A8C46090067C991 /* Debug */ = {
			isa = XCBuildConfiguration;
			buildSettings = {
				ALWAYS_SEARCH_USER_PATHS = NO;
				CLANG_CXX_LANGUAGE_STANDARD = "gnu++0x";
				CLANG_CXX_LIBRARY = "libc++";
				CLANG_ENABLE_MODULES = YES;
				CLANG_ENABLE_OBJC_ARC = YES;
				CLANG_WARN_BLOCK_CAPTURE_AUTORELEASING = YES;
				CLANG_WARN_BOOL_CONVERSION = YES;
				CLANG_WARN_COMMA = YES;
				CLANG_WARN_CONSTANT_CONVERSION = YES;
				CLANG_WARN_DIRECT_OBJC_ISA_USAGE = YES_ERROR;
				CLANG_WARN_DOCUMENTATION_COMMENTS = YES;
				CLANG_WARN_EMPTY_BODY = YES;
				CLANG_WARN_ENUM_CONVERSION = YES;
				CLANG_WARN_INFINITE_RECURSION = YES;
				CLANG_WARN_INT_CONVERSION = YES;
				CLANG_WARN_NON_LITERAL_NULL_CONVERSION = YES;
				CLANG_WARN_OBJC_LITERAL_CONVERSION = YES;
				CLANG_WARN_OBJC_ROOT_CLASS = YES_ERROR;
				CLANG_WARN_RANGE_LOOP_ANALYSIS = YES;
				CLANG_WARN_STRICT_PROTOTYPES = YES;
				CLANG_WARN_SUSPICIOUS_MOVE = YES;
				CLANG_WARN_UNREACHABLE_CODE = YES;
				CLANG_WARN__DUPLICATE_METHOD_MATCH = YES;
				COPY_PHASE_STRIP = NO;
				ENABLE_STRICT_OBJC_MSGSEND = YES;
				ENABLE_TESTABILITY = YES;
				FRAMEWORK_SEARCH_PATHS = "$(SRCROOT)";
				GCC_C_LANGUAGE_STANDARD = gnu99;
				GCC_DYNAMIC_NO_PIC = NO;
				GCC_NO_COMMON_BLOCKS = YES;
				GCC_OPTIMIZATION_LEVEL = 0;
				GCC_PREPROCESSOR_DEFINITIONS = (
					"DEBUG=1",
					"$(inherited)",
				);
				GCC_SYMBOLS_PRIVATE_EXTERN = NO;
				GCC_WARN_64_TO_32_BIT_CONVERSION = YES;
				GCC_WARN_ABOUT_RETURN_TYPE = YES_ERROR;
				GCC_WARN_UNDECLARED_SELECTOR = YES;
				GCC_WARN_UNINITIALIZED_AUTOS = YES_AGGRESSIVE;
				GCC_WARN_UNUSED_FUNCTION = YES;
				GCC_WARN_UNUSED_VARIABLE = YES;
				IPHONEOS_DEPLOYMENT_TARGET = 9.0;
				MACOSX_DEPLOYMENT_TARGET = 10.11;
				MTL_ENABLE_DEBUG_INFO = YES;
				ONLY_ACTIVE_ARCH = YES;
				SWIFT_VERSION = 3.0;
			};
			name = Debug;
		};
		EA1E1F961A8C46090067C991 /* Release */ = {
			isa = XCBuildConfiguration;
			buildSettings = {
				ALWAYS_SEARCH_USER_PATHS = NO;
				CLANG_CXX_LANGUAGE_STANDARD = "gnu++0x";
				CLANG_CXX_LIBRARY = "libc++";
				CLANG_ENABLE_MODULES = YES;
				CLANG_ENABLE_OBJC_ARC = YES;
				CLANG_WARN_BLOCK_CAPTURE_AUTORELEASING = YES;
				CLANG_WARN_BOOL_CONVERSION = YES;
				CLANG_WARN_COMMA = YES;
				CLANG_WARN_CONSTANT_CONVERSION = YES;
				CLANG_WARN_DIRECT_OBJC_ISA_USAGE = YES_ERROR;
				CLANG_WARN_DOCUMENTATION_COMMENTS = YES;
				CLANG_WARN_EMPTY_BODY = YES;
				CLANG_WARN_ENUM_CONVERSION = YES;
				CLANG_WARN_INFINITE_RECURSION = YES;
				CLANG_WARN_INT_CONVERSION = YES;
				CLANG_WARN_NON_LITERAL_NULL_CONVERSION = YES;
				CLANG_WARN_OBJC_LITERAL_CONVERSION = YES;
				CLANG_WARN_OBJC_ROOT_CLASS = YES_ERROR;
				CLANG_WARN_RANGE_LOOP_ANALYSIS = YES;
				CLANG_WARN_STRICT_PROTOTYPES = YES;
				CLANG_WARN_SUSPICIOUS_MOVE = YES;
				CLANG_WARN_UNREACHABLE_CODE = YES;
				CLANG_WARN__DUPLICATE_METHOD_MATCH = YES;
				COPY_PHASE_STRIP = YES;
				ENABLE_NS_ASSERTIONS = NO;
				ENABLE_STRICT_OBJC_MSGSEND = YES;
				FRAMEWORK_SEARCH_PATHS = "$(SRCROOT)";
				GCC_C_LANGUAGE_STANDARD = gnu99;
				GCC_NO_COMMON_BLOCKS = YES;
				GCC_WARN_64_TO_32_BIT_CONVERSION = YES;
				GCC_WARN_ABOUT_RETURN_TYPE = YES_ERROR;
				GCC_WARN_UNDECLARED_SELECTOR = YES;
				GCC_WARN_UNINITIALIZED_AUTOS = YES_AGGRESSIVE;
				GCC_WARN_UNUSED_FUNCTION = YES;
				GCC_WARN_UNUSED_VARIABLE = YES;
				IPHONEOS_DEPLOYMENT_TARGET = 9.0;
				MACOSX_DEPLOYMENT_TARGET = 10.11;
				MTL_ENABLE_DEBUG_INFO = NO;
				SWIFT_OPTIMIZATION_LEVEL = "-Owholemodule";
				SWIFT_VERSION = 3.0;
				VALIDATE_PRODUCT = YES;
			};
			name = Release;
		};
		EA1E1F9B1A8C46090067C991 /* Debug */ = {
			isa = XCBuildConfiguration;
			buildSettings = {
				ALWAYS_EMBED_SWIFT_STANDARD_LIBRARIES = YES;
				CLANG_ENABLE_MODULES = YES;
				"CODE_SIGN_IDENTITY[sdk=iphoneos*]" = "iPhone Developer";
				DEVELOPMENT_TEAM = 9XUJ7M53NG;
				GCC_PREPROCESSOR_DEFINITIONS = (
					"DEBUG=1",
					"$(inherited)",
				);
				GCC_TREAT_WARNINGS_AS_ERRORS = YES;
				INFOPLIST_FILE = Tests/Info.plist;
				LD_RUNPATH_SEARCH_PATHS = "$(inherited) @executable_path/Frameworks @loader_path/Frameworks";
				PRODUCT_BUNDLE_IDENTIFIER = "com.squareup.$(PRODUCT_NAME:rfc1034identifier)";
				PRODUCT_NAME = "$(TARGET_NAME)";
				SDKROOT = iphoneos;
				SWIFT_OBJC_BRIDGING_HEADER = "Tests/ValetTests-Bridging-Header.h";
				SWIFT_OPTIMIZATION_LEVEL = "-Onone";
				SWIFT_VERSION = 4.0;
				TEST_HOST = "$(BUILT_PRODUCTS_DIR)/Valet iOS Test Host App.app/Valet iOS Test Host App";
			};
			name = Debug;
		};
		EA1E1F9C1A8C46090067C991 /* Release */ = {
			isa = XCBuildConfiguration;
			buildSettings = {
				ALWAYS_EMBED_SWIFT_STANDARD_LIBRARIES = YES;
				CLANG_ENABLE_MODULES = YES;
				"CODE_SIGN_IDENTITY[sdk=iphoneos*]" = "iPhone Developer";
				DEVELOPMENT_TEAM = 9XUJ7M53NG;
				GCC_TREAT_WARNINGS_AS_ERRORS = YES;
				INFOPLIST_FILE = Tests/Info.plist;
				LD_RUNPATH_SEARCH_PATHS = "$(inherited) @executable_path/Frameworks @loader_path/Frameworks";
				PRODUCT_BUNDLE_IDENTIFIER = "com.squareup.$(PRODUCT_NAME:rfc1034identifier)";
				PRODUCT_NAME = "$(TARGET_NAME)";
				SDKROOT = iphoneos;
				SWIFT_OBJC_BRIDGING_HEADER = "Tests/ValetTests-Bridging-Header.h";
				SWIFT_VERSION = 4.0;
				TEST_HOST = "$(BUILT_PRODUCTS_DIR)/Valet iOS Test Host App.app/Valet iOS Test Host App";
			};
			name = Release;
		};
		EAEAA8951B167A8700F7AA98 /* Debug */ = {
			isa = XCBuildConfiguration;
			buildSettings = {
				ALWAYS_EMBED_SWIFT_STANDARD_LIBRARIES = YES;
				CLANG_ENABLE_MODULES = YES;
				COMBINE_HIDPI_IMAGES = YES;
				DEBUG_INFORMATION_FORMAT = dwarf;
				FRAMEWORK_SEARCH_PATHS = (
					"$(DEVELOPER_FRAMEWORKS_DIR)",
					"$(inherited)",
				);
				GCC_NO_COMMON_BLOCKS = YES;
				GCC_PREPROCESSOR_DEFINITIONS = (
					"DEBUG=1",
					"$(inherited)",
				);
				GCC_TREAT_WARNINGS_AS_ERRORS = YES;
				INFOPLIST_FILE = Tests/Info.plist;
				LD_RUNPATH_SEARCH_PATHS = "$(inherited) @executable_path/../Frameworks @loader_path/../Frameworks";
				PRODUCT_BUNDLE_IDENTIFIER = "com.squareup.$(PRODUCT_NAME:rfc1034identifier)";
				PRODUCT_NAME = "$(TARGET_NAME)";
				SDKROOT = macosx;
				SWIFT_OBJC_BRIDGING_HEADER = "Tests/ValetTests-Bridging-Header.h";
				SWIFT_OPTIMIZATION_LEVEL = "-Onone";
				SWIFT_VERSION = 3.0;
			};
			name = Debug;
		};
		EAEAA8961B167A8700F7AA98 /* Release */ = {
			isa = XCBuildConfiguration;
			buildSettings = {
				ALWAYS_EMBED_SWIFT_STANDARD_LIBRARIES = YES;
				CLANG_ENABLE_MODULES = YES;
				COMBINE_HIDPI_IMAGES = YES;
				COPY_PHASE_STRIP = NO;
				DEBUG_INFORMATION_FORMAT = "dwarf-with-dsym";
				FRAMEWORK_SEARCH_PATHS = (
					"$(DEVELOPER_FRAMEWORKS_DIR)",
					"$(inherited)",
				);
				GCC_NO_COMMON_BLOCKS = YES;
				GCC_TREAT_WARNINGS_AS_ERRORS = YES;
				INFOPLIST_FILE = Tests/Info.plist;
				LD_RUNPATH_SEARCH_PATHS = "$(inherited) @executable_path/../Frameworks @loader_path/../Frameworks";
				PRODUCT_BUNDLE_IDENTIFIER = "com.squareup.$(PRODUCT_NAME:rfc1034identifier)";
				PRODUCT_NAME = "$(TARGET_NAME)";
				SDKROOT = macosx;
				SWIFT_OBJC_BRIDGING_HEADER = "Tests/ValetTests-Bridging-Header.h";
				SWIFT_VERSION = 3.0;
			};
			name = Release;
		};
		EAF894951B053E0700EDAD6C /* Debug */ = {
			isa = XCBuildConfiguration;
			buildSettings = {
				ALWAYS_EMBED_SWIFT_STANDARD_LIBRARIES = YES;
				ASSETCATALOG_COMPILER_APPICON_NAME = AppIcon;
				CLANG_ENABLE_MODULES = YES;
				"CODE_SIGN_IDENTITY[sdk=iphoneos*]" = "iPhone Developer";
				DEBUG_INFORMATION_FORMAT = "dwarf-with-dsym";
				DEVELOPMENT_TEAM = 9XUJ7M53NG;
				GCC_NO_COMMON_BLOCKS = YES;
				GCC_PREPROCESSOR_DEFINITIONS = (
					"DEBUG=1",
					"$(inherited)",
				);
				GCC_TREAT_WARNINGS_AS_ERRORS = YES;
				INFOPLIST_FILE = ValetTouchIDTest/Info.plist;
				LD_RUNPATH_SEARCH_PATHS = "$(inherited) @executable_path/Frameworks";
				PRODUCT_BUNDLE_IDENTIFIER = com.squareup.ValetTouchIDTestApp;
				PRODUCT_NAME = "$(TARGET_NAME)";
				SDKROOT = iphoneos;
				SWIFT_OBJC_BRIDGING_HEADER = "ValetTouchIDTest/ValetTouchIDTest-Bridging-Header.h";
				SWIFT_OPTIMIZATION_LEVEL = "-Onone";
				SWIFT_VERSION = 4.0;
			};
			name = Debug;
		};
		EAF894961B053E0700EDAD6C /* Release */ = {
			isa = XCBuildConfiguration;
			buildSettings = {
				ALWAYS_EMBED_SWIFT_STANDARD_LIBRARIES = YES;
				ASSETCATALOG_COMPILER_APPICON_NAME = AppIcon;
				CLANG_ENABLE_MODULES = YES;
				"CODE_SIGN_IDENTITY[sdk=iphoneos*]" = "iPhone Developer";
				COPY_PHASE_STRIP = NO;
				DEBUG_INFORMATION_FORMAT = "dwarf-with-dsym";
				DEVELOPMENT_TEAM = 9XUJ7M53NG;
				GCC_NO_COMMON_BLOCKS = YES;
				GCC_TREAT_WARNINGS_AS_ERRORS = YES;
				INFOPLIST_FILE = ValetTouchIDTest/Info.plist;
				LD_RUNPATH_SEARCH_PATHS = "$(inherited) @executable_path/Frameworks";
				PRODUCT_BUNDLE_IDENTIFIER = com.squareup.ValetTouchIDTestApp;
				PRODUCT_NAME = "$(TARGET_NAME)";
				SDKROOT = iphoneos;
				SWIFT_OBJC_BRIDGING_HEADER = "ValetTouchIDTest/ValetTouchIDTest-Bridging-Header.h";
				SWIFT_VERSION = 4.0;
			};
			name = Release;
		};
/* End XCBuildConfiguration section */

/* Begin XCConfigurationList section */
		16B585791F71DBE00038EE30 /* Build configuration list for PBXNativeTarget "Valet macOS Test Host App" */ = {
			isa = XCConfigurationList;
			buildConfigurations = (
				16B5857A1F71DBE00038EE30 /* Debug */,
				16B5857B1F71DBE00038EE30 /* Release */,
			);
			defaultConfigurationIsVisible = 0;
			defaultConfigurationName = Release;
		};
		26E682831BA8B3F900EFF4EA /* Build configuration list for PBXNativeTarget "Valet iOS" */ = {
			isa = XCConfigurationList;
			buildConfigurations = (
				26E682811BA8B3F900EFF4EA /* Debug */,
				26E682821BA8B3F900EFF4EA /* Release */,
			);
			defaultConfigurationIsVisible = 0;
			defaultConfigurationName = Release;
		};
		26E6828F1BA8B4B200EFF4EA /* Build configuration list for PBXNativeTarget "Valet Mac" */ = {
			isa = XCConfigurationList;
			buildConfigurations = (
				26E682901BA8B4B200EFF4EA /* Debug */,
				26E682911BA8B4B200EFF4EA /* Release */,
			);
			defaultConfigurationIsVisible = 0;
			defaultConfigurationName = Release;
		};
		371150B41E2962D8004A45D4 /* Build configuration list for PBXNativeTarget "Valet iOS Test Host App" */ = {
			isa = XCConfigurationList;
			buildConfigurations = (
				371150B51E2962D8004A45D4 /* Debug */,
				371150B61E2962D8004A45D4 /* Release */,
			);
			defaultConfigurationIsVisible = 0;
			defaultConfigurationName = Release;
		};
		EA1E1F7E1A8C46080067C991 /* Build configuration list for PBXProject "Valet" */ = {
			isa = XCConfigurationList;
			buildConfigurations = (
				EA1E1F951A8C46090067C991 /* Debug */,
				EA1E1F961A8C46090067C991 /* Release */,
			);
			defaultConfigurationIsVisible = 0;
			defaultConfigurationName = Release;
		};
		EA1E1F9A1A8C46090067C991 /* Build configuration list for PBXNativeTarget "Valet iOS Tests" */ = {
			isa = XCConfigurationList;
			buildConfigurations = (
				EA1E1F9B1A8C46090067C991 /* Debug */,
				EA1E1F9C1A8C46090067C991 /* Release */,
			);
			defaultConfigurationIsVisible = 0;
			defaultConfigurationName = Release;
		};
		EAEAA8981B167A8700F7AA98 /* Build configuration list for PBXNativeTarget "Valet Mac Tests" */ = {
			isa = XCConfigurationList;
			buildConfigurations = (
				EAEAA8951B167A8700F7AA98 /* Debug */,
				EAEAA8961B167A8700F7AA98 /* Release */,
			);
			defaultConfigurationIsVisible = 0;
			defaultConfigurationName = Release;
		};
		EAF894941B053E0700EDAD6C /* Build configuration list for PBXNativeTarget "ValetTouchIDTest" */ = {
			isa = XCConfigurationList;
			buildConfigurations = (
				EAF894951B053E0700EDAD6C /* Debug */,
				EAF894961B053E0700EDAD6C /* Release */,
			);
			defaultConfigurationIsVisible = 0;
			defaultConfigurationName = Release;
		};
/* End XCConfigurationList section */
	};
	rootObject = EA1E1F7B1A8C46080067C991 /* Project object */;
}
